
Microsoft Visual Studio Solution File, Format Version 12.00
# Visual Studio Version 17
VisualStudioVersion = 17.6.33829.357
MinimumVisualStudioVersion = 10.0.40219.1
Project("{9A19103F-16F7-4668-BE54-9A1E7A4F7556}") = "WebSOPApp", "WebSOPApp\WebSOPApp.csproj", "{BA211D8F-0BD4-4A47-AA1B-4867696F8139}"
EndProject
Project("{2150E333-8FDC-42A3-9474-1A3956D46DE8}") = "PresentationLayer", "PresentationLayer", "{F992775F-E59F-49E5-AA7F-A693F25C8DAA}"
EndProject
Project("{2150E333-8FDC-42A3-9474-1A3956D46DE8}") = "BusinessLogicLayer", "BusinessLogicLayer", "{02D3B6EF-91DD-4665-92D8-B613842268DD}"
EndProject
Project("{2150E333-8FDC-42A3-9474-1A3956D46DE8}") = "Common", "Common", "{35A843C8-3144-4469-B8E2-7D8A862A56FB}"
EndProject
Project("{2150E333-8FDC-42A3-9474-1A3956D46DE8}") = "DataAccessLayer", "DataAccessLayer", "{381DED71-0023-4759-82AB-8D5694B04C64}"
EndProject
Project("{9A19103F-16F7-4668-BE54-9A1E7A4F7556}") = "dnsSopID", "..\..\DNS\dnsSopID\dnsSopID.csproj", "{D4DAA4F1-3317-4E1E-8A27-08CD2786FD00}"
EndProject
Project("{9A19103F-16F7-4668-BE54-9A1E7A4F7556}") = "dnsSMS", "..\..\DNS\dnsSMS\dnsSMS\dnsSMS.csproj", "{35554A08-BE20-43D1-89D5-21227517D580}"
EndProject
Project("{9A19103F-16F7-4668-BE54-9A1E7A4F7556}") = "dnsEmail", "..\..\DNS\dnsEmail\dnsEmail\dnsEmail.csproj", "{243718BA-E02A-495F-A6ED-AEE75420976C}"
EndProject
Project("{9A19103F-16F7-4668-BE54-9A1E7A4F7556}") = "dnsData", "..\..\DNS\dnsData\dnsData.csproj", "{07737CC2-2023-416F-9072-CF098E1AEA81}"
EndProject
Project("{9A19103F-16F7-4668-BE54-9A1E7A4F7556}") = "dnsCommunicateSopServer", "..\..\DNS\dnsCommunicateSopServer\dnsCommunicateSopServer.csproj", "{A90FF811-1361-414D-AD63-EE386D0D2FAD}"
EndProject
Project("{9A19103F-16F7-4668-BE54-9A1E7A4F7556}") = "dnsDBUtil", "..\..\..\..\esdk\workspace\DNS_DBUtil\DNS_DBUtil\dnsDBUtil.csproj", "{EB5EB39B-B9BD-426F-91CA-EA9F1D387968}"
EndProject
Project("{9A19103F-16F7-4668-BE54-9A1E7A4F7556}") = "dnsGeometry", "..\..\..\..\esdk\workspace\dnsGeometry\dnsGeometry\dnsGeometry.csproj", "{4D89D9C5-BDEC-48B6-AEB6-67C14C74E573}"
EndProject
Project("{9A19103F-16F7-4668-BE54-9A1E7A4F7556}") = "Common.BLL", "..\..\Common\Common.BLL\Common.BLL.csproj", "{EBB85139-29C6-43B3-86E4-DB769905BDB0}"
EndProject
Project("{9A19103F-16F7-4668-BE54-9A1E7A4F7556}") = "Dashboard.BLL", "..\..\Dashboard\Dashboard.BLL\Dashboard.BLL.csproj", "{71585CA9-2C7B-49F5-88BD-819FF07E044F}"
EndProject
Project("{9A19103F-16F7-4668-BE54-9A1E7A4F7556}") = "History.BLL", "..\..\History\History.BLL\History.BLL.csproj", "{77439AED-2E9F-4676-8ECC-385AAE06B33E}"
EndProject
Project("{9A19103F-16F7-4668-BE54-9A1E7A4F7556}") = "SDMS.BLL", "..\..\SDMS\SDMS.BLL\SDMS.BLL.csproj", "{F8D63C02-03B9-417D-AFAE-CF8DF4BFEFEC}"
EndProject
Project("{9A19103F-16F7-4668-BE54-9A1E7A4F7556}") = "SOPManager.BLL", "..\..\SOPManager\SOPManager.BLL\SOPManager.BLL.csproj", "{D2CEA4D0-9736-457F-8A9D-5D397C52FEF8}"
EndProject
Project("{9A19103F-16F7-4668-BE54-9A1E7A4F7556}") = "SOPSimulator.BLL", "..\..\SOPSimulator\SOPSimulator.BLL\SOPSimulator.BLL.csproj", "{35E4DF0D-B4C5-40D5-8003-71072CF438E1}"
EndProject
Project("{9A19103F-16F7-4668-BE54-9A1E7A4F7556}") = "TeamEditor.BLL", "..\..\TeamEditor\TeamEditor.BLL\TeamEditor.BLL.csproj", "{18798533-0171-449D-B8AB-215937477904}"
EndProject
Project("{9A19103F-16F7-4668-BE54-9A1E7A4F7556}") = "Weather.BLL", "..\..\Weather\Weather.BLL\Weather.BLL.csproj", "{DEDC5F4F-4B10-48E5-967C-741016FF8FF4}"
EndProject
Project("{9A19103F-16F7-4668-BE54-9A1E7A4F7556}") = "Common.Model", "..\..\Common\Common.Model\Common.Model.csproj", "{D26305CE-6C0C-45D8-83E9-C9519D4D258A}"
EndProject
Project("{9A19103F-16F7-4668-BE54-9A1E7A4F7556}") = "Dashboard.Model", "..\..\Dashboard\Dashboard.Model\Dashboard.Model.csproj", "{1595641A-3076-4CE6-A9E8-7410810AAECE}"
EndProject
Project("{9A19103F-16F7-4668-BE54-9A1E7A4F7556}") = "SDMS.Model", "..\..\SDMS\SDMS.Model\SDMS.Model.csproj", "{0F0E8F51-D2C9-4D4C-B18D-94EF0FA7FCDF}"
EndProject
Project("{9A19103F-16F7-4668-BE54-9A1E7A4F7556}") = "SOPManager.Model", "..\..\SOPManager\SOPManager.Model\SOPManager.Model.csproj", "{CE64F12D-C35F-4E88-B8F9-A62275BF4A61}"
EndProject
Project("{9A19103F-16F7-4668-BE54-9A1E7A4F7556}") = "TeamEditor.Model", "..\..\TeamEditor\TeamEditor.Model\TeamEditor.Model.csproj", "{05F03BCD-142A-42A7-9594-58C240565707}"
EndProject
Project("{9A19103F-16F7-4668-BE54-9A1E7A4F7556}") = "Weather.Model", "..\..\Weather\Weather.Model\Weather.Model.csproj", "{9B5C93C5-09FB-480F-A09A-A2B73AE0E19B}"
EndProject
Project("{9A19103F-16F7-4668-BE54-9A1E7A4F7556}") = "Weather.DAL", "..\..\Weather\Weather.DAL\Weather.DAL.csproj", "{A435FF4D-5B37-4A68-90AE-1752D7454304}"
EndProject
Project("{9A19103F-16F7-4668-BE54-9A1E7A4F7556}") = "Weather.IDAL", "..\..\Weather\Weather.IDAL\Weather.IDAL.csproj", "{68A96E86-9C8B-4FAC-B8F8-6C75A2FCF86E}"
EndProject
Project("{9A19103F-16F7-4668-BE54-9A1E7A4F7556}") = "Common.IDAL", "..\..\Common\Common.IDAL\Common.IDAL.csproj", "{CF6CC7F5-8B26-4C2F-BF87-BDC67CFC4C80}"
EndProject
Project("{9A19103F-16F7-4668-BE54-9A1E7A4F7556}") = "Common.DAL", "..\..\Common\Common.DAL\Common.DAL.csproj", "{FE25B08C-41D4-4BBE-8821-BCC9BC251DC9}"
EndProject
Project("{9A19103F-16F7-4668-BE54-9A1E7A4F7556}") = "Dashboard.DAL", "..\..\Dashboard\Dashboard.DAL\Dashboard.DAL.csproj", "{AB4B1996-3830-496A-81A4-00E770C942CD}"
EndProject
Project("{9A19103F-16F7-4668-BE54-9A1E7A4F7556}") = "Dashboard.IDAL", "..\..\Dashboard\Dashboard.IDAL\Dashboard.IDAL.csproj", "{8293F841-D039-4DAC-8CB0-0F8540606ABB}"
EndProject
Project("{9A19103F-16F7-4668-BE54-9A1E7A4F7556}") = "SDMS.DAL", "..\..\SDMS\SDMS.DAL\SDMS.DAL.csproj", "{AE206C7B-5275-4F7F-8608-F1CFC1393785}"
EndProject
Project("{9A19103F-16F7-4668-BE54-9A1E7A4F7556}") = "SDMS.IDAL", "..\..\SDMS\SDMS.IDAL\SDMS.IDAL.csproj", "{418A4614-F322-43CA-AA6F-B906329FBCE7}"
EndProject
Project("{9A19103F-16F7-4668-BE54-9A1E7A4F7556}") = "SOPManager.IDAL", "..\..\SOPManager\SOPManager.IDAL\SOPManager.IDAL.csproj", "{F56F1117-5AAE-401A-80D5-17836C1D82B7}"
EndProject
Project("{9A19103F-16F7-4668-BE54-9A1E7A4F7556}") = "SOPManager.DAL", "..\..\SOPManager\SOPManager.DAL\SOPManager.DAL.csproj", "{481A27F0-C0E8-4ACF-9517-5855DB000645}"
EndProject
Project("{9A19103F-16F7-4668-BE54-9A1E7A4F7556}") = "SOPSimulator.IDAL", "..\..\SOPSimulator\SOPSimulator.IDAL\SOPSimulator.IDAL.csproj", "{B1366679-E56E-44FB-9C66-FC0AB938CD45}"
EndProject
Project("{9A19103F-16F7-4668-BE54-9A1E7A4F7556}") = "SOPSimulator.DAL", "..\..\SOPSimulator\SOPSimulator.DAL\SOPSimulator.DAL.csproj", "{4A1DE05C-2D60-458E-A56E-BA09C555BBA7}"
EndProject
Project("{9A19103F-16F7-4668-BE54-9A1E7A4F7556}") = "dnsDapperDBUtil", "..\..\..\..\esdk\workspace\dnsDapperDBUtil\dnsDapperDBUtil\dnsDapperDBUtil.csproj", "{6FA9FF18-8F2B-4128-BD9D-DD1EA3D5D1E2}"
EndProject
Project("{9A19103F-16F7-4668-BE54-9A1E7A4F7556}") = "BusanTP.Model", "..\BusanTP.Model\BusanTP.Model.csproj", "{4CE51F4D-A55E-4078-BB9E-EC58FB896F59}"
EndProject
Project("{9A19103F-16F7-4668-BE54-9A1E7A4F7556}") = "BusanTP.IDAL", "..\BusanTP.IDAL\BusanTP.IDAL.csproj", "{D69B8620-07B0-47D2-AD00-0BE31991CA0D}"
EndProject
Project("{9A19103F-16F7-4668-BE54-9A1E7A4F7556}") = "BusanTP.DAL", "..\BusanTP.DAL\BusanTP.DAL.csproj", "{64CA7D97-B104-47BF-8C6A-60BE64B32A23}"
EndProject
Project("{9A19103F-16F7-4668-BE54-9A1E7A4F7556}") = "BusanTP.BLL", "..\BusanTP.BLL\BusanTP.BLL.csproj", "{88CA8FD5-0B9F-4D43-8873-BBF6EA8FF7B6}"
EndProject
Project("{9A19103F-16F7-4668-BE54-9A1E7A4F7556}") = "History.IBLL", "..\..\History\History.IBLL\History.IBLL.csproj", "{E0DE0FC6-09C6-4C24-B2BC-C6038FC10F50}"
EndProject
Global
	GlobalSection(SolutionConfigurationPlatforms) = preSolution
		Debug|Any CPU = Debug|Any CPU
		Release_Kakao|Any CPU = Release_Kakao|Any CPU
		Release_Kakaowork|Any CPU = Release_Kakaowork|Any CPU
		Release_SKT_MCS|Any CPU = Release_SKT_MCS|Any CPU
		Release_Soulbrain_MCS|Any CPU = Release_Soulbrain_MCS|Any CPU
		Release_Soulbrain|Any CPU = Release_Soulbrain|Any CPU
		Release_UNE_MCS|Any CPU = Release_UNE_MCS|Any CPU
		Release_UnEInternal|Any CPU = Release_UnEInternal|Any CPU
		Release_Wonikqnc|Any CPU = Release_Wonikqnc|Any CPU
		Release|Any CPU = Release|Any CPU
	EndGlobalSection
	GlobalSection(ProjectConfigurationPlatforms) = postSolution
		{BA211D8F-0BD4-4A47-AA1B-4867696F8139}.Debug|Any CPU.ActiveCfg = Debug|Any CPU
		{BA211D8F-0BD4-4A47-AA1B-4867696F8139}.Debug|Any CPU.Build.0 = Debug|Any CPU
		{BA211D8F-0BD4-4A47-AA1B-4867696F8139}.Release_Kakao|Any CPU.ActiveCfg = Release|Any CPU
		{BA211D8F-0BD4-4A47-AA1B-4867696F8139}.Release_Kakao|Any CPU.Build.0 = Release|Any CPU
		{BA211D8F-0BD4-4A47-AA1B-4867696F8139}.Release_Kakaowork|Any CPU.ActiveCfg = Release|Any CPU
		{BA211D8F-0BD4-4A47-AA1B-4867696F8139}.Release_Kakaowork|Any CPU.Build.0 = Release|Any CPU
		{BA211D8F-0BD4-4A47-AA1B-4867696F8139}.Release_SKT_MCS|Any CPU.ActiveCfg = Release|Any CPU
		{BA211D8F-0BD4-4A47-AA1B-4867696F8139}.Release_SKT_MCS|Any CPU.Build.0 = Release|Any CPU
		{BA211D8F-0BD4-4A47-AA1B-4867696F8139}.Release_Soulbrain_MCS|Any CPU.ActiveCfg = Release|Any CPU
		{BA211D8F-0BD4-4A47-AA1B-4867696F8139}.Release_Soulbrain_MCS|Any CPU.Build.0 = Release|Any CPU
		{BA211D8F-0BD4-4A47-AA1B-4867696F8139}.Release_Soulbrain|Any CPU.ActiveCfg = Release|Any CPU
		{BA211D8F-0BD4-4A47-AA1B-4867696F8139}.Release_Soulbrain|Any CPU.Build.0 = Release|Any CPU
		{BA211D8F-0BD4-4A47-AA1B-4867696F8139}.Release_UNE_MCS|Any CPU.ActiveCfg = Release|Any CPU
		{BA211D8F-0BD4-4A47-AA1B-4867696F8139}.Release_UNE_MCS|Any CPU.Build.0 = Release|Any CPU
		{BA211D8F-0BD4-4A47-AA1B-4867696F8139}.Release_UnEInternal|Any CPU.ActiveCfg = Release|Any CPU
		{BA211D8F-0BD4-4A47-AA1B-4867696F8139}.Release_UnEInternal|Any CPU.Build.0 = Release|Any CPU
		{BA211D8F-0BD4-4A47-AA1B-4867696F8139}.Release_Wonikqnc|Any CPU.ActiveCfg = Release|Any CPU
		{BA211D8F-0BD4-4A47-AA1B-4867696F8139}.Release_Wonikqnc|Any CPU.Build.0 = Release|Any CPU
		{BA211D8F-0BD4-4A47-AA1B-4867696F8139}.Release|Any CPU.ActiveCfg = Release|Any CPU
		{BA211D8F-0BD4-4A47-AA1B-4867696F8139}.Release|Any CPU.Build.0 = Release|Any CPU
		{D4DAA4F1-3317-4E1E-8A27-08CD2786FD00}.Debug|Any CPU.ActiveCfg = Debug|Any CPU
		{D4DAA4F1-3317-4E1E-8A27-08CD2786FD00}.Debug|Any CPU.Build.0 = Debug|Any CPU
		{D4DAA4F1-3317-4E1E-8A27-08CD2786FD00}.Release_Kakao|Any CPU.ActiveCfg = Release_Kakaowork|Any CPU
		{D4DAA4F1-3317-4E1E-8A27-08CD2786FD00}.Release_Kakao|Any CPU.Build.0 = Release_Kakaowork|Any CPU
		{D4DAA4F1-3317-4E1E-8A27-08CD2786FD00}.Release_Kakaowork|Any CPU.ActiveCfg = Release_Kakaowork|Any CPU
		{D4DAA4F1-3317-4E1E-8A27-08CD2786FD00}.Release_Kakaowork|Any CPU.Build.0 = Release_Kakaowork|Any CPU
		{D4DAA4F1-3317-4E1E-8A27-08CD2786FD00}.Release_SKT_MCS|Any CPU.ActiveCfg = Release_Kakaowork|Any CPU
		{D4DAA4F1-3317-4E1E-8A27-08CD2786FD00}.Release_SKT_MCS|Any CPU.Build.0 = Release_Kakaowork|Any CPU
		{D4DAA4F1-3317-4E1E-8A27-08CD2786FD00}.Release_Soulbrain_MCS|Any CPU.ActiveCfg = Release_Kakaowork|Any CPU
		{D4DAA4F1-3317-4E1E-8A27-08CD2786FD00}.Release_Soulbrain_MCS|Any CPU.Build.0 = Release_Kakaowork|Any CPU
		{D4DAA4F1-3317-4E1E-8A27-08CD2786FD00}.Release_Soulbrain|Any CPU.ActiveCfg = Release_Kakaowork|Any CPU
		{D4DAA4F1-3317-4E1E-8A27-08CD2786FD00}.Release_Soulbrain|Any CPU.Build.0 = Release_Kakaowork|Any CPU
		{D4DAA4F1-3317-4E1E-8A27-08CD2786FD00}.Release_UNE_MCS|Any CPU.ActiveCfg = Release_Kakaowork|Any CPU
		{D4DAA4F1-3317-4E1E-8A27-08CD2786FD00}.Release_UNE_MCS|Any CPU.Build.0 = Release_Kakaowork|Any CPU
		{D4DAA4F1-3317-4E1E-8A27-08CD2786FD00}.Release_UnEInternal|Any CPU.ActiveCfg = Release_Kakaowork|Any CPU
		{D4DAA4F1-3317-4E1E-8A27-08CD2786FD00}.Release_UnEInternal|Any CPU.Build.0 = Release_Kakaowork|Any CPU
		{D4DAA4F1-3317-4E1E-8A27-08CD2786FD00}.Release_Wonikqnc|Any CPU.ActiveCfg = Release_Kakaowork|Any CPU
		{D4DAA4F1-3317-4E1E-8A27-08CD2786FD00}.Release_Wonikqnc|Any CPU.Build.0 = Release_Kakaowork|Any CPU
		{D4DAA4F1-3317-4E1E-8A27-08CD2786FD00}.Release|Any CPU.ActiveCfg = Release|Any CPU
		{D4DAA4F1-3317-4E1E-8A27-08CD2786FD00}.Release|Any CPU.Build.0 = Release|Any CPU
		{35554A08-BE20-43D1-89D5-21227517D580}.Debug|Any CPU.ActiveCfg = Debug|Any CPU
		{35554A08-BE20-43D1-89D5-21227517D580}.Debug|Any CPU.Build.0 = Debug|Any CPU
		{35554A08-BE20-43D1-89D5-21227517D580}.Release_Kakao|Any CPU.ActiveCfg = Release_Kakao|Any CPU
		{35554A08-BE20-43D1-89D5-21227517D580}.Release_Kakao|Any CPU.Build.0 = Release_Kakao|Any CPU
		{35554A08-BE20-43D1-89D5-21227517D580}.Release_Kakaowork|Any CPU.ActiveCfg = Release_Kakaowork|Any CPU
		{35554A08-BE20-43D1-89D5-21227517D580}.Release_Kakaowork|Any CPU.Build.0 = Release_Kakaowork|Any CPU
		{35554A08-BE20-43D1-89D5-21227517D580}.Release_SKT_MCS|Any CPU.ActiveCfg = Release_SKT_MCS|Any CPU
		{35554A08-BE20-43D1-89D5-21227517D580}.Release_SKT_MCS|Any CPU.Build.0 = Release_SKT_MCS|Any CPU
		{35554A08-BE20-43D1-89D5-21227517D580}.Release_Soulbrain_MCS|Any CPU.ActiveCfg = Release_Soulbrain_MCS|Any CPU
		{35554A08-BE20-43D1-89D5-21227517D580}.Release_Soulbrain_MCS|Any CPU.Build.0 = Release_Soulbrain_MCS|Any CPU
		{35554A08-BE20-43D1-89D5-21227517D580}.Release_Soulbrain|Any CPU.ActiveCfg = Release_Soulbrain_MCS|Any CPU
		{35554A08-BE20-43D1-89D5-21227517D580}.Release_Soulbrain|Any CPU.Build.0 = Release_Soulbrain_MCS|Any CPU
		{35554A08-BE20-43D1-89D5-21227517D580}.Release_UNE_MCS|Any CPU.ActiveCfg = Release_UNE_MCS|Any CPU
		{35554A08-BE20-43D1-89D5-21227517D580}.Release_UNE_MCS|Any CPU.Build.0 = Release_UNE_MCS|Any CPU
		{35554A08-BE20-43D1-89D5-21227517D580}.Release_UnEInternal|Any CPU.ActiveCfg = Release_Soulbrain_MCS|Any CPU
		{35554A08-BE20-43D1-89D5-21227517D580}.Release_UnEInternal|Any CPU.Build.0 = Release_Soulbrain_MCS|Any CPU
		{35554A08-BE20-43D1-89D5-21227517D580}.Release_Wonikqnc|Any CPU.ActiveCfg = Release_Soulbrain_MCS|Any CPU
		{35554A08-BE20-43D1-89D5-21227517D580}.Release_Wonikqnc|Any CPU.Build.0 = Release_Soulbrain_MCS|Any CPU
		{35554A08-BE20-43D1-89D5-21227517D580}.Release|Any CPU.ActiveCfg = Release|Any CPU
		{35554A08-BE20-43D1-89D5-21227517D580}.Release|Any CPU.Build.0 = Release|Any CPU
		{243718BA-E02A-495F-A6ED-AEE75420976C}.Debug|Any CPU.ActiveCfg = Debug|Any CPU
		{243718BA-E02A-495F-A6ED-AEE75420976C}.Debug|Any CPU.Build.0 = Debug|Any CPU
		{243718BA-E02A-495F-A6ED-AEE75420976C}.Release_Kakao|Any CPU.ActiveCfg = Release_Soulbrain|Any CPU
		{243718BA-E02A-495F-A6ED-AEE75420976C}.Release_Kakao|Any CPU.Build.0 = Release_Soulbrain|Any CPU
		{243718BA-E02A-495F-A6ED-AEE75420976C}.Release_Kakaowork|Any CPU.ActiveCfg = Release_Kakaowork|Any CPU
		{243718BA-E02A-495F-A6ED-AEE75420976C}.Release_Kakaowork|Any CPU.Build.0 = Release_Kakaowork|Any CPU
		{243718BA-E02A-495F-A6ED-AEE75420976C}.Release_SKT_MCS|Any CPU.ActiveCfg = Release_Soulbrain|Any CPU
		{243718BA-E02A-495F-A6ED-AEE75420976C}.Release_SKT_MCS|Any CPU.Build.0 = Release_Soulbrain|Any CPU
		{243718BA-E02A-495F-A6ED-AEE75420976C}.Release_Soulbrain_MCS|Any CPU.ActiveCfg = Release_UnEInternal|Any CPU
		{243718BA-E02A-495F-A6ED-AEE75420976C}.Release_Soulbrain_MCS|Any CPU.Build.0 = Release_UnEInternal|Any CPU
		{243718BA-E02A-495F-A6ED-AEE75420976C}.Release_Soulbrain|Any CPU.ActiveCfg = Release_Soulbrain|Any CPU
		{243718BA-E02A-495F-A6ED-AEE75420976C}.Release_Soulbrain|Any CPU.Build.0 = Release_Soulbrain|Any CPU
		{243718BA-E02A-495F-A6ED-AEE75420976C}.Release_UNE_MCS|Any CPU.ActiveCfg = Release_Soulbrain|Any CPU
		{243718BA-E02A-495F-A6ED-AEE75420976C}.Release_UNE_MCS|Any CPU.Build.0 = Release_Soulbrain|Any CPU
		{243718BA-E02A-495F-A6ED-AEE75420976C}.Release_UnEInternal|Any CPU.ActiveCfg = Release_UnEInternal|Any CPU
		{243718BA-E02A-495F-A6ED-AEE75420976C}.Release_UnEInternal|Any CPU.Build.0 = Release_UnEInternal|Any CPU
		{243718BA-E02A-495F-A6ED-AEE75420976C}.Release_Wonikqnc|Any CPU.ActiveCfg = Release_Wonikqnc|Any CPU
		{243718BA-E02A-495F-A6ED-AEE75420976C}.Release_Wonikqnc|Any CPU.Build.0 = Release_Wonikqnc|Any CPU
		{243718BA-E02A-495F-A6ED-AEE75420976C}.Release|Any CPU.ActiveCfg = Release|Any CPU
		{243718BA-E02A-495F-A6ED-AEE75420976C}.Release|Any CPU.Build.0 = Release|Any CPU
		{07737CC2-2023-416F-9072-CF098E1AEA81}.Debug|Any CPU.ActiveCfg = Debug|Any CPU
		{07737CC2-2023-416F-9072-CF098E1AEA81}.Debug|Any CPU.Build.0 = Debug|Any CPU
		{07737CC2-2023-416F-9072-CF098E1AEA81}.Release_Kakao|Any CPU.ActiveCfg = Release_Kakaowork|Any CPU
		{07737CC2-2023-416F-9072-CF098E1AEA81}.Release_Kakao|Any CPU.Build.0 = Release_Kakaowork|Any CPU
		{07737CC2-2023-416F-9072-CF098E1AEA81}.Release_Kakaowork|Any CPU.ActiveCfg = Release_Kakaowork|Any CPU
		{07737CC2-2023-416F-9072-CF098E1AEA81}.Release_Kakaowork|Any CPU.Build.0 = Release_Kakaowork|Any CPU
		{07737CC2-2023-416F-9072-CF098E1AEA81}.Release_SKT_MCS|Any CPU.ActiveCfg = Release_Kakaowork|Any CPU
		{07737CC2-2023-416F-9072-CF098E1AEA81}.Release_SKT_MCS|Any CPU.Build.0 = Release_Kakaowork|Any CPU
		{07737CC2-2023-416F-9072-CF098E1AEA81}.Release_Soulbrain_MCS|Any CPU.ActiveCfg = Release_Kakaowork|Any CPU
		{07737CC2-2023-416F-9072-CF098E1AEA81}.Release_Soulbrain_MCS|Any CPU.Build.0 = Release_Kakaowork|Any CPU
		{07737CC2-2023-416F-9072-CF098E1AEA81}.Release_Soulbrain|Any CPU.ActiveCfg = Release_Kakaowork|Any CPU
		{07737CC2-2023-416F-9072-CF098E1AEA81}.Release_Soulbrain|Any CPU.Build.0 = Release_Kakaowork|Any CPU
		{07737CC2-2023-416F-9072-CF098E1AEA81}.Release_UNE_MCS|Any CPU.ActiveCfg = Release_Kakaowork|Any CPU
		{07737CC2-2023-416F-9072-CF098E1AEA81}.Release_UNE_MCS|Any CPU.Build.0 = Release_Kakaowork|Any CPU
		{07737CC2-2023-416F-9072-CF098E1AEA81}.Release_UnEInternal|Any CPU.ActiveCfg = Release_Kakaowork|Any CPU
		{07737CC2-2023-416F-9072-CF098E1AEA81}.Release_UnEInternal|Any CPU.Build.0 = Release_Kakaowork|Any CPU
		{07737CC2-2023-416F-9072-CF098E1AEA81}.Release_Wonikqnc|Any CPU.ActiveCfg = Release_Kakaowork|Any CPU
		{07737CC2-2023-416F-9072-CF098E1AEA81}.Release_Wonikqnc|Any CPU.Build.0 = Release_Kakaowork|Any CPU
		{07737CC2-2023-416F-9072-CF098E1AEA81}.Release|Any CPU.ActiveCfg = Release|Any CPU
		{07737CC2-2023-416F-9072-CF098E1AEA81}.Release|Any CPU.Build.0 = Release|Any CPU
		{A90FF811-1361-414D-AD63-EE386D0D2FAD}.Debug|Any CPU.ActiveCfg = Debug|Any CPU
		{A90FF811-1361-414D-AD63-EE386D0D2FAD}.Debug|Any CPU.Build.0 = Debug|Any CPU
		{A90FF811-1361-414D-AD63-EE386D0D2FAD}.Release_Kakao|Any CPU.ActiveCfg = Release_Kakaowork|Any CPU
		{A90FF811-1361-414D-AD63-EE386D0D2FAD}.Release_Kakao|Any CPU.Build.0 = Release_Kakaowork|Any CPU
		{A90FF811-1361-414D-AD63-EE386D0D2FAD}.Release_Kakaowork|Any CPU.ActiveCfg = Release_Kakaowork|Any CPU
		{A90FF811-1361-414D-AD63-EE386D0D2FAD}.Release_Kakaowork|Any CPU.Build.0 = Release_Kakaowork|Any CPU
		{A90FF811-1361-414D-AD63-EE386D0D2FAD}.Release_SKT_MCS|Any CPU.ActiveCfg = Release_Kakaowork|Any CPU
		{A90FF811-1361-414D-AD63-EE386D0D2FAD}.Release_SKT_MCS|Any CPU.Build.0 = Release_Kakaowork|Any CPU
		{A90FF811-1361-414D-AD63-EE386D0D2FAD}.Release_Soulbrain_MCS|Any CPU.ActiveCfg = Release_Kakaowork|Any CPU
		{A90FF811-1361-414D-AD63-EE386D0D2FAD}.Release_Soulbrain_MCS|Any CPU.Build.0 = Release_Kakaowork|Any CPU
		{A90FF811-1361-414D-AD63-EE386D0D2FAD}.Release_Soulbrain|Any CPU.ActiveCfg = Release_Kakaowork|Any CPU
		{A90FF811-1361-414D-AD63-EE386D0D2FAD}.Release_Soulbrain|Any CPU.Build.0 = Release_Kakaowork|Any CPU
		{A90FF811-1361-414D-AD63-EE386D0D2FAD}.Release_UNE_MCS|Any CPU.ActiveCfg = Release_Kakaowork|Any CPU
		{A90FF811-1361-414D-AD63-EE386D0D2FAD}.Release_UNE_MCS|Any CPU.Build.0 = Release_Kakaowork|Any CPU
		{A90FF811-1361-414D-AD63-EE386D0D2FAD}.Release_UnEInternal|Any CPU.ActiveCfg = Release_Kakaowork|Any CPU
		{A90FF811-1361-414D-AD63-EE386D0D2FAD}.Release_UnEInternal|Any CPU.Build.0 = Release_Kakaowork|Any CPU
		{A90FF811-1361-414D-AD63-EE386D0D2FAD}.Release_Wonikqnc|Any CPU.ActiveCfg = Release_Kakaowork|Any CPU
		{A90FF811-1361-414D-AD63-EE386D0D2FAD}.Release_Wonikqnc|Any CPU.Build.0 = Release_Kakaowork|Any CPU
		{A90FF811-1361-414D-AD63-EE386D0D2FAD}.Release|Any CPU.ActiveCfg = Release|Any CPU
		{A90FF811-1361-414D-AD63-EE386D0D2FAD}.Release|Any CPU.Build.0 = Release|Any CPU
		{EB5EB39B-B9BD-426F-91CA-EA9F1D387968}.Debug|Any CPU.ActiveCfg = Debug|Any CPU
		{EB5EB39B-B9BD-426F-91CA-EA9F1D387968}.Debug|Any CPU.Build.0 = Debug|Any CPU
		{EB5EB39B-B9BD-426F-91CA-EA9F1D387968}.Release_Kakao|Any CPU.ActiveCfg = Release_Kakaowork|Any CPU
		{EB5EB39B-B9BD-426F-91CA-EA9F1D387968}.Release_Kakao|Any CPU.Build.0 = Release_Kakaowork|Any CPU
		{EB5EB39B-B9BD-426F-91CA-EA9F1D387968}.Release_Kakaowork|Any CPU.ActiveCfg = Release_Kakaowork|Any CPU
		{EB5EB39B-B9BD-426F-91CA-EA9F1D387968}.Release_Kakaowork|Any CPU.Build.0 = Release_Kakaowork|Any CPU
		{EB5EB39B-B9BD-426F-91CA-EA9F1D387968}.Release_SKT_MCS|Any CPU.ActiveCfg = Release_Kakaowork|Any CPU
		{EB5EB39B-B9BD-426F-91CA-EA9F1D387968}.Release_SKT_MCS|Any CPU.Build.0 = Release_Kakaowork|Any CPU
		{EB5EB39B-B9BD-426F-91CA-EA9F1D387968}.Release_Soulbrain_MCS|Any CPU.ActiveCfg = Release_Kakaowork|Any CPU
		{EB5EB39B-B9BD-426F-91CA-EA9F1D387968}.Release_Soulbrain_MCS|Any CPU.Build.0 = Release_Kakaowork|Any CPU
		{EB5EB39B-B9BD-426F-91CA-EA9F1D387968}.Release_Soulbrain|Any CPU.ActiveCfg = Release_Kakaowork|Any CPU
		{EB5EB39B-B9BD-426F-91CA-EA9F1D387968}.Release_Soulbrain|Any CPU.Build.0 = Release_Kakaowork|Any CPU
		{EB5EB39B-B9BD-426F-91CA-EA9F1D387968}.Release_UNE_MCS|Any CPU.ActiveCfg = Release_Kakaowork|Any CPU
		{EB5EB39B-B9BD-426F-91CA-EA9F1D387968}.Release_UNE_MCS|Any CPU.Build.0 = Release_Kakaowork|Any CPU
		{EB5EB39B-B9BD-426F-91CA-EA9F1D387968}.Release_UnEInternal|Any CPU.ActiveCfg = Release_Kakaowork|Any CPU
		{EB5EB39B-B9BD-426F-91CA-EA9F1D387968}.Release_UnEInternal|Any CPU.Build.0 = Release_Kakaowork|Any CPU
		{EB5EB39B-B9BD-426F-91CA-EA9F1D387968}.Release_Wonikqnc|Any CPU.ActiveCfg = Release_Kakaowork|Any CPU
		{EB5EB39B-B9BD-426F-91CA-EA9F1D387968}.Release_Wonikqnc|Any CPU.Build.0 = Release_Kakaowork|Any CPU
		{EB5EB39B-B9BD-426F-91CA-EA9F1D387968}.Release|Any CPU.ActiveCfg = Release|Any CPU
		{EB5EB39B-B9BD-426F-91CA-EA9F1D387968}.Release|Any CPU.Build.0 = Release|Any CPU
		{4D89D9C5-BDEC-48B6-AEB6-67C14C74E573}.Debug|Any CPU.ActiveCfg = Debug|Any CPU
		{4D89D9C5-BDEC-48B6-AEB6-67C14C74E573}.Debug|Any CPU.Build.0 = Debug|Any CPU
		{4D89D9C5-BDEC-48B6-AEB6-67C14C74E573}.Release_Kakao|Any CPU.ActiveCfg = Release_Kakaowork|Any CPU
		{4D89D9C5-BDEC-48B6-AEB6-67C14C74E573}.Release_Kakao|Any CPU.Build.0 = Release_Kakaowork|Any CPU
		{4D89D9C5-BDEC-48B6-AEB6-67C14C74E573}.Release_Kakaowork|Any CPU.ActiveCfg = Release_Kakaowork|Any CPU
		{4D89D9C5-BDEC-48B6-AEB6-67C14C74E573}.Release_Kakaowork|Any CPU.Build.0 = Release_Kakaowork|Any CPU
		{4D89D9C5-BDEC-48B6-AEB6-67C14C74E573}.Release_SKT_MCS|Any CPU.ActiveCfg = Release_Kakaowork|Any CPU
		{4D89D9C5-BDEC-48B6-AEB6-67C14C74E573}.Release_SKT_MCS|Any CPU.Build.0 = Release_Kakaowork|Any CPU
		{4D89D9C5-BDEC-48B6-AEB6-67C14C74E573}.Release_Soulbrain_MCS|Any CPU.ActiveCfg = Release_Kakaowork|Any CPU
		{4D89D9C5-BDEC-48B6-AEB6-67C14C74E573}.Release_Soulbrain_MCS|Any CPU.Build.0 = Release_Kakaowork|Any CPU
		{4D89D9C5-BDEC-48B6-AEB6-67C14C74E573}.Release_Soulbrain|Any CPU.ActiveCfg = Release_Kakaowork|Any CPU
		{4D89D9C5-BDEC-48B6-AEB6-67C14C74E573}.Release_Soulbrain|Any CPU.Build.0 = Release_Kakaowork|Any CPU
		{4D89D9C5-BDEC-48B6-AEB6-67C14C74E573}.Release_UNE_MCS|Any CPU.ActiveCfg = Release_Kakaowork|Any CPU
		{4D89D9C5-BDEC-48B6-AEB6-67C14C74E573}.Release_UNE_MCS|Any CPU.Build.0 = Release_Kakaowork|Any CPU
		{4D89D9C5-BDEC-48B6-AEB6-67C14C74E573}.Release_UnEInternal|Any CPU.ActiveCfg = Release_Kakaowork|Any CPU
		{4D89D9C5-BDEC-48B6-AEB6-67C14C74E573}.Release_UnEInternal|Any CPU.Build.0 = Release_Kakaowork|Any CPU
		{4D89D9C5-BDEC-48B6-AEB6-67C14C74E573}.Release_Wonikqnc|Any CPU.ActiveCfg = Release_Kakaowork|Any CPU
		{4D89D9C5-BDEC-48B6-AEB6-67C14C74E573}.Release_Wonikqnc|Any CPU.Build.0 = Release_Kakaowork|Any CPU
		{4D89D9C5-BDEC-48B6-AEB6-67C14C74E573}.Release|Any CPU.ActiveCfg = Release|Any CPU
		{4D89D9C5-BDEC-48B6-AEB6-67C14C74E573}.Release|Any CPU.Build.0 = Release|Any CPU
		{EBB85139-29C6-43B3-86E4-DB769905BDB0}.Debug|Any CPU.ActiveCfg = Debug|Any CPU
		{EBB85139-29C6-43B3-86E4-DB769905BDB0}.Debug|Any CPU.Build.0 = Debug|Any CPU
		{EBB85139-29C6-43B3-86E4-DB769905BDB0}.Release_Kakao|Any CPU.ActiveCfg = Release|Any CPU
		{EBB85139-29C6-43B3-86E4-DB769905BDB0}.Release_Kakao|Any CPU.Build.0 = Release|Any CPU
		{EBB85139-29C6-43B3-86E4-DB769905BDB0}.Release_Kakaowork|Any CPU.ActiveCfg = Release|Any CPU
		{EBB85139-29C6-43B3-86E4-DB769905BDB0}.Release_Kakaowork|Any CPU.Build.0 = Release|Any CPU
		{EBB85139-29C6-43B3-86E4-DB769905BDB0}.Release_SKT_MCS|Any CPU.ActiveCfg = Release|Any CPU
		{EBB85139-29C6-43B3-86E4-DB769905BDB0}.Release_SKT_MCS|Any CPU.Build.0 = Release|Any CPU
		{EBB85139-29C6-43B3-86E4-DB769905BDB0}.Release_Soulbrain_MCS|Any CPU.ActiveCfg = Release|Any CPU
		{EBB85139-29C6-43B3-86E4-DB769905BDB0}.Release_Soulbrain_MCS|Any CPU.Build.0 = Release|Any CPU
		{EBB85139-29C6-43B3-86E4-DB769905BDB0}.Release_Soulbrain|Any CPU.ActiveCfg = Release|Any CPU
		{EBB85139-29C6-43B3-86E4-DB769905BDB0}.Release_Soulbrain|Any CPU.Build.0 = Release|Any CPU
		{EBB85139-29C6-43B3-86E4-DB769905BDB0}.Release_UNE_MCS|Any CPU.ActiveCfg = Release|Any CPU
		{EBB85139-29C6-43B3-86E4-DB769905BDB0}.Release_UNE_MCS|Any CPU.Build.0 = Release|Any CPU
		{EBB85139-29C6-43B3-86E4-DB769905BDB0}.Release_UnEInternal|Any CPU.ActiveCfg = Release|Any CPU
		{EBB85139-29C6-43B3-86E4-DB769905BDB0}.Release_UnEInternal|Any CPU.Build.0 = Release|Any CPU
		{EBB85139-29C6-43B3-86E4-DB769905BDB0}.Release_Wonikqnc|Any CPU.ActiveCfg = Release|Any CPU
		{EBB85139-29C6-43B3-86E4-DB769905BDB0}.Release_Wonikqnc|Any CPU.Build.0 = Release|Any CPU
		{EBB85139-29C6-43B3-86E4-DB769905BDB0}.Release|Any CPU.ActiveCfg = Release|Any CPU
		{EBB85139-29C6-43B3-86E4-DB769905BDB0}.Release|Any CPU.Build.0 = Release|Any CPU
		{71585CA9-2C7B-49F5-88BD-819FF07E044F}.Debug|Any CPU.ActiveCfg = Debug|Any CPU
		{71585CA9-2C7B-49F5-88BD-819FF07E044F}.Debug|Any CPU.Build.0 = Debug|Any CPU
		{71585CA9-2C7B-49F5-88BD-819FF07E044F}.Release_Kakao|Any CPU.ActiveCfg = Release|Any CPU
		{71585CA9-2C7B-49F5-88BD-819FF07E044F}.Release_Kakao|Any CPU.Build.0 = Release|Any CPU
		{71585CA9-2C7B-49F5-88BD-819FF07E044F}.Release_Kakaowork|Any CPU.ActiveCfg = Release|Any CPU
		{71585CA9-2C7B-49F5-88BD-819FF07E044F}.Release_Kakaowork|Any CPU.Build.0 = Release|Any CPU
		{71585CA9-2C7B-49F5-88BD-819FF07E044F}.Release_SKT_MCS|Any CPU.ActiveCfg = Release|Any CPU
		{71585CA9-2C7B-49F5-88BD-819FF07E044F}.Release_SKT_MCS|Any CPU.Build.0 = Release|Any CPU
		{71585CA9-2C7B-49F5-88BD-819FF07E044F}.Release_Soulbrain_MCS|Any CPU.ActiveCfg = Release|Any CPU
		{71585CA9-2C7B-49F5-88BD-819FF07E044F}.Release_Soulbrain_MCS|Any CPU.Build.0 = Release|Any CPU
		{71585CA9-2C7B-49F5-88BD-819FF07E044F}.Release_Soulbrain|Any CPU.ActiveCfg = Release|Any CPU
		{71585CA9-2C7B-49F5-88BD-819FF07E044F}.Release_Soulbrain|Any CPU.Build.0 = Release|Any CPU
		{71585CA9-2C7B-49F5-88BD-819FF07E044F}.Release_UNE_MCS|Any CPU.ActiveCfg = Release|Any CPU
		{71585CA9-2C7B-49F5-88BD-819FF07E044F}.Release_UNE_MCS|Any CPU.Build.0 = Release|Any CPU
		{71585CA9-2C7B-49F5-88BD-819FF07E044F}.Release_UnEInternal|Any CPU.ActiveCfg = Release|Any CPU
		{71585CA9-2C7B-49F5-88BD-819FF07E044F}.Release_UnEInternal|Any CPU.Build.0 = Release|Any CPU
		{71585CA9-2C7B-49F5-88BD-819FF07E044F}.Release_Wonikqnc|Any CPU.ActiveCfg = Release|Any CPU
		{71585CA9-2C7B-49F5-88BD-819FF07E044F}.Release_Wonikqnc|Any CPU.Build.0 = Release|Any CPU
		{71585CA9-2C7B-49F5-88BD-819FF07E044F}.Release|Any CPU.ActiveCfg = Release|Any CPU
		{71585CA9-2C7B-49F5-88BD-819FF07E044F}.Release|Any CPU.Build.0 = Release|Any CPU
		{77439AED-2E9F-4676-8ECC-385AAE06B33E}.Debug|Any CPU.ActiveCfg = Debug|Any CPU
		{77439AED-2E9F-4676-8ECC-385AAE06B33E}.Debug|Any CPU.Build.0 = Debug|Any CPU
		{77439AED-2E9F-4676-8ECC-385AAE06B33E}.Release_Kakao|Any CPU.ActiveCfg = Release_Kakaowork|Any CPU
		{77439AED-2E9F-4676-8ECC-385AAE06B33E}.Release_Kakao|Any CPU.Build.0 = Release_Kakaowork|Any CPU
		{77439AED-2E9F-4676-8ECC-385AAE06B33E}.Release_Kakaowork|Any CPU.ActiveCfg = Release_Kakaowork|Any CPU
		{77439AED-2E9F-4676-8ECC-385AAE06B33E}.Release_Kakaowork|Any CPU.Build.0 = Release_Kakaowork|Any CPU
		{77439AED-2E9F-4676-8ECC-385AAE06B33E}.Release_SKT_MCS|Any CPU.ActiveCfg = Release_Kakaowork|Any CPU
		{77439AED-2E9F-4676-8ECC-385AAE06B33E}.Release_SKT_MCS|Any CPU.Build.0 = Release_Kakaowork|Any CPU
		{77439AED-2E9F-4676-8ECC-385AAE06B33E}.Release_Soulbrain_MCS|Any CPU.ActiveCfg = Release_Kakaowork|Any CPU
		{77439AED-2E9F-4676-8ECC-385AAE06B33E}.Release_Soulbrain_MCS|Any CPU.Build.0 = Release_Kakaowork|Any CPU
		{77439AED-2E9F-4676-8ECC-385AAE06B33E}.Release_Soulbrain|Any CPU.ActiveCfg = Release_Kakaowork|Any CPU
		{77439AED-2E9F-4676-8ECC-385AAE06B33E}.Release_Soulbrain|Any CPU.Build.0 = Release_Kakaowork|Any CPU
		{77439AED-2E9F-4676-8ECC-385AAE06B33E}.Release_UNE_MCS|Any CPU.ActiveCfg = Release_Kakaowork|Any CPU
		{77439AED-2E9F-4676-8ECC-385AAE06B33E}.Release_UNE_MCS|Any CPU.Build.0 = Release_Kakaowork|Any CPU
		{77439AED-2E9F-4676-8ECC-385AAE06B33E}.Release_UnEInternal|Any CPU.ActiveCfg = Release_Kakaowork|Any CPU
		{77439AED-2E9F-4676-8ECC-385AAE06B33E}.Release_UnEInternal|Any CPU.Build.0 = Release_Kakaowork|Any CPU
		{77439AED-2E9F-4676-8ECC-385AAE06B33E}.Release_Wonikqnc|Any CPU.ActiveCfg = Release_Kakaowork|Any CPU
		{77439AED-2E9F-4676-8ECC-385AAE06B33E}.Release_Wonikqnc|Any CPU.Build.0 = Release_Kakaowork|Any CPU
		{77439AED-2E9F-4676-8ECC-385AAE06B33E}.Release|Any CPU.ActiveCfg = Release|Any CPU
		{77439AED-2E9F-4676-8ECC-385AAE06B33E}.Release|Any CPU.Build.0 = Release|Any CPU
		{F8D63C02-03B9-417D-AFAE-CF8DF4BFEFEC}.Debug|Any CPU.ActiveCfg = Debug|Any CPU
		{F8D63C02-03B9-417D-AFAE-CF8DF4BFEFEC}.Debug|Any CPU.Build.0 = Debug|Any CPU
		{F8D63C02-03B9-417D-AFAE-CF8DF4BFEFEC}.Release_Kakao|Any CPU.ActiveCfg = Release_Kakaowork|Any CPU
		{F8D63C02-03B9-417D-AFAE-CF8DF4BFEFEC}.Release_Kakao|Any CPU.Build.0 = Release_Kakaowork|Any CPU
		{F8D63C02-03B9-417D-AFAE-CF8DF4BFEFEC}.Release_Kakaowork|Any CPU.ActiveCfg = Release_Kakaowork|Any CPU
		{F8D63C02-03B9-417D-AFAE-CF8DF4BFEFEC}.Release_Kakaowork|Any CPU.Build.0 = Release_Kakaowork|Any CPU
		{F8D63C02-03B9-417D-AFAE-CF8DF4BFEFEC}.Release_SKT_MCS|Any CPU.ActiveCfg = Release_Kakaowork|Any CPU
		{F8D63C02-03B9-417D-AFAE-CF8DF4BFEFEC}.Release_SKT_MCS|Any CPU.Build.0 = Release_Kakaowork|Any CPU
		{F8D63C02-03B9-417D-AFAE-CF8DF4BFEFEC}.Release_Soulbrain_MCS|Any CPU.ActiveCfg = Release_Kakaowork|Any CPU
		{F8D63C02-03B9-417D-AFAE-CF8DF4BFEFEC}.Release_Soulbrain_MCS|Any CPU.Build.0 = Release_Kakaowork|Any CPU
		{F8D63C02-03B9-417D-AFAE-CF8DF4BFEFEC}.Release_Soulbrain|Any CPU.ActiveCfg = Release_Kakaowork|Any CPU
		{F8D63C02-03B9-417D-AFAE-CF8DF4BFEFEC}.Release_Soulbrain|Any CPU.Build.0 = Release_Kakaowork|Any CPU
		{F8D63C02-03B9-417D-AFAE-CF8DF4BFEFEC}.Release_UNE_MCS|Any CPU.ActiveCfg = Release_Kakaowork|Any CPU
		{F8D63C02-03B9-417D-AFAE-CF8DF4BFEFEC}.Release_UNE_MCS|Any CPU.Build.0 = Release_Kakaowork|Any CPU
		{F8D63C02-03B9-417D-AFAE-CF8DF4BFEFEC}.Release_UnEInternal|Any CPU.ActiveCfg = Release_Kakaowork|Any CPU
		{F8D63C02-03B9-417D-AFAE-CF8DF4BFEFEC}.Release_UnEInternal|Any CPU.Build.0 = Release_Kakaowork|Any CPU
		{F8D63C02-03B9-417D-AFAE-CF8DF4BFEFEC}.Release_Wonikqnc|Any CPU.ActiveCfg = Release_Kakaowork|Any CPU
		{F8D63C02-03B9-417D-AFAE-CF8DF4BFEFEC}.Release_Wonikqnc|Any CPU.Build.0 = Release_Kakaowork|Any CPU
		{F8D63C02-03B9-417D-AFAE-CF8DF4BFEFEC}.Release|Any CPU.ActiveCfg = Release|Any CPU
		{F8D63C02-03B9-417D-AFAE-CF8DF4BFEFEC}.Release|Any CPU.Build.0 = Release|Any CPU
		{D2CEA4D0-9736-457F-8A9D-5D397C52FEF8}.Debug|Any CPU.ActiveCfg = Debug|Any CPU
		{D2CEA4D0-9736-457F-8A9D-5D397C52FEF8}.Debug|Any CPU.Build.0 = Debug|Any CPU
		{D2CEA4D0-9736-457F-8A9D-5D397C52FEF8}.Release_Kakao|Any CPU.ActiveCfg = Release|Any CPU
		{D2CEA4D0-9736-457F-8A9D-5D397C52FEF8}.Release_Kakao|Any CPU.Build.0 = Release|Any CPU
		{D2CEA4D0-9736-457F-8A9D-5D397C52FEF8}.Release_Kakaowork|Any CPU.ActiveCfg = Release|Any CPU
		{D2CEA4D0-9736-457F-8A9D-5D397C52FEF8}.Release_Kakaowork|Any CPU.Build.0 = Release|Any CPU
		{D2CEA4D0-9736-457F-8A9D-5D397C52FEF8}.Release_SKT_MCS|Any CPU.ActiveCfg = Release|Any CPU
		{D2CEA4D0-9736-457F-8A9D-5D397C52FEF8}.Release_SKT_MCS|Any CPU.Build.0 = Release|Any CPU
		{D2CEA4D0-9736-457F-8A9D-5D397C52FEF8}.Release_Soulbrain_MCS|Any CPU.ActiveCfg = Release|Any CPU
		{D2CEA4D0-9736-457F-8A9D-5D397C52FEF8}.Release_Soulbrain_MCS|Any CPU.Build.0 = Release|Any CPU
		{D2CEA4D0-9736-457F-8A9D-5D397C52FEF8}.Release_Soulbrain|Any CPU.ActiveCfg = Release|Any CPU
		{D2CEA4D0-9736-457F-8A9D-5D397C52FEF8}.Release_Soulbrain|Any CPU.Build.0 = Release|Any CPU
		{D2CEA4D0-9736-457F-8A9D-5D397C52FEF8}.Release_UNE_MCS|Any CPU.ActiveCfg = Release|Any CPU
		{D2CEA4D0-9736-457F-8A9D-5D397C52FEF8}.Release_UNE_MCS|Any CPU.Build.0 = Release|Any CPU
		{D2CEA4D0-9736-457F-8A9D-5D397C52FEF8}.Release_UnEInternal|Any CPU.ActiveCfg = Release|Any CPU
		{D2CEA4D0-9736-457F-8A9D-5D397C52FEF8}.Release_UnEInternal|Any CPU.Build.0 = Release|Any CPU
		{D2CEA4D0-9736-457F-8A9D-5D397C52FEF8}.Release_Wonikqnc|Any CPU.ActiveCfg = Release|Any CPU
		{D2CEA4D0-9736-457F-8A9D-5D397C52FEF8}.Release_Wonikqnc|Any CPU.Build.0 = Release|Any CPU
		{D2CEA4D0-9736-457F-8A9D-5D397C52FEF8}.Release|Any CPU.ActiveCfg = Release|Any CPU
		{D2CEA4D0-9736-457F-8A9D-5D397C52FEF8}.Release|Any CPU.Build.0 = Release|Any CPU
		{35E4DF0D-B4C5-40D5-8003-71072CF438E1}.Debug|Any CPU.ActiveCfg = Debug|Any CPU
		{35E4DF0D-B4C5-40D5-8003-71072CF438E1}.Debug|Any CPU.Build.0 = Debug|Any CPU
		{35E4DF0D-B4C5-40D5-8003-71072CF438E1}.Release_Kakao|Any CPU.ActiveCfg = Release_Kakaowork|Any CPU
		{35E4DF0D-B4C5-40D5-8003-71072CF438E1}.Release_Kakao|Any CPU.Build.0 = Release_Kakaowork|Any CPU
		{35E4DF0D-B4C5-40D5-8003-71072CF438E1}.Release_Kakaowork|Any CPU.ActiveCfg = Release_Kakaowork|Any CPU
		{35E4DF0D-B4C5-40D5-8003-71072CF438E1}.Release_Kakaowork|Any CPU.Build.0 = Release_Kakaowork|Any CPU
		{35E4DF0D-B4C5-40D5-8003-71072CF438E1}.Release_SKT_MCS|Any CPU.ActiveCfg = Release_Kakaowork|Any CPU
		{35E4DF0D-B4C5-40D5-8003-71072CF438E1}.Release_SKT_MCS|Any CPU.Build.0 = Release_Kakaowork|Any CPU
		{35E4DF0D-B4C5-40D5-8003-71072CF438E1}.Release_Soulbrain_MCS|Any CPU.ActiveCfg = Release_Kakaowork|Any CPU
		{35E4DF0D-B4C5-40D5-8003-71072CF438E1}.Release_Soulbrain_MCS|Any CPU.Build.0 = Release_Kakaowork|Any CPU
		{35E4DF0D-B4C5-40D5-8003-71072CF438E1}.Release_Soulbrain|Any CPU.ActiveCfg = Release_Kakaowork|Any CPU
		{35E4DF0D-B4C5-40D5-8003-71072CF438E1}.Release_Soulbrain|Any CPU.Build.0 = Release_Kakaowork|Any CPU
		{35E4DF0D-B4C5-40D5-8003-71072CF438E1}.Release_UNE_MCS|Any CPU.ActiveCfg = Release_Kakaowork|Any CPU
		{35E4DF0D-B4C5-40D5-8003-71072CF438E1}.Release_UNE_MCS|Any CPU.Build.0 = Release_Kakaowork|Any CPU
		{35E4DF0D-B4C5-40D5-8003-71072CF438E1}.Release_UnEInternal|Any CPU.ActiveCfg = Release_Kakaowork|Any CPU
		{35E4DF0D-B4C5-40D5-8003-71072CF438E1}.Release_UnEInternal|Any CPU.Build.0 = Release_Kakaowork|Any CPU
		{35E4DF0D-B4C5-40D5-8003-71072CF438E1}.Release_Wonikqnc|Any CPU.ActiveCfg = Release_Kakaowork|Any CPU
		{35E4DF0D-B4C5-40D5-8003-71072CF438E1}.Release_Wonikqnc|Any CPU.Build.0 = Release_Kakaowork|Any CPU
		{35E4DF0D-B4C5-40D5-8003-71072CF438E1}.Release|Any CPU.ActiveCfg = Release|Any CPU
		{35E4DF0D-B4C5-40D5-8003-71072CF438E1}.Release|Any CPU.Build.0 = Release|Any CPU
		{18798533-0171-449D-B8AB-215937477904}.Debug|Any CPU.ActiveCfg = Debug|Any CPU
		{18798533-0171-449D-B8AB-215937477904}.Debug|Any CPU.Build.0 = Debug|Any CPU
		{18798533-0171-449D-B8AB-215937477904}.Release_Kakao|Any CPU.ActiveCfg = Release_Kakaowork|Any CPU
		{18798533-0171-449D-B8AB-215937477904}.Release_Kakao|Any CPU.Build.0 = Release_Kakaowork|Any CPU
		{18798533-0171-449D-B8AB-215937477904}.Release_Kakaowork|Any CPU.ActiveCfg = Release_Kakaowork|Any CPU
		{18798533-0171-449D-B8AB-215937477904}.Release_Kakaowork|Any CPU.Build.0 = Release_Kakaowork|Any CPU
		{18798533-0171-449D-B8AB-215937477904}.Release_SKT_MCS|Any CPU.ActiveCfg = Release_Kakaowork|Any CPU
		{18798533-0171-449D-B8AB-215937477904}.Release_SKT_MCS|Any CPU.Build.0 = Release_Kakaowork|Any CPU
		{18798533-0171-449D-B8AB-215937477904}.Release_Soulbrain_MCS|Any CPU.ActiveCfg = Release_Kakaowork|Any CPU
		{18798533-0171-449D-B8AB-215937477904}.Release_Soulbrain_MCS|Any CPU.Build.0 = Release_Kakaowork|Any CPU
		{18798533-0171-449D-B8AB-215937477904}.Release_Soulbrain|Any CPU.ActiveCfg = Release_Kakaowork|Any CPU
		{18798533-0171-449D-B8AB-215937477904}.Release_Soulbrain|Any CPU.Build.0 = Release_Kakaowork|Any CPU
		{18798533-0171-449D-B8AB-215937477904}.Release_UNE_MCS|Any CPU.ActiveCfg = Release_Kakaowork|Any CPU
		{18798533-0171-449D-B8AB-215937477904}.Release_UNE_MCS|Any CPU.Build.0 = Release_Kakaowork|Any CPU
		{18798533-0171-449D-B8AB-215937477904}.Release_UnEInternal|Any CPU.ActiveCfg = Release_Kakaowork|Any CPU
		{18798533-0171-449D-B8AB-215937477904}.Release_UnEInternal|Any CPU.Build.0 = Release_Kakaowork|Any CPU
		{18798533-0171-449D-B8AB-215937477904}.Release_Wonikqnc|Any CPU.ActiveCfg = Release_Kakaowork|Any CPU
		{18798533-0171-449D-B8AB-215937477904}.Release_Wonikqnc|Any CPU.Build.0 = Release_Kakaowork|Any CPU
		{18798533-0171-449D-B8AB-215937477904}.Release|Any CPU.ActiveCfg = Release|Any CPU
		{18798533-0171-449D-B8AB-215937477904}.Release|Any CPU.Build.0 = Release|Any CPU
		{DEDC5F4F-4B10-48E5-967C-741016FF8FF4}.Debug|Any CPU.ActiveCfg = Debug|Any CPU
		{DEDC5F4F-4B10-48E5-967C-741016FF8FF4}.Debug|Any CPU.Build.0 = Debug|Any CPU
		{DEDC5F4F-4B10-48E5-967C-741016FF8FF4}.Release_Kakao|Any CPU.ActiveCfg = Release_Kakaowork|Any CPU
		{DEDC5F4F-4B10-48E5-967C-741016FF8FF4}.Release_Kakao|Any CPU.Build.0 = Release_Kakaowork|Any CPU
		{DEDC5F4F-4B10-48E5-967C-741016FF8FF4}.Release_Kakaowork|Any CPU.ActiveCfg = Release_Kakaowork|Any CPU
		{DEDC5F4F-4B10-48E5-967C-741016FF8FF4}.Release_Kakaowork|Any CPU.Build.0 = Release_Kakaowork|Any CPU
		{DEDC5F4F-4B10-48E5-967C-741016FF8FF4}.Release_SKT_MCS|Any CPU.ActiveCfg = Release_Kakaowork|Any CPU
		{DEDC5F4F-4B10-48E5-967C-741016FF8FF4}.Release_SKT_MCS|Any CPU.Build.0 = Release_Kakaowork|Any CPU
		{DEDC5F4F-4B10-48E5-967C-741016FF8FF4}.Release_Soulbrain_MCS|Any CPU.ActiveCfg = Release_Kakaowork|Any CPU
		{DEDC5F4F-4B10-48E5-967C-741016FF8FF4}.Release_Soulbrain_MCS|Any CPU.Build.0 = Release_Kakaowork|Any CPU
		{DEDC5F4F-4B10-48E5-967C-741016FF8FF4}.Release_Soulbrain|Any CPU.ActiveCfg = Release_Kakaowork|Any CPU
		{DEDC5F4F-4B10-48E5-967C-741016FF8FF4}.Release_Soulbrain|Any CPU.Build.0 = Release_Kakaowork|Any CPU
		{DEDC5F4F-4B10-48E5-967C-741016FF8FF4}.Release_UNE_MCS|Any CPU.ActiveCfg = Release_Kakaowork|Any CPU
		{DEDC5F4F-4B10-48E5-967C-741016FF8FF4}.Release_UNE_MCS|Any CPU.Build.0 = Release_Kakaowork|Any CPU
		{DEDC5F4F-4B10-48E5-967C-741016FF8FF4}.Release_UnEInternal|Any CPU.ActiveCfg = Release_Kakaowork|Any CPU
		{DEDC5F4F-4B10-48E5-967C-741016FF8FF4}.Release_UnEInternal|Any CPU.Build.0 = Release_Kakaowork|Any CPU
		{DEDC5F4F-4B10-48E5-967C-741016FF8FF4}.Release_Wonikqnc|Any CPU.ActiveCfg = Release_Kakaowork|Any CPU
		{DEDC5F4F-4B10-48E5-967C-741016FF8FF4}.Release_Wonikqnc|Any CPU.Build.0 = Release_Kakaowork|Any CPU
		{DEDC5F4F-4B10-48E5-967C-741016FF8FF4}.Release|Any CPU.ActiveCfg = Release|Any CPU
		{DEDC5F4F-4B10-48E5-967C-741016FF8FF4}.Release|Any CPU.Build.0 = Release|Any CPU
		{D26305CE-6C0C-45D8-83E9-C9519D4D258A}.Debug|Any CPU.ActiveCfg = Debug|Any CPU
		{D26305CE-6C0C-45D8-83E9-C9519D4D258A}.Debug|Any CPU.Build.0 = Debug|Any CPU
		{D26305CE-6C0C-45D8-83E9-C9519D4D258A}.Release_Kakao|Any CPU.ActiveCfg = Release_Kakaowork|Any CPU
		{D26305CE-6C0C-45D8-83E9-C9519D4D258A}.Release_Kakao|Any CPU.Build.0 = Release_Kakaowork|Any CPU
		{D26305CE-6C0C-45D8-83E9-C9519D4D258A}.Release_Kakaowork|Any CPU.ActiveCfg = Release_Kakaowork|Any CPU
		{D26305CE-6C0C-45D8-83E9-C9519D4D258A}.Release_Kakaowork|Any CPU.Build.0 = Release_Kakaowork|Any CPU
		{D26305CE-6C0C-45D8-83E9-C9519D4D258A}.Release_SKT_MCS|Any CPU.ActiveCfg = Release_Kakaowork|Any CPU
		{D26305CE-6C0C-45D8-83E9-C9519D4D258A}.Release_SKT_MCS|Any CPU.Build.0 = Release_Kakaowork|Any CPU
		{D26305CE-6C0C-45D8-83E9-C9519D4D258A}.Release_Soulbrain_MCS|Any CPU.ActiveCfg = Release_Kakaowork|Any CPU
		{D26305CE-6C0C-45D8-83E9-C9519D4D258A}.Release_Soulbrain_MCS|Any CPU.Build.0 = Release_Kakaowork|Any CPU
		{D26305CE-6C0C-45D8-83E9-C9519D4D258A}.Release_Soulbrain|Any CPU.ActiveCfg = Release_Kakaowork|Any CPU
		{D26305CE-6C0C-45D8-83E9-C9519D4D258A}.Release_Soulbrain|Any CPU.Build.0 = Release_Kakaowork|Any CPU
		{D26305CE-6C0C-45D8-83E9-C9519D4D258A}.Release_UNE_MCS|Any CPU.ActiveCfg = Release_Kakaowork|Any CPU
		{D26305CE-6C0C-45D8-83E9-C9519D4D258A}.Release_UNE_MCS|Any CPU.Build.0 = Release_Kakaowork|Any CPU
		{D26305CE-6C0C-45D8-83E9-C9519D4D258A}.Release_UnEInternal|Any CPU.ActiveCfg = Release_Kakaowork|Any CPU
		{D26305CE-6C0C-45D8-83E9-C9519D4D258A}.Release_UnEInternal|Any CPU.Build.0 = Release_Kakaowork|Any CPU
		{D26305CE-6C0C-45D8-83E9-C9519D4D258A}.Release_Wonikqnc|Any CPU.ActiveCfg = Release_Kakaowork|Any CPU
		{D26305CE-6C0C-45D8-83E9-C9519D4D258A}.Release_Wonikqnc|Any CPU.Build.0 = Release_Kakaowork|Any CPU
		{D26305CE-6C0C-45D8-83E9-C9519D4D258A}.Release|Any CPU.ActiveCfg = Release|Any CPU
		{D26305CE-6C0C-45D8-83E9-C9519D4D258A}.Release|Any CPU.Build.0 = Release|Any CPU
		{1595641A-3076-4CE6-A9E8-7410810AAECE}.Debug|Any CPU.ActiveCfg = Debug|Any CPU
		{1595641A-3076-4CE6-A9E8-7410810AAECE}.Debug|Any CPU.Build.0 = Debug|Any CPU
		{1595641A-3076-4CE6-A9E8-7410810AAECE}.Release_Kakao|Any CPU.ActiveCfg = Release_Kakaowork|Any CPU
		{1595641A-3076-4CE6-A9E8-7410810AAECE}.Release_Kakao|Any CPU.Build.0 = Release_Kakaowork|Any CPU
		{1595641A-3076-4CE6-A9E8-7410810AAECE}.Release_Kakaowork|Any CPU.ActiveCfg = Release_Kakaowork|Any CPU
		{1595641A-3076-4CE6-A9E8-7410810AAECE}.Release_Kakaowork|Any CPU.Build.0 = Release_Kakaowork|Any CPU
		{1595641A-3076-4CE6-A9E8-7410810AAECE}.Release_SKT_MCS|Any CPU.ActiveCfg = Release_Kakaowork|Any CPU
		{1595641A-3076-4CE6-A9E8-7410810AAECE}.Release_SKT_MCS|Any CPU.Build.0 = Release_Kakaowork|Any CPU
		{1595641A-3076-4CE6-A9E8-7410810AAECE}.Release_Soulbrain_MCS|Any CPU.ActiveCfg = Release_Kakaowork|Any CPU
		{1595641A-3076-4CE6-A9E8-7410810AAECE}.Release_Soulbrain_MCS|Any CPU.Build.0 = Release_Kakaowork|Any CPU
		{1595641A-3076-4CE6-A9E8-7410810AAECE}.Release_Soulbrain|Any CPU.ActiveCfg = Release_Kakaowork|Any CPU
		{1595641A-3076-4CE6-A9E8-7410810AAECE}.Release_Soulbrain|Any CPU.Build.0 = Release_Kakaowork|Any CPU
		{1595641A-3076-4CE6-A9E8-7410810AAECE}.Release_UNE_MCS|Any CPU.ActiveCfg = Release_Kakaowork|Any CPU
		{1595641A-3076-4CE6-A9E8-7410810AAECE}.Release_UNE_MCS|Any CPU.Build.0 = Release_Kakaowork|Any CPU
		{1595641A-3076-4CE6-A9E8-7410810AAECE}.Release_UnEInternal|Any CPU.ActiveCfg = Release_Kakaowork|Any CPU
		{1595641A-3076-4CE6-A9E8-7410810AAECE}.Release_UnEInternal|Any CPU.Build.0 = Release_Kakaowork|Any CPU
		{1595641A-3076-4CE6-A9E8-7410810AAECE}.Release_Wonikqnc|Any CPU.ActiveCfg = Release_Kakaowork|Any CPU
		{1595641A-3076-4CE6-A9E8-7410810AAECE}.Release_Wonikqnc|Any CPU.Build.0 = Release_Kakaowork|Any CPU
		{1595641A-3076-4CE6-A9E8-7410810AAECE}.Release|Any CPU.ActiveCfg = Release|Any CPU
		{1595641A-3076-4CE6-A9E8-7410810AAECE}.Release|Any CPU.Build.0 = Release|Any CPU
		{0F0E8F51-D2C9-4D4C-B18D-94EF0FA7FCDF}.Debug|Any CPU.ActiveCfg = Debug|Any CPU
		{0F0E8F51-D2C9-4D4C-B18D-94EF0FA7FCDF}.Debug|Any CPU.Build.0 = Debug|Any CPU
		{0F0E8F51-D2C9-4D4C-B18D-94EF0FA7FCDF}.Release_Kakao|Any CPU.ActiveCfg = Release_Kakaowork|Any CPU
		{0F0E8F51-D2C9-4D4C-B18D-94EF0FA7FCDF}.Release_Kakao|Any CPU.Build.0 = Release_Kakaowork|Any CPU
		{0F0E8F51-D2C9-4D4C-B18D-94EF0FA7FCDF}.Release_Kakaowork|Any CPU.ActiveCfg = Release_Kakaowork|Any CPU
		{0F0E8F51-D2C9-4D4C-B18D-94EF0FA7FCDF}.Release_Kakaowork|Any CPU.Build.0 = Release_Kakaowork|Any CPU
		{0F0E8F51-D2C9-4D4C-B18D-94EF0FA7FCDF}.Release_SKT_MCS|Any CPU.ActiveCfg = Release_Kakaowork|Any CPU
		{0F0E8F51-D2C9-4D4C-B18D-94EF0FA7FCDF}.Release_SKT_MCS|Any CPU.Build.0 = Release_Kakaowork|Any CPU
		{0F0E8F51-D2C9-4D4C-B18D-94EF0FA7FCDF}.Release_Soulbrain_MCS|Any CPU.ActiveCfg = Release_Kakaowork|Any CPU
		{0F0E8F51-D2C9-4D4C-B18D-94EF0FA7FCDF}.Release_Soulbrain_MCS|Any CPU.Build.0 = Release_Kakaowork|Any CPU
		{0F0E8F51-D2C9-4D4C-B18D-94EF0FA7FCDF}.Release_Soulbrain|Any CPU.ActiveCfg = Release_Kakaowork|Any CPU
		{0F0E8F51-D2C9-4D4C-B18D-94EF0FA7FCDF}.Release_Soulbrain|Any CPU.Build.0 = Release_Kakaowork|Any CPU
		{0F0E8F51-D2C9-4D4C-B18D-94EF0FA7FCDF}.Release_UNE_MCS|Any CPU.ActiveCfg = Release_Kakaowork|Any CPU
		{0F0E8F51-D2C9-4D4C-B18D-94EF0FA7FCDF}.Release_UNE_MCS|Any CPU.Build.0 = Release_Kakaowork|Any CPU
		{0F0E8F51-D2C9-4D4C-B18D-94EF0FA7FCDF}.Release_UnEInternal|Any CPU.ActiveCfg = Release_Kakaowork|Any CPU
		{0F0E8F51-D2C9-4D4C-B18D-94EF0FA7FCDF}.Release_UnEInternal|Any CPU.Build.0 = Release_Kakaowork|Any CPU
		{0F0E8F51-D2C9-4D4C-B18D-94EF0FA7FCDF}.Release_Wonikqnc|Any CPU.ActiveCfg = Release_Kakaowork|Any CPU
		{0F0E8F51-D2C9-4D4C-B18D-94EF0FA7FCDF}.Release_Wonikqnc|Any CPU.Build.0 = Release_Kakaowork|Any CPU
		{0F0E8F51-D2C9-4D4C-B18D-94EF0FA7FCDF}.Release|Any CPU.ActiveCfg = Release|Any CPU
		{0F0E8F51-D2C9-4D4C-B18D-94EF0FA7FCDF}.Release|Any CPU.Build.0 = Release|Any CPU
		{CE64F12D-C35F-4E88-B8F9-A62275BF4A61}.Debug|Any CPU.ActiveCfg = Debug|Any CPU
		{CE64F12D-C35F-4E88-B8F9-A62275BF4A61}.Debug|Any CPU.Build.0 = Debug|Any CPU
		{CE64F12D-C35F-4E88-B8F9-A62275BF4A61}.Release_Kakao|Any CPU.ActiveCfg = Release_Kakaowork|Any CPU
		{CE64F12D-C35F-4E88-B8F9-A62275BF4A61}.Release_Kakao|Any CPU.Build.0 = Release_Kakaowork|Any CPU
		{CE64F12D-C35F-4E88-B8F9-A62275BF4A61}.Release_Kakaowork|Any CPU.ActiveCfg = Release_Kakaowork|Any CPU
		{CE64F12D-C35F-4E88-B8F9-A62275BF4A61}.Release_Kakaowork|Any CPU.Build.0 = Release_Kakaowork|Any CPU
		{CE64F12D-C35F-4E88-B8F9-A62275BF4A61}.Release_SKT_MCS|Any CPU.ActiveCfg = Release_Kakaowork|Any CPU
		{CE64F12D-C35F-4E88-B8F9-A62275BF4A61}.Release_SKT_MCS|Any CPU.Build.0 = Release_Kakaowork|Any CPU
		{CE64F12D-C35F-4E88-B8F9-A62275BF4A61}.Release_Soulbrain_MCS|Any CPU.ActiveCfg = Release_Kakaowork|Any CPU
		{CE64F12D-C35F-4E88-B8F9-A62275BF4A61}.Release_Soulbrain_MCS|Any CPU.Build.0 = Release_Kakaowork|Any CPU
		{CE64F12D-C35F-4E88-B8F9-A62275BF4A61}.Release_Soulbrain|Any CPU.ActiveCfg = Release_Kakaowork|Any CPU
		{CE64F12D-C35F-4E88-B8F9-A62275BF4A61}.Release_Soulbrain|Any CPU.Build.0 = Release_Kakaowork|Any CPU
		{CE64F12D-C35F-4E88-B8F9-A62275BF4A61}.Release_UNE_MCS|Any CPU.ActiveCfg = Release_Kakaowork|Any CPU
		{CE64F12D-C35F-4E88-B8F9-A62275BF4A61}.Release_UNE_MCS|Any CPU.Build.0 = Release_Kakaowork|Any CPU
		{CE64F12D-C35F-4E88-B8F9-A62275BF4A61}.Release_UnEInternal|Any CPU.ActiveCfg = Release_Kakaowork|Any CPU
		{CE64F12D-C35F-4E88-B8F9-A62275BF4A61}.Release_UnEInternal|Any CPU.Build.0 = Release_Kakaowork|Any CPU
		{CE64F12D-C35F-4E88-B8F9-A62275BF4A61}.Release_Wonikqnc|Any CPU.ActiveCfg = Release_Kakaowork|Any CPU
		{CE64F12D-C35F-4E88-B8F9-A62275BF4A61}.Release_Wonikqnc|Any CPU.Build.0 = Release_Kakaowork|Any CPU
		{CE64F12D-C35F-4E88-B8F9-A62275BF4A61}.Release|Any CPU.ActiveCfg = Release|Any CPU
		{CE64F12D-C35F-4E88-B8F9-A62275BF4A61}.Release|Any CPU.Build.0 = Release|Any CPU
		{05F03BCD-142A-42A7-9594-58C240565707}.Debug|Any CPU.ActiveCfg = Debug|Any CPU
		{05F03BCD-142A-42A7-9594-58C240565707}.Debug|Any CPU.Build.0 = Debug|Any CPU
		{05F03BCD-142A-42A7-9594-58C240565707}.Release_Kakao|Any CPU.ActiveCfg = Release_Kakaowork|Any CPU
		{05F03BCD-142A-42A7-9594-58C240565707}.Release_Kakao|Any CPU.Build.0 = Release_Kakaowork|Any CPU
		{05F03BCD-142A-42A7-9594-58C240565707}.Release_Kakaowork|Any CPU.ActiveCfg = Release_Kakaowork|Any CPU
		{05F03BCD-142A-42A7-9594-58C240565707}.Release_Kakaowork|Any CPU.Build.0 = Release_Kakaowork|Any CPU
		{05F03BCD-142A-42A7-9594-58C240565707}.Release_SKT_MCS|Any CPU.ActiveCfg = Release_Kakaowork|Any CPU
		{05F03BCD-142A-42A7-9594-58C240565707}.Release_SKT_MCS|Any CPU.Build.0 = Release_Kakaowork|Any CPU
		{05F03BCD-142A-42A7-9594-58C240565707}.Release_Soulbrain_MCS|Any CPU.ActiveCfg = Release_Kakaowork|Any CPU
		{05F03BCD-142A-42A7-9594-58C240565707}.Release_Soulbrain_MCS|Any CPU.Build.0 = Release_Kakaowork|Any CPU
		{05F03BCD-142A-42A7-9594-58C240565707}.Release_Soulbrain|Any CPU.ActiveCfg = Release_Kakaowork|Any CPU
		{05F03BCD-142A-42A7-9594-58C240565707}.Release_Soulbrain|Any CPU.Build.0 = Release_Kakaowork|Any CPU
		{05F03BCD-142A-42A7-9594-58C240565707}.Release_UNE_MCS|Any CPU.ActiveCfg = Release_Kakaowork|Any CPU
		{05F03BCD-142A-42A7-9594-58C240565707}.Release_UNE_MCS|Any CPU.Build.0 = Release_Kakaowork|Any CPU
		{05F03BCD-142A-42A7-9594-58C240565707}.Release_UnEInternal|Any CPU.ActiveCfg = Release_Kakaowork|Any CPU
		{05F03BCD-142A-42A7-9594-58C240565707}.Release_UnEInternal|Any CPU.Build.0 = Release_Kakaowork|Any CPU
		{05F03BCD-142A-42A7-9594-58C240565707}.Release_Wonikqnc|Any CPU.ActiveCfg = Release_Kakaowork|Any CPU
		{05F03BCD-142A-42A7-9594-58C240565707}.Release_Wonikqnc|Any CPU.Build.0 = Release_Kakaowork|Any CPU
		{05F03BCD-142A-42A7-9594-58C240565707}.Release|Any CPU.ActiveCfg = Release|Any CPU
		{05F03BCD-142A-42A7-9594-58C240565707}.Release|Any CPU.Build.0 = Release|Any CPU
		{9B5C93C5-09FB-480F-A09A-A2B73AE0E19B}.Debug|Any CPU.ActiveCfg = Debug|Any CPU
		{9B5C93C5-09FB-480F-A09A-A2B73AE0E19B}.Debug|Any CPU.Build.0 = Debug|Any CPU
		{9B5C93C5-09FB-480F-A09A-A2B73AE0E19B}.Release_Kakao|Any CPU.ActiveCfg = Release_Kakaowork|Any CPU
		{9B5C93C5-09FB-480F-A09A-A2B73AE0E19B}.Release_Kakao|Any CPU.Build.0 = Release_Kakaowork|Any CPU
		{9B5C93C5-09FB-480F-A09A-A2B73AE0E19B}.Release_Kakaowork|Any CPU.ActiveCfg = Release_Kakaowork|Any CPU
		{9B5C93C5-09FB-480F-A09A-A2B73AE0E19B}.Release_Kakaowork|Any CPU.Build.0 = Release_Kakaowork|Any CPU
		{9B5C93C5-09FB-480F-A09A-A2B73AE0E19B}.Release_SKT_MCS|Any CPU.ActiveCfg = Release_Kakaowork|Any CPU
		{9B5C93C5-09FB-480F-A09A-A2B73AE0E19B}.Release_SKT_MCS|Any CPU.Build.0 = Release_Kakaowork|Any CPU
		{9B5C93C5-09FB-480F-A09A-A2B73AE0E19B}.Release_Soulbrain_MCS|Any CPU.ActiveCfg = Release_Kakaowork|Any CPU
		{9B5C93C5-09FB-480F-A09A-A2B73AE0E19B}.Release_Soulbrain_MCS|Any CPU.Build.0 = Release_Kakaowork|Any CPU
		{9B5C93C5-09FB-480F-A09A-A2B73AE0E19B}.Release_Soulbrain|Any CPU.ActiveCfg = Release_Kakaowork|Any CPU
		{9B5C93C5-09FB-480F-A09A-A2B73AE0E19B}.Release_Soulbrain|Any CPU.Build.0 = Release_Kakaowork|Any CPU
		{9B5C93C5-09FB-480F-A09A-A2B73AE0E19B}.Release_UNE_MCS|Any CPU.ActiveCfg = Release_Kakaowork|Any CPU
		{9B5C93C5-09FB-480F-A09A-A2B73AE0E19B}.Release_UNE_MCS|Any CPU.Build.0 = Release_Kakaowork|Any CPU
		{9B5C93C5-09FB-480F-A09A-A2B73AE0E19B}.Release_UnEInternal|Any CPU.ActiveCfg = Release_Kakaowork|Any CPU
		{9B5C93C5-09FB-480F-A09A-A2B73AE0E19B}.Release_UnEInternal|Any CPU.Build.0 = Release_Kakaowork|Any CPU
		{9B5C93C5-09FB-480F-A09A-A2B73AE0E19B}.Release_Wonikqnc|Any CPU.ActiveCfg = Release_Kakaowork|Any CPU
		{9B5C93C5-09FB-480F-A09A-A2B73AE0E19B}.Release_Wonikqnc|Any CPU.Build.0 = Release_Kakaowork|Any CPU
		{9B5C93C5-09FB-480F-A09A-A2B73AE0E19B}.Release|Any CPU.ActiveCfg = Release|Any CPU
		{9B5C93C5-09FB-480F-A09A-A2B73AE0E19B}.Release|Any CPU.Build.0 = Release|Any CPU
		{A435FF4D-5B37-4A68-90AE-1752D7454304}.Debug|Any CPU.ActiveCfg = Debug|Any CPU
		{A435FF4D-5B37-4A68-90AE-1752D7454304}.Debug|Any CPU.Build.0 = Debug|Any CPU
		{A435FF4D-5B37-4A68-90AE-1752D7454304}.Release_Kakao|Any CPU.ActiveCfg = Release_Kakaowork|Any CPU
		{A435FF4D-5B37-4A68-90AE-1752D7454304}.Release_Kakao|Any CPU.Build.0 = Release_Kakaowork|Any CPU
		{A435FF4D-5B37-4A68-90AE-1752D7454304}.Release_Kakaowork|Any CPU.ActiveCfg = Release_Kakaowork|Any CPU
		{A435FF4D-5B37-4A68-90AE-1752D7454304}.Release_Kakaowork|Any CPU.Build.0 = Release_Kakaowork|Any CPU
		{A435FF4D-5B37-4A68-90AE-1752D7454304}.Release_SKT_MCS|Any CPU.ActiveCfg = Release_Kakaowork|Any CPU
		{A435FF4D-5B37-4A68-90AE-1752D7454304}.Release_SKT_MCS|Any CPU.Build.0 = Release_Kakaowork|Any CPU
		{A435FF4D-5B37-4A68-90AE-1752D7454304}.Release_Soulbrain_MCS|Any CPU.ActiveCfg = Release_Kakaowork|Any CPU
		{A435FF4D-5B37-4A68-90AE-1752D7454304}.Release_Soulbrain_MCS|Any CPU.Build.0 = Release_Kakaowork|Any CPU
		{A435FF4D-5B37-4A68-90AE-1752D7454304}.Release_Soulbrain|Any CPU.ActiveCfg = Release_Kakaowork|Any CPU
		{A435FF4D-5B37-4A68-90AE-1752D7454304}.Release_Soulbrain|Any CPU.Build.0 = Release_Kakaowork|Any CPU
		{A435FF4D-5B37-4A68-90AE-1752D7454304}.Release_UNE_MCS|Any CPU.ActiveCfg = Release_Kakaowork|Any CPU
		{A435FF4D-5B37-4A68-90AE-1752D7454304}.Release_UNE_MCS|Any CPU.Build.0 = Release_Kakaowork|Any CPU
		{A435FF4D-5B37-4A68-90AE-1752D7454304}.Release_UnEInternal|Any CPU.ActiveCfg = Release_Kakaowork|Any CPU
		{A435FF4D-5B37-4A68-90AE-1752D7454304}.Release_UnEInternal|Any CPU.Build.0 = Release_Kakaowork|Any CPU
		{A435FF4D-5B37-4A68-90AE-1752D7454304}.Release_Wonikqnc|Any CPU.ActiveCfg = Release_Kakaowork|Any CPU
		{A435FF4D-5B37-4A68-90AE-1752D7454304}.Release_Wonikqnc|Any CPU.Build.0 = Release_Kakaowork|Any CPU
		{A435FF4D-5B37-4A68-90AE-1752D7454304}.Release|Any CPU.ActiveCfg = Release|Any CPU
		{A435FF4D-5B37-4A68-90AE-1752D7454304}.Release|Any CPU.Build.0 = Release|Any CPU
		{68A96E86-9C8B-4FAC-B8F8-6C75A2FCF86E}.Debug|Any CPU.ActiveCfg = Debug|Any CPU
		{68A96E86-9C8B-4FAC-B8F8-6C75A2FCF86E}.Debug|Any CPU.Build.0 = Debug|Any CPU
		{68A96E86-9C8B-4FAC-B8F8-6C75A2FCF86E}.Release_Kakao|Any CPU.ActiveCfg = Release_Kakaowork|Any CPU
		{68A96E86-9C8B-4FAC-B8F8-6C75A2FCF86E}.Release_Kakao|Any CPU.Build.0 = Release_Kakaowork|Any CPU
		{68A96E86-9C8B-4FAC-B8F8-6C75A2FCF86E}.Release_Kakaowork|Any CPU.ActiveCfg = Release_Kakaowork|Any CPU
		{68A96E86-9C8B-4FAC-B8F8-6C75A2FCF86E}.Release_Kakaowork|Any CPU.Build.0 = Release_Kakaowork|Any CPU
		{68A96E86-9C8B-4FAC-B8F8-6C75A2FCF86E}.Release_SKT_MCS|Any CPU.ActiveCfg = Release_Kakaowork|Any CPU
		{68A96E86-9C8B-4FAC-B8F8-6C75A2FCF86E}.Release_SKT_MCS|Any CPU.Build.0 = Release_Kakaowork|Any CPU
		{68A96E86-9C8B-4FAC-B8F8-6C75A2FCF86E}.Release_Soulbrain_MCS|Any CPU.ActiveCfg = Release_Kakaowork|Any CPU
		{68A96E86-9C8B-4FAC-B8F8-6C75A2FCF86E}.Release_Soulbrain_MCS|Any CPU.Build.0 = Release_Kakaowork|Any CPU
		{68A96E86-9C8B-4FAC-B8F8-6C75A2FCF86E}.Release_Soulbrain|Any CPU.ActiveCfg = Release_Kakaowork|Any CPU
		{68A96E86-9C8B-4FAC-B8F8-6C75A2FCF86E}.Release_Soulbrain|Any CPU.Build.0 = Release_Kakaowork|Any CPU
		{68A96E86-9C8B-4FAC-B8F8-6C75A2FCF86E}.Release_UNE_MCS|Any CPU.ActiveCfg = Release_Kakaowork|Any CPU
		{68A96E86-9C8B-4FAC-B8F8-6C75A2FCF86E}.Release_UNE_MCS|Any CPU.Build.0 = Release_Kakaowork|Any CPU
		{68A96E86-9C8B-4FAC-B8F8-6C75A2FCF86E}.Release_UnEInternal|Any CPU.ActiveCfg = Release_Kakaowork|Any CPU
		{68A96E86-9C8B-4FAC-B8F8-6C75A2FCF86E}.Release_UnEInternal|Any CPU.Build.0 = Release_Kakaowork|Any CPU
		{68A96E86-9C8B-4FAC-B8F8-6C75A2FCF86E}.Release_Wonikqnc|Any CPU.ActiveCfg = Release_Kakaowork|Any CPU
		{68A96E86-9C8B-4FAC-B8F8-6C75A2FCF86E}.Release_Wonikqnc|Any CPU.Build.0 = Release_Kakaowork|Any CPU
		{68A96E86-9C8B-4FAC-B8F8-6C75A2FCF86E}.Release|Any CPU.ActiveCfg = Release|Any CPU
		{68A96E86-9C8B-4FAC-B8F8-6C75A2FCF86E}.Release|Any CPU.Build.0 = Release|Any CPU
		{CF6CC7F5-8B26-4C2F-BF87-BDC67CFC4C80}.Debug|Any CPU.ActiveCfg = Debug|Any CPU
		{CF6CC7F5-8B26-4C2F-BF87-BDC67CFC4C80}.Debug|Any CPU.Build.0 = Debug|Any CPU
		{CF6CC7F5-8B26-4C2F-BF87-BDC67CFC4C80}.Release_Kakao|Any CPU.ActiveCfg = Release_Kakaowork|Any CPU
		{CF6CC7F5-8B26-4C2F-BF87-BDC67CFC4C80}.Release_Kakao|Any CPU.Build.0 = Release_Kakaowork|Any CPU
		{CF6CC7F5-8B26-4C2F-BF87-BDC67CFC4C80}.Release_Kakaowork|Any CPU.ActiveCfg = Release_Kakaowork|Any CPU
		{CF6CC7F5-8B26-4C2F-BF87-BDC67CFC4C80}.Release_Kakaowork|Any CPU.Build.0 = Release_Kakaowork|Any CPU
		{CF6CC7F5-8B26-4C2F-BF87-BDC67CFC4C80}.Release_SKT_MCS|Any CPU.ActiveCfg = Release_Kakaowork|Any CPU
		{CF6CC7F5-8B26-4C2F-BF87-BDC67CFC4C80}.Release_SKT_MCS|Any CPU.Build.0 = Release_Kakaowork|Any CPU
		{CF6CC7F5-8B26-4C2F-BF87-BDC67CFC4C80}.Release_Soulbrain_MCS|Any CPU.ActiveCfg = Release_Kakaowork|Any CPU
		{CF6CC7F5-8B26-4C2F-BF87-BDC67CFC4C80}.Release_Soulbrain_MCS|Any CPU.Build.0 = Release_Kakaowork|Any CPU
		{CF6CC7F5-8B26-4C2F-BF87-BDC67CFC4C80}.Release_Soulbrain|Any CPU.ActiveCfg = Release_Kakaowork|Any CPU
		{CF6CC7F5-8B26-4C2F-BF87-BDC67CFC4C80}.Release_Soulbrain|Any CPU.Build.0 = Release_Kakaowork|Any CPU
		{CF6CC7F5-8B26-4C2F-BF87-BDC67CFC4C80}.Release_UNE_MCS|Any CPU.ActiveCfg = Release_Kakaowork|Any CPU
		{CF6CC7F5-8B26-4C2F-BF87-BDC67CFC4C80}.Release_UNE_MCS|Any CPU.Build.0 = Release_Kakaowork|Any CPU
		{CF6CC7F5-8B26-4C2F-BF87-BDC67CFC4C80}.Release_UnEInternal|Any CPU.ActiveCfg = Release_Kakaowork|Any CPU
		{CF6CC7F5-8B26-4C2F-BF87-BDC67CFC4C80}.Release_UnEInternal|Any CPU.Build.0 = Release_Kakaowork|Any CPU
		{CF6CC7F5-8B26-4C2F-BF87-BDC67CFC4C80}.Release_Wonikqnc|Any CPU.ActiveCfg = Release_Kakaowork|Any CPU
		{CF6CC7F5-8B26-4C2F-BF87-BDC67CFC4C80}.Release_Wonikqnc|Any CPU.Build.0 = Release_Kakaowork|Any CPU
		{CF6CC7F5-8B26-4C2F-BF87-BDC67CFC4C80}.Release|Any CPU.ActiveCfg = Release|Any CPU
		{CF6CC7F5-8B26-4C2F-BF87-BDC67CFC4C80}.Release|Any CPU.Build.0 = Release|Any CPU
		{FE25B08C-41D4-4BBE-8821-BCC9BC251DC9}.Debug|Any CPU.ActiveCfg = Debug|Any CPU
		{FE25B08C-41D4-4BBE-8821-BCC9BC251DC9}.Debug|Any CPU.Build.0 = Debug|Any CPU
		{FE25B08C-41D4-4BBE-8821-BCC9BC251DC9}.Release_Kakao|Any CPU.ActiveCfg = Release_Kakaowork|Any CPU
		{FE25B08C-41D4-4BBE-8821-BCC9BC251DC9}.Release_Kakao|Any CPU.Build.0 = Release_Kakaowork|Any CPU
		{FE25B08C-41D4-4BBE-8821-BCC9BC251DC9}.Release_Kakaowork|Any CPU.ActiveCfg = Release_Kakaowork|Any CPU
		{FE25B08C-41D4-4BBE-8821-BCC9BC251DC9}.Release_Kakaowork|Any CPU.Build.0 = Release_Kakaowork|Any CPU
		{FE25B08C-41D4-4BBE-8821-BCC9BC251DC9}.Release_SKT_MCS|Any CPU.ActiveCfg = Release_Kakaowork|Any CPU
		{FE25B08C-41D4-4BBE-8821-BCC9BC251DC9}.Release_SKT_MCS|Any CPU.Build.0 = Release_Kakaowork|Any CPU
		{FE25B08C-41D4-4BBE-8821-BCC9BC251DC9}.Release_Soulbrain_MCS|Any CPU.ActiveCfg = Release_Kakaowork|Any CPU
		{FE25B08C-41D4-4BBE-8821-BCC9BC251DC9}.Release_Soulbrain_MCS|Any CPU.Build.0 = Release_Kakaowork|Any CPU
		{FE25B08C-41D4-4BBE-8821-BCC9BC251DC9}.Release_Soulbrain|Any CPU.ActiveCfg = Release_Kakaowork|Any CPU
		{FE25B08C-41D4-4BBE-8821-BCC9BC251DC9}.Release_Soulbrain|Any CPU.Build.0 = Release_Kakaowork|Any CPU
		{FE25B08C-41D4-4BBE-8821-BCC9BC251DC9}.Release_UNE_MCS|Any CPU.ActiveCfg = Release_Kakaowork|Any CPU
		{FE25B08C-41D4-4BBE-8821-BCC9BC251DC9}.Release_UNE_MCS|Any CPU.Build.0 = Release_Kakaowork|Any CPU
		{FE25B08C-41D4-4BBE-8821-BCC9BC251DC9}.Release_UnEInternal|Any CPU.ActiveCfg = Release_Kakaowork|Any CPU
		{FE25B08C-41D4-4BBE-8821-BCC9BC251DC9}.Release_UnEInternal|Any CPU.Build.0 = Release_Kakaowork|Any CPU
		{FE25B08C-41D4-4BBE-8821-BCC9BC251DC9}.Release_Wonikqnc|Any CPU.ActiveCfg = Release_Kakaowork|Any CPU
		{FE25B08C-41D4-4BBE-8821-BCC9BC251DC9}.Release_Wonikqnc|Any CPU.Build.0 = Release_Kakaowork|Any CPU
		{FE25B08C-41D4-4BBE-8821-BCC9BC251DC9}.Release|Any CPU.ActiveCfg = Release|Any CPU
		{FE25B08C-41D4-4BBE-8821-BCC9BC251DC9}.Release|Any CPU.Build.0 = Release|Any CPU
		{AB4B1996-3830-496A-81A4-00E770C942CD}.Debug|Any CPU.ActiveCfg = Debug|Any CPU
		{AB4B1996-3830-496A-81A4-00E770C942CD}.Debug|Any CPU.Build.0 = Debug|Any CPU
		{AB4B1996-3830-496A-81A4-00E770C942CD}.Release_Kakao|Any CPU.ActiveCfg = Release_Kakaowork|Any CPU
		{AB4B1996-3830-496A-81A4-00E770C942CD}.Release_Kakao|Any CPU.Build.0 = Release_Kakaowork|Any CPU
		{AB4B1996-3830-496A-81A4-00E770C942CD}.Release_Kakaowork|Any CPU.ActiveCfg = Release_Kakaowork|Any CPU
		{AB4B1996-3830-496A-81A4-00E770C942CD}.Release_Kakaowork|Any CPU.Build.0 = Release_Kakaowork|Any CPU
		{AB4B1996-3830-496A-81A4-00E770C942CD}.Release_SKT_MCS|Any CPU.ActiveCfg = Release_Kakaowork|Any CPU
		{AB4B1996-3830-496A-81A4-00E770C942CD}.Release_SKT_MCS|Any CPU.Build.0 = Release_Kakaowork|Any CPU
		{AB4B1996-3830-496A-81A4-00E770C942CD}.Release_Soulbrain_MCS|Any CPU.ActiveCfg = Release_Kakaowork|Any CPU
		{AB4B1996-3830-496A-81A4-00E770C942CD}.Release_Soulbrain_MCS|Any CPU.Build.0 = Release_Kakaowork|Any CPU
		{AB4B1996-3830-496A-81A4-00E770C942CD}.Release_Soulbrain|Any CPU.ActiveCfg = Release_Kakaowork|Any CPU
		{AB4B1996-3830-496A-81A4-00E770C942CD}.Release_Soulbrain|Any CPU.Build.0 = Release_Kakaowork|Any CPU
		{AB4B1996-3830-496A-81A4-00E770C942CD}.Release_UNE_MCS|Any CPU.ActiveCfg = Release_Kakaowork|Any CPU
		{AB4B1996-3830-496A-81A4-00E770C942CD}.Release_UNE_MCS|Any CPU.Build.0 = Release_Kakaowork|Any CPU
		{AB4B1996-3830-496A-81A4-00E770C942CD}.Release_UnEInternal|Any CPU.ActiveCfg = Release_Kakaowork|Any CPU
		{AB4B1996-3830-496A-81A4-00E770C942CD}.Release_UnEInternal|Any CPU.Build.0 = Release_Kakaowork|Any CPU
		{AB4B1996-3830-496A-81A4-00E770C942CD}.Release_Wonikqnc|Any CPU.ActiveCfg = Release_Kakaowork|Any CPU
		{AB4B1996-3830-496A-81A4-00E770C942CD}.Release_Wonikqnc|Any CPU.Build.0 = Release_Kakaowork|Any CPU
		{AB4B1996-3830-496A-81A4-00E770C942CD}.Release|Any CPU.ActiveCfg = Release|Any CPU
		{AB4B1996-3830-496A-81A4-00E770C942CD}.Release|Any CPU.Build.0 = Release|Any CPU
		{8293F841-D039-4DAC-8CB0-0F8540606ABB}.Debug|Any CPU.ActiveCfg = Debug|Any CPU
		{8293F841-D039-4DAC-8CB0-0F8540606ABB}.Debug|Any CPU.Build.0 = Debug|Any CPU
		{8293F841-D039-4DAC-8CB0-0F8540606ABB}.Release_Kakao|Any CPU.ActiveCfg = Release_Kakaowork|Any CPU
		{8293F841-D039-4DAC-8CB0-0F8540606ABB}.Release_Kakao|Any CPU.Build.0 = Release_Kakaowork|Any CPU
		{8293F841-D039-4DAC-8CB0-0F8540606ABB}.Release_Kakaowork|Any CPU.ActiveCfg = Release_Kakaowork|Any CPU
		{8293F841-D039-4DAC-8CB0-0F8540606ABB}.Release_Kakaowork|Any CPU.Build.0 = Release_Kakaowork|Any CPU
		{8293F841-D039-4DAC-8CB0-0F8540606ABB}.Release_SKT_MCS|Any CPU.ActiveCfg = Release_Kakaowork|Any CPU
		{8293F841-D039-4DAC-8CB0-0F8540606ABB}.Release_SKT_MCS|Any CPU.Build.0 = Release_Kakaowork|Any CPU
		{8293F841-D039-4DAC-8CB0-0F8540606ABB}.Release_Soulbrain_MCS|Any CPU.ActiveCfg = Release_Kakaowork|Any CPU
		{8293F841-D039-4DAC-8CB0-0F8540606ABB}.Release_Soulbrain_MCS|Any CPU.Build.0 = Release_Kakaowork|Any CPU
		{8293F841-D039-4DAC-8CB0-0F8540606ABB}.Release_Soulbrain|Any CPU.ActiveCfg = Release_Kakaowork|Any CPU
		{8293F841-D039-4DAC-8CB0-0F8540606ABB}.Release_Soulbrain|Any CPU.Build.0 = Release_Kakaowork|Any CPU
		{8293F841-D039-4DAC-8CB0-0F8540606ABB}.Release_UNE_MCS|Any CPU.ActiveCfg = Release_Kakaowork|Any CPU
		{8293F841-D039-4DAC-8CB0-0F8540606ABB}.Release_UNE_MCS|Any CPU.Build.0 = Release_Kakaowork|Any CPU
		{8293F841-D039-4DAC-8CB0-0F8540606ABB}.Release_UnEInternal|Any CPU.ActiveCfg = Release_Kakaowork|Any CPU
		{8293F841-D039-4DAC-8CB0-0F8540606ABB}.Release_UnEInternal|Any CPU.Build.0 = Release_Kakaowork|Any CPU
		{8293F841-D039-4DAC-8CB0-0F8540606ABB}.Release_Wonikqnc|Any CPU.ActiveCfg = Release_Kakaowork|Any CPU
		{8293F841-D039-4DAC-8CB0-0F8540606ABB}.Release_Wonikqnc|Any CPU.Build.0 = Release_Kakaowork|Any CPU
		{8293F841-D039-4DAC-8CB0-0F8540606ABB}.Release|Any CPU.ActiveCfg = Release|Any CPU
		{8293F841-D039-4DAC-8CB0-0F8540606ABB}.Release|Any CPU.Build.0 = Release|Any CPU
		{AE206C7B-5275-4F7F-8608-F1CFC1393785}.Debug|Any CPU.ActiveCfg = Debug|Any CPU
		{AE206C7B-5275-4F7F-8608-F1CFC1393785}.Debug|Any CPU.Build.0 = Debug|Any CPU
		{AE206C7B-5275-4F7F-8608-F1CFC1393785}.Release_Kakao|Any CPU.ActiveCfg = Release_Kakaowork|Any CPU
		{AE206C7B-5275-4F7F-8608-F1CFC1393785}.Release_Kakao|Any CPU.Build.0 = Release_Kakaowork|Any CPU
		{AE206C7B-5275-4F7F-8608-F1CFC1393785}.Release_Kakaowork|Any CPU.ActiveCfg = Release_Kakaowork|Any CPU
		{AE206C7B-5275-4F7F-8608-F1CFC1393785}.Release_Kakaowork|Any CPU.Build.0 = Release_Kakaowork|Any CPU
		{AE206C7B-5275-4F7F-8608-F1CFC1393785}.Release_SKT_MCS|Any CPU.ActiveCfg = Release_Kakaowork|Any CPU
		{AE206C7B-5275-4F7F-8608-F1CFC1393785}.Release_SKT_MCS|Any CPU.Build.0 = Release_Kakaowork|Any CPU
		{AE206C7B-5275-4F7F-8608-F1CFC1393785}.Release_Soulbrain_MCS|Any CPU.ActiveCfg = Release_Kakaowork|Any CPU
		{AE206C7B-5275-4F7F-8608-F1CFC1393785}.Release_Soulbrain_MCS|Any CPU.Build.0 = Release_Kakaowork|Any CPU
		{AE206C7B-5275-4F7F-8608-F1CFC1393785}.Release_Soulbrain|Any CPU.ActiveCfg = Release_Kakaowork|Any CPU
		{AE206C7B-5275-4F7F-8608-F1CFC1393785}.Release_Soulbrain|Any CPU.Build.0 = Release_Kakaowork|Any CPU
		{AE206C7B-5275-4F7F-8608-F1CFC1393785}.Release_UNE_MCS|Any CPU.ActiveCfg = Release_Kakaowork|Any CPU
		{AE206C7B-5275-4F7F-8608-F1CFC1393785}.Release_UNE_MCS|Any CPU.Build.0 = Release_Kakaowork|Any CPU
		{AE206C7B-5275-4F7F-8608-F1CFC1393785}.Release_UnEInternal|Any CPU.ActiveCfg = Release_Kakaowork|Any CPU
		{AE206C7B-5275-4F7F-8608-F1CFC1393785}.Release_UnEInternal|Any CPU.Build.0 = Release_Kakaowork|Any CPU
		{AE206C7B-5275-4F7F-8608-F1CFC1393785}.Release_Wonikqnc|Any CPU.ActiveCfg = Release_Kakaowork|Any CPU
		{AE206C7B-5275-4F7F-8608-F1CFC1393785}.Release_Wonikqnc|Any CPU.Build.0 = Release_Kakaowork|Any CPU
		{AE206C7B-5275-4F7F-8608-F1CFC1393785}.Release|Any CPU.ActiveCfg = Release|Any CPU
		{AE206C7B-5275-4F7F-8608-F1CFC1393785}.Release|Any CPU.Build.0 = Release|Any CPU
		{418A4614-F322-43CA-AA6F-B906329FBCE7}.Debug|Any CPU.ActiveCfg = Debug|Any CPU
		{418A4614-F322-43CA-AA6F-B906329FBCE7}.Debug|Any CPU.Build.0 = Debug|Any CPU
		{418A4614-F322-43CA-AA6F-B906329FBCE7}.Release_Kakao|Any CPU.ActiveCfg = Release_Kakaowork|Any CPU
		{418A4614-F322-43CA-AA6F-B906329FBCE7}.Release_Kakao|Any CPU.Build.0 = Release_Kakaowork|Any CPU
		{418A4614-F322-43CA-AA6F-B906329FBCE7}.Release_Kakaowork|Any CPU.ActiveCfg = Release_Kakaowork|Any CPU
		{418A4614-F322-43CA-AA6F-B906329FBCE7}.Release_Kakaowork|Any CPU.Build.0 = Release_Kakaowork|Any CPU
		{418A4614-F322-43CA-AA6F-B906329FBCE7}.Release_SKT_MCS|Any CPU.ActiveCfg = Release_Kakaowork|Any CPU
		{418A4614-F322-43CA-AA6F-B906329FBCE7}.Release_SKT_MCS|Any CPU.Build.0 = Release_Kakaowork|Any CPU
		{418A4614-F322-43CA-AA6F-B906329FBCE7}.Release_Soulbrain_MCS|Any CPU.ActiveCfg = Release_Kakaowork|Any CPU
		{418A4614-F322-43CA-AA6F-B906329FBCE7}.Release_Soulbrain_MCS|Any CPU.Build.0 = Release_Kakaowork|Any CPU
		{418A4614-F322-43CA-AA6F-B906329FBCE7}.Release_Soulbrain|Any CPU.ActiveCfg = Release_Kakaowork|Any CPU
		{418A4614-F322-43CA-AA6F-B906329FBCE7}.Release_Soulbrain|Any CPU.Build.0 = Release_Kakaowork|Any CPU
		{418A4614-F322-43CA-AA6F-B906329FBCE7}.Release_UNE_MCS|Any CPU.ActiveCfg = Release_Kakaowork|Any CPU
		{418A4614-F322-43CA-AA6F-B906329FBCE7}.Release_UNE_MCS|Any CPU.Build.0 = Release_Kakaowork|Any CPU
		{418A4614-F322-43CA-AA6F-B906329FBCE7}.Release_UnEInternal|Any CPU.ActiveCfg = Release_Kakaowork|Any CPU
		{418A4614-F322-43CA-AA6F-B906329FBCE7}.Release_UnEInternal|Any CPU.Build.0 = Release_Kakaowork|Any CPU
		{418A4614-F322-43CA-AA6F-B906329FBCE7}.Release_Wonikqnc|Any CPU.ActiveCfg = Release_Kakaowork|Any CPU
		{418A4614-F322-43CA-AA6F-B906329FBCE7}.Release_Wonikqnc|Any CPU.Build.0 = Release_Kakaowork|Any CPU
		{418A4614-F322-43CA-AA6F-B906329FBCE7}.Release|Any CPU.ActiveCfg = Release|Any CPU
		{418A4614-F322-43CA-AA6F-B906329FBCE7}.Release|Any CPU.Build.0 = Release|Any CPU
		{F56F1117-5AAE-401A-80D5-17836C1D82B7}.Debug|Any CPU.ActiveCfg = Debug|Any CPU
		{F56F1117-5AAE-401A-80D5-17836C1D82B7}.Debug|Any CPU.Build.0 = Debug|Any CPU
		{F56F1117-5AAE-401A-80D5-17836C1D82B7}.Release_Kakao|Any CPU.ActiveCfg = Release_Kakaowork|Any CPU
		{F56F1117-5AAE-401A-80D5-17836C1D82B7}.Release_Kakao|Any CPU.Build.0 = Release_Kakaowork|Any CPU
		{F56F1117-5AAE-401A-80D5-17836C1D82B7}.Release_Kakaowork|Any CPU.ActiveCfg = Release_Kakaowork|Any CPU
		{F56F1117-5AAE-401A-80D5-17836C1D82B7}.Release_Kakaowork|Any CPU.Build.0 = Release_Kakaowork|Any CPU
		{F56F1117-5AAE-401A-80D5-17836C1D82B7}.Release_SKT_MCS|Any CPU.ActiveCfg = Release_Kakaowork|Any CPU
		{F56F1117-5AAE-401A-80D5-17836C1D82B7}.Release_SKT_MCS|Any CPU.Build.0 = Release_Kakaowork|Any CPU
		{F56F1117-5AAE-401A-80D5-17836C1D82B7}.Release_Soulbrain_MCS|Any CPU.ActiveCfg = Release_Kakaowork|Any CPU
		{F56F1117-5AAE-401A-80D5-17836C1D82B7}.Release_Soulbrain_MCS|Any CPU.Build.0 = Release_Kakaowork|Any CPU
		{F56F1117-5AAE-401A-80D5-17836C1D82B7}.Release_Soulbrain|Any CPU.ActiveCfg = Release_Kakaowork|Any CPU
		{F56F1117-5AAE-401A-80D5-17836C1D82B7}.Release_Soulbrain|Any CPU.Build.0 = Release_Kakaowork|Any CPU
		{F56F1117-5AAE-401A-80D5-17836C1D82B7}.Release_UNE_MCS|Any CPU.ActiveCfg = Release_Kakaowork|Any CPU
		{F56F1117-5AAE-401A-80D5-17836C1D82B7}.Release_UNE_MCS|Any CPU.Build.0 = Release_Kakaowork|Any CPU
		{F56F1117-5AAE-401A-80D5-17836C1D82B7}.Release_UnEInternal|Any CPU.ActiveCfg = Release_Kakaowork|Any CPU
		{F56F1117-5AAE-401A-80D5-17836C1D82B7}.Release_UnEInternal|Any CPU.Build.0 = Release_Kakaowork|Any CPU
		{F56F1117-5AAE-401A-80D5-17836C1D82B7}.Release_Wonikqnc|Any CPU.ActiveCfg = Release_Kakaowork|Any CPU
		{F56F1117-5AAE-401A-80D5-17836C1D82B7}.Release_Wonikqnc|Any CPU.Build.0 = Release_Kakaowork|Any CPU
		{F56F1117-5AAE-401A-80D5-17836C1D82B7}.Release|Any CPU.ActiveCfg = Release|Any CPU
		{F56F1117-5AAE-401A-80D5-17836C1D82B7}.Release|Any CPU.Build.0 = Release|Any CPU
		{481A27F0-C0E8-4ACF-9517-5855DB000645}.Debug|Any CPU.ActiveCfg = Debug|Any CPU
		{481A27F0-C0E8-4ACF-9517-5855DB000645}.Debug|Any CPU.Build.0 = Debug|Any CPU
		{481A27F0-C0E8-4ACF-9517-5855DB000645}.Release_Kakao|Any CPU.ActiveCfg = Release_Kakaowork|Any CPU
		{481A27F0-C0E8-4ACF-9517-5855DB000645}.Release_Kakao|Any CPU.Build.0 = Release_Kakaowork|Any CPU
		{481A27F0-C0E8-4ACF-9517-5855DB000645}.Release_Kakaowork|Any CPU.ActiveCfg = Release_Kakaowork|Any CPU
		{481A27F0-C0E8-4ACF-9517-5855DB000645}.Release_Kakaowork|Any CPU.Build.0 = Release_Kakaowork|Any CPU
		{481A27F0-C0E8-4ACF-9517-5855DB000645}.Release_SKT_MCS|Any CPU.ActiveCfg = Release_Kakaowork|Any CPU
		{481A27F0-C0E8-4ACF-9517-5855DB000645}.Release_SKT_MCS|Any CPU.Build.0 = Release_Kakaowork|Any CPU
		{481A27F0-C0E8-4ACF-9517-5855DB000645}.Release_Soulbrain_MCS|Any CPU.ActiveCfg = Release_Kakaowork|Any CPU
		{481A27F0-C0E8-4ACF-9517-5855DB000645}.Release_Soulbrain_MCS|Any CPU.Build.0 = Release_Kakaowork|Any CPU
		{481A27F0-C0E8-4ACF-9517-5855DB000645}.Release_Soulbrain|Any CPU.ActiveCfg = Release_Kakaowork|Any CPU
		{481A27F0-C0E8-4ACF-9517-5855DB000645}.Release_Soulbrain|Any CPU.Build.0 = Release_Kakaowork|Any CPU
		{481A27F0-C0E8-4ACF-9517-5855DB000645}.Release_UNE_MCS|Any CPU.ActiveCfg = Release_Kakaowork|Any CPU
		{481A27F0-C0E8-4ACF-9517-5855DB000645}.Release_UNE_MCS|Any CPU.Build.0 = Release_Kakaowork|Any CPU
		{481A27F0-C0E8-4ACF-9517-5855DB000645}.Release_UnEInternal|Any CPU.ActiveCfg = Release_Kakaowork|Any CPU
		{481A27F0-C0E8-4ACF-9517-5855DB000645}.Release_UnEInternal|Any CPU.Build.0 = Release_Kakaowork|Any CPU
		{481A27F0-C0E8-4ACF-9517-5855DB000645}.Release_Wonikqnc|Any CPU.ActiveCfg = Release_Kakaowork|Any CPU
		{481A27F0-C0E8-4ACF-9517-5855DB000645}.Release_Wonikqnc|Any CPU.Build.0 = Release_Kakaowork|Any CPU
		{481A27F0-C0E8-4ACF-9517-5855DB000645}.Release|Any CPU.ActiveCfg = Release|Any CPU
		{481A27F0-C0E8-4ACF-9517-5855DB000645}.Release|Any CPU.Build.0 = Release|Any CPU
		{B1366679-E56E-44FB-9C66-FC0AB938CD45}.Debug|Any CPU.ActiveCfg = Debug|Any CPU
		{B1366679-E56E-44FB-9C66-FC0AB938CD45}.Debug|Any CPU.Build.0 = Debug|Any CPU
		{B1366679-E56E-44FB-9C66-FC0AB938CD45}.Release_Kakao|Any CPU.ActiveCfg = Release_Kakaowork|Any CPU
		{B1366679-E56E-44FB-9C66-FC0AB938CD45}.Release_Kakao|Any CPU.Build.0 = Release_Kakaowork|Any CPU
		{B1366679-E56E-44FB-9C66-FC0AB938CD45}.Release_Kakaowork|Any CPU.ActiveCfg = Release_Kakaowork|Any CPU
		{B1366679-E56E-44FB-9C66-FC0AB938CD45}.Release_Kakaowork|Any CPU.Build.0 = Release_Kakaowork|Any CPU
		{B1366679-E56E-44FB-9C66-FC0AB938CD45}.Release_SKT_MCS|Any CPU.ActiveCfg = Release_Kakaowork|Any CPU
		{B1366679-E56E-44FB-9C66-FC0AB938CD45}.Release_SKT_MCS|Any CPU.Build.0 = Release_Kakaowork|Any CPU
		{B1366679-E56E-44FB-9C66-FC0AB938CD45}.Release_Soulbrain_MCS|Any CPU.ActiveCfg = Release_Kakaowork|Any CPU
		{B1366679-E56E-44FB-9C66-FC0AB938CD45}.Release_Soulbrain_MCS|Any CPU.Build.0 = Release_Kakaowork|Any CPU
		{B1366679-E56E-44FB-9C66-FC0AB938CD45}.Release_Soulbrain|Any CPU.ActiveCfg = Release_Kakaowork|Any CPU
		{B1366679-E56E-44FB-9C66-FC0AB938CD45}.Release_Soulbrain|Any CPU.Build.0 = Release_Kakaowork|Any CPU
		{B1366679-E56E-44FB-9C66-FC0AB938CD45}.Release_UNE_MCS|Any CPU.ActiveCfg = Release_Kakaowork|Any CPU
		{B1366679-E56E-44FB-9C66-FC0AB938CD45}.Release_UNE_MCS|Any CPU.Build.0 = Release_Kakaowork|Any CPU
		{B1366679-E56E-44FB-9C66-FC0AB938CD45}.Release_UnEInternal|Any CPU.ActiveCfg = Release_Kakaowork|Any CPU
		{B1366679-E56E-44FB-9C66-FC0AB938CD45}.Release_UnEInternal|Any CPU.Build.0 = Release_Kakaowork|Any CPU
		{B1366679-E56E-44FB-9C66-FC0AB938CD45}.Release_Wonikqnc|Any CPU.ActiveCfg = Release_Kakaowork|Any CPU
		{B1366679-E56E-44FB-9C66-FC0AB938CD45}.Release_Wonikqnc|Any CPU.Build.0 = Release_Kakaowork|Any CPU
		{B1366679-E56E-44FB-9C66-FC0AB938CD45}.Release|Any CPU.ActiveCfg = Release|Any CPU
		{B1366679-E56E-44FB-9C66-FC0AB938CD45}.Release|Any CPU.Build.0 = Release|Any CPU
		{4A1DE05C-2D60-458E-A56E-BA09C555BBA7}.Debug|Any CPU.ActiveCfg = Debug|Any CPU
		{4A1DE05C-2D60-458E-A56E-BA09C555BBA7}.Debug|Any CPU.Build.0 = Debug|Any CPU
		{4A1DE05C-2D60-458E-A56E-BA09C555BBA7}.Release_Kakao|Any CPU.ActiveCfg = Release_Kakaowork|Any CPU
		{4A1DE05C-2D60-458E-A56E-BA09C555BBA7}.Release_Kakao|Any CPU.Build.0 = Release_Kakaowork|Any CPU
		{4A1DE05C-2D60-458E-A56E-BA09C555BBA7}.Release_Kakaowork|Any CPU.ActiveCfg = Release_Kakaowork|Any CPU
		{4A1DE05C-2D60-458E-A56E-BA09C555BBA7}.Release_Kakaowork|Any CPU.Build.0 = Release_Kakaowork|Any CPU
		{4A1DE05C-2D60-458E-A56E-BA09C555BBA7}.Release_SKT_MCS|Any CPU.ActiveCfg = Release_Kakaowork|Any CPU
		{4A1DE05C-2D60-458E-A56E-BA09C555BBA7}.Release_SKT_MCS|Any CPU.Build.0 = Release_Kakaowork|Any CPU
		{4A1DE05C-2D60-458E-A56E-BA09C555BBA7}.Release_Soulbrain_MCS|Any CPU.ActiveCfg = Release_Kakaowork|Any CPU
		{4A1DE05C-2D60-458E-A56E-BA09C555BBA7}.Release_Soulbrain_MCS|Any CPU.Build.0 = Release_Kakaowork|Any CPU
		{4A1DE05C-2D60-458E-A56E-BA09C555BBA7}.Release_Soulbrain|Any CPU.ActiveCfg = Release_Kakaowork|Any CPU
		{4A1DE05C-2D60-458E-A56E-BA09C555BBA7}.Release_Soulbrain|Any CPU.Build.0 = Release_Kakaowork|Any CPU
		{4A1DE05C-2D60-458E-A56E-BA09C555BBA7}.Release_UNE_MCS|Any CPU.ActiveCfg = Release_Kakaowork|Any CPU
		{4A1DE05C-2D60-458E-A56E-BA09C555BBA7}.Release_UNE_MCS|Any CPU.Build.0 = Release_Kakaowork|Any CPU
		{4A1DE05C-2D60-458E-A56E-BA09C555BBA7}.Release_UnEInternal|Any CPU.ActiveCfg = Release_Kakaowork|Any CPU
		{4A1DE05C-2D60-458E-A56E-BA09C555BBA7}.Release_UnEInternal|Any CPU.Build.0 = Release_Kakaowork|Any CPU
		{4A1DE05C-2D60-458E-A56E-BA09C555BBA7}.Release_Wonikqnc|Any CPU.ActiveCfg = Release_Kakaowork|Any CPU
		{4A1DE05C-2D60-458E-A56E-BA09C555BBA7}.Release_Wonikqnc|Any CPU.Build.0 = Release_Kakaowork|Any CPU
		{4A1DE05C-2D60-458E-A56E-BA09C555BBA7}.Release|Any CPU.ActiveCfg = Release|Any CPU
		{4A1DE05C-2D60-458E-A56E-BA09C555BBA7}.Release|Any CPU.Build.0 = Release|Any CPU
		{6FA9FF18-8F2B-4128-BD9D-DD1EA3D5D1E2}.Debug|Any CPU.ActiveCfg = Debug|Any CPU
		{6FA9FF18-8F2B-4128-BD9D-DD1EA3D5D1E2}.Debug|Any CPU.Build.0 = Debug|Any CPU
		{6FA9FF18-8F2B-4128-BD9D-DD1EA3D5D1E2}.Release_Kakao|Any CPU.ActiveCfg = Debug|Any CPU
		{6FA9FF18-8F2B-4128-BD9D-DD1EA3D5D1E2}.Release_Kakao|Any CPU.Build.0 = Debug|Any CPU
		{6FA9FF18-8F2B-4128-BD9D-DD1EA3D5D1E2}.Release_Kakaowork|Any CPU.ActiveCfg = Debug|Any CPU
		{6FA9FF18-8F2B-4128-BD9D-DD1EA3D5D1E2}.Release_Kakaowork|Any CPU.Build.0 = Debug|Any CPU
		{6FA9FF18-8F2B-4128-BD9D-DD1EA3D5D1E2}.Release_SKT_MCS|Any CPU.ActiveCfg = Debug|Any CPU
		{6FA9FF18-8F2B-4128-BD9D-DD1EA3D5D1E2}.Release_SKT_MCS|Any CPU.Build.0 = Debug|Any CPU
		{6FA9FF18-8F2B-4128-BD9D-DD1EA3D5D1E2}.Release_Soulbrain_MCS|Any CPU.ActiveCfg = Debug|Any CPU
		{6FA9FF18-8F2B-4128-BD9D-DD1EA3D5D1E2}.Release_Soulbrain_MCS|Any CPU.Build.0 = Debug|Any CPU
		{6FA9FF18-8F2B-4128-BD9D-DD1EA3D5D1E2}.Release_Soulbrain|Any CPU.ActiveCfg = Debug|Any CPU
		{6FA9FF18-8F2B-4128-BD9D-DD1EA3D5D1E2}.Release_Soulbrain|Any CPU.Build.0 = Debug|Any CPU
		{6FA9FF18-8F2B-4128-BD9D-DD1EA3D5D1E2}.Release_UNE_MCS|Any CPU.ActiveCfg = Debug|Any CPU
		{6FA9FF18-8F2B-4128-BD9D-DD1EA3D5D1E2}.Release_UNE_MCS|Any CPU.Build.0 = Debug|Any CPU
		{6FA9FF18-8F2B-4128-BD9D-DD1EA3D5D1E2}.Release_UnEInternal|Any CPU.ActiveCfg = Debug|Any CPU
		{6FA9FF18-8F2B-4128-BD9D-DD1EA3D5D1E2}.Release_UnEInternal|Any CPU.Build.0 = Debug|Any CPU
		{6FA9FF18-8F2B-4128-BD9D-DD1EA3D5D1E2}.Release_Wonikqnc|Any CPU.ActiveCfg = Debug|Any CPU
		{6FA9FF18-8F2B-4128-BD9D-DD1EA3D5D1E2}.Release_Wonikqnc|Any CPU.Build.0 = Debug|Any CPU
		{6FA9FF18-8F2B-4128-BD9D-DD1EA3D5D1E2}.Release|Any CPU.ActiveCfg = Release|Any CPU
		{6FA9FF18-8F2B-4128-BD9D-DD1EA3D5D1E2}.Release|Any CPU.Build.0 = Release|Any CPU
		{4CE51F4D-A55E-4078-BB9E-EC58FB896F59}.Debug|Any CPU.ActiveCfg = Debug|Any CPU
		{4CE51F4D-A55E-4078-BB9E-EC58FB896F59}.Debug|Any CPU.Build.0 = Debug|Any CPU
		{4CE51F4D-A55E-4078-BB9E-EC58FB896F59}.Release_Kakao|Any CPU.ActiveCfg = Debug|Any CPU
		{4CE51F4D-A55E-4078-BB9E-EC58FB896F59}.Release_Kakao|Any CPU.Build.0 = Debug|Any CPU
		{4CE51F4D-A55E-4078-BB9E-EC58FB896F59}.Release_Kakaowork|Any CPU.ActiveCfg = Debug|Any CPU
		{4CE51F4D-A55E-4078-BB9E-EC58FB896F59}.Release_Kakaowork|Any CPU.Build.0 = Debug|Any CPU
		{4CE51F4D-A55E-4078-BB9E-EC58FB896F59}.Release_SKT_MCS|Any CPU.ActiveCfg = Debug|Any CPU
		{4CE51F4D-A55E-4078-BB9E-EC58FB896F59}.Release_SKT_MCS|Any CPU.Build.0 = Debug|Any CPU
		{4CE51F4D-A55E-4078-BB9E-EC58FB896F59}.Release_Soulbrain_MCS|Any CPU.ActiveCfg = Debug|Any CPU
		{4CE51F4D-A55E-4078-BB9E-EC58FB896F59}.Release_Soulbrain_MCS|Any CPU.Build.0 = Debug|Any CPU
		{4CE51F4D-A55E-4078-BB9E-EC58FB896F59}.Release_Soulbrain|Any CPU.ActiveCfg = Debug|Any CPU
		{4CE51F4D-A55E-4078-BB9E-EC58FB896F59}.Release_Soulbrain|Any CPU.Build.0 = Debug|Any CPU
		{4CE51F4D-A55E-4078-BB9E-EC58FB896F59}.Release_UNE_MCS|Any CPU.ActiveCfg = Debug|Any CPU
		{4CE51F4D-A55E-4078-BB9E-EC58FB896F59}.Release_UNE_MCS|Any CPU.Build.0 = Debug|Any CPU
		{4CE51F4D-A55E-4078-BB9E-EC58FB896F59}.Release_UnEInternal|Any CPU.ActiveCfg = Debug|Any CPU
		{4CE51F4D-A55E-4078-BB9E-EC58FB896F59}.Release_UnEInternal|Any CPU.Build.0 = Debug|Any CPU
		{4CE51F4D-A55E-4078-BB9E-EC58FB896F59}.Release_Wonikqnc|Any CPU.ActiveCfg = Debug|Any CPU
		{4CE51F4D-A55E-4078-BB9E-EC58FB896F59}.Release_Wonikqnc|Any CPU.Build.0 = Debug|Any CPU
		{4CE51F4D-A55E-4078-BB9E-EC58FB896F59}.Release|Any CPU.ActiveCfg = Release|Any CPU
		{4CE51F4D-A55E-4078-BB9E-EC58FB896F59}.Release|Any CPU.Build.0 = Release|Any CPU
		{D69B8620-07B0-47D2-AD00-0BE31991CA0D}.Debug|Any CPU.ActiveCfg = Debug|Any CPU
		{D69B8620-07B0-47D2-AD00-0BE31991CA0D}.Debug|Any CPU.Build.0 = Debug|Any CPU
		{D69B8620-07B0-47D2-AD00-0BE31991CA0D}.Release_Kakao|Any CPU.ActiveCfg = Debug|Any CPU
		{D69B8620-07B0-47D2-AD00-0BE31991CA0D}.Release_Kakao|Any CPU.Build.0 = Debug|Any CPU
		{D69B8620-07B0-47D2-AD00-0BE31991CA0D}.Release_Kakaowork|Any CPU.ActiveCfg = Debug|Any CPU
		{D69B8620-07B0-47D2-AD00-0BE31991CA0D}.Release_Kakaowork|Any CPU.Build.0 = Debug|Any CPU
		{D69B8620-07B0-47D2-AD00-0BE31991CA0D}.Release_SKT_MCS|Any CPU.ActiveCfg = Debug|Any CPU
		{D69B8620-07B0-47D2-AD00-0BE31991CA0D}.Release_SKT_MCS|Any CPU.Build.0 = Debug|Any CPU
		{D69B8620-07B0-47D2-AD00-0BE31991CA0D}.Release_Soulbrain_MCS|Any CPU.ActiveCfg = Debug|Any CPU
		{D69B8620-07B0-47D2-AD00-0BE31991CA0D}.Release_Soulbrain_MCS|Any CPU.Build.0 = Debug|Any CPU
		{D69B8620-07B0-47D2-AD00-0BE31991CA0D}.Release_Soulbrain|Any CPU.ActiveCfg = Debug|Any CPU
		{D69B8620-07B0-47D2-AD00-0BE31991CA0D}.Release_Soulbrain|Any CPU.Build.0 = Debug|Any CPU
		{D69B8620-07B0-47D2-AD00-0BE31991CA0D}.Release_UNE_MCS|Any CPU.ActiveCfg = Debug|Any CPU
		{D69B8620-07B0-47D2-AD00-0BE31991CA0D}.Release_UNE_MCS|Any CPU.Build.0 = Debug|Any CPU
		{D69B8620-07B0-47D2-AD00-0BE31991CA0D}.Release_UnEInternal|Any CPU.ActiveCfg = Debug|Any CPU
		{D69B8620-07B0-47D2-AD00-0BE31991CA0D}.Release_UnEInternal|Any CPU.Build.0 = Debug|Any CPU
		{D69B8620-07B0-47D2-AD00-0BE31991CA0D}.Release_Wonikqnc|Any CPU.ActiveCfg = Debug|Any CPU
		{D69B8620-07B0-47D2-AD00-0BE31991CA0D}.Release_Wonikqnc|Any CPU.Build.0 = Debug|Any CPU
		{D69B8620-07B0-47D2-AD00-0BE31991CA0D}.Release|Any CPU.ActiveCfg = Release|Any CPU
		{D69B8620-07B0-47D2-AD00-0BE31991CA0D}.Release|Any CPU.Build.0 = Release|Any CPU
		{64CA7D97-B104-47BF-8C6A-60BE64B32A23}.Debug|Any CPU.ActiveCfg = Debug|Any CPU
		{64CA7D97-B104-47BF-8C6A-60BE64B32A23}.Debug|Any CPU.Build.0 = Debug|Any CPU
		{64CA7D97-B104-47BF-8C6A-60BE64B32A23}.Release_Kakao|Any CPU.ActiveCfg = Debug|Any CPU
		{64CA7D97-B104-47BF-8C6A-60BE64B32A23}.Release_Kakao|Any CPU.Build.0 = Debug|Any CPU
		{64CA7D97-B104-47BF-8C6A-60BE64B32A23}.Release_Kakaowork|Any CPU.ActiveCfg = Debug|Any CPU
		{64CA7D97-B104-47BF-8C6A-60BE64B32A23}.Release_Kakaowork|Any CPU.Build.0 = Debug|Any CPU
		{64CA7D97-B104-47BF-8C6A-60BE64B32A23}.Release_SKT_MCS|Any CPU.ActiveCfg = Debug|Any CPU
		{64CA7D97-B104-47BF-8C6A-60BE64B32A23}.Release_SKT_MCS|Any CPU.Build.0 = Debug|Any CPU
		{64CA7D97-B104-47BF-8C6A-60BE64B32A23}.Release_Soulbrain_MCS|Any CPU.ActiveCfg = Debug|Any CPU
		{64CA7D97-B104-47BF-8C6A-60BE64B32A23}.Release_Soulbrain_MCS|Any CPU.Build.0 = Debug|Any CPU
		{64CA7D97-B104-47BF-8C6A-60BE64B32A23}.Release_Soulbrain|Any CPU.ActiveCfg = Debug|Any CPU
		{64CA7D97-B104-47BF-8C6A-60BE64B32A23}.Release_Soulbrain|Any CPU.Build.0 = Debug|Any CPU
		{64CA7D97-B104-47BF-8C6A-60BE64B32A23}.Release_UNE_MCS|Any CPU.ActiveCfg = Debug|Any CPU
		{64CA7D97-B104-47BF-8C6A-60BE64B32A23}.Release_UNE_MCS|Any CPU.Build.0 = Debug|Any CPU
		{64CA7D97-B104-47BF-8C6A-60BE64B32A23}.Release_UnEInternal|Any CPU.ActiveCfg = Debug|Any CPU
		{64CA7D97-B104-47BF-8C6A-60BE64B32A23}.Release_UnEInternal|Any CPU.Build.0 = Debug|Any CPU
		{64CA7D97-B104-47BF-8C6A-60BE64B32A23}.Release_Wonikqnc|Any CPU.ActiveCfg = Debug|Any CPU
		{64CA7D97-B104-47BF-8C6A-60BE64B32A23}.Release_Wonikqnc|Any CPU.Build.0 = Debug|Any CPU
		{64CA7D97-B104-47BF-8C6A-60BE64B32A23}.Release|Any CPU.ActiveCfg = Release|Any CPU
		{64CA7D97-B104-47BF-8C6A-60BE64B32A23}.Release|Any CPU.Build.0 = Release|Any CPU
		{88CA8FD5-0B9F-4D43-8873-BBF6EA8FF7B6}.Debug|Any CPU.ActiveCfg = Debug|Any CPU
		{88CA8FD5-0B9F-4D43-8873-BBF6EA8FF7B6}.Debug|Any CPU.Build.0 = Debug|Any CPU
		{88CA8FD5-0B9F-4D43-8873-BBF6EA8FF7B6}.Release_Kakao|Any CPU.ActiveCfg = Debug|Any CPU
		{88CA8FD5-0B9F-4D43-8873-BBF6EA8FF7B6}.Release_Kakao|Any CPU.Build.0 = Debug|Any CPU
		{88CA8FD5-0B9F-4D43-8873-BBF6EA8FF7B6}.Release_Kakaowork|Any CPU.ActiveCfg = Debug|Any CPU
		{88CA8FD5-0B9F-4D43-8873-BBF6EA8FF7B6}.Release_Kakaowork|Any CPU.Build.0 = Debug|Any CPU
		{88CA8FD5-0B9F-4D43-8873-BBF6EA8FF7B6}.Release_SKT_MCS|Any CPU.ActiveCfg = Debug|Any CPU
		{88CA8FD5-0B9F-4D43-8873-BBF6EA8FF7B6}.Release_SKT_MCS|Any CPU.Build.0 = Debug|Any CPU
		{88CA8FD5-0B9F-4D43-8873-BBF6EA8FF7B6}.Release_Soulbrain_MCS|Any CPU.ActiveCfg = Debug|Any CPU
		{88CA8FD5-0B9F-4D43-8873-BBF6EA8FF7B6}.Release_Soulbrain_MCS|Any CPU.Build.0 = Debug|Any CPU
		{88CA8FD5-0B9F-4D43-8873-BBF6EA8FF7B6}.Release_Soulbrain|Any CPU.ActiveCfg = Debug|Any CPU
		{88CA8FD5-0B9F-4D43-8873-BBF6EA8FF7B6}.Release_Soulbrain|Any CPU.Build.0 = Debug|Any CPU
		{88CA8FD5-0B9F-4D43-8873-BBF6EA8FF7B6}.Release_UNE_MCS|Any CPU.ActiveCfg = Debug|Any CPU
		{88CA8FD5-0B9F-4D43-8873-BBF6EA8FF7B6}.Release_UNE_MCS|Any CPU.Build.0 = Debug|Any CPU
		{88CA8FD5-0B9F-4D43-8873-BBF6EA8FF7B6}.Release_UnEInternal|Any CPU.ActiveCfg = Debug|Any CPU
		{88CA8FD5-0B9F-4D43-8873-BBF6EA8FF7B6}.Release_UnEInternal|Any CPU.Build.0 = Debug|Any CPU
		{88CA8FD5-0B9F-4D43-8873-BBF6EA8FF7B6}.Release_Wonikqnc|Any CPU.ActiveCfg = Debug|Any CPU
		{88CA8FD5-0B9F-4D43-8873-BBF6EA8FF7B6}.Release_Wonikqnc|Any CPU.Build.0 = Debug|Any CPU
		{88CA8FD5-0B9F-4D43-8873-BBF6EA8FF7B6}.Release|Any CPU.ActiveCfg = Release|Any CPU
		{88CA8FD5-0B9F-4D43-8873-BBF6EA8FF7B6}.Release|Any CPU.Build.0 = Release|Any CPU
		{E0DE0FC6-09C6-4C24-B2BC-C6038FC10F50}.Debug|Any CPU.ActiveCfg = Debug|Any CPU
		{E0DE0FC6-09C6-4C24-B2BC-C6038FC10F50}.Debug|Any CPU.Build.0 = Debug|Any CPU
		{E0DE0FC6-09C6-4C24-B2BC-C6038FC10F50}.Release_Kakao|Any CPU.ActiveCfg = Release|Any CPU
		{E0DE0FC6-09C6-4C24-B2BC-C6038FC10F50}.Release_Kakao|Any CPU.Build.0 = Release|Any CPU
		{E0DE0FC6-09C6-4C24-B2BC-C6038FC10F50}.Release_Kakaowork|Any CPU.ActiveCfg = Release|Any CPU
		{E0DE0FC6-09C6-4C24-B2BC-C6038FC10F50}.Release_Kakaowork|Any CPU.Build.0 = Release|Any CPU
		{E0DE0FC6-09C6-4C24-B2BC-C6038FC10F50}.Release_SKT_MCS|Any CPU.ActiveCfg = Release|Any CPU
		{E0DE0FC6-09C6-4C24-B2BC-C6038FC10F50}.Release_SKT_MCS|Any CPU.Build.0 = Release|Any CPU
		{E0DE0FC6-09C6-4C24-B2BC-C6038FC10F50}.Release_Soulbrain_MCS|Any CPU.ActiveCfg = Release|Any CPU
		{E0DE0FC6-09C6-4C24-B2BC-C6038FC10F50}.Release_Soulbrain_MCS|Any CPU.Build.0 = Release|Any CPU
		{E0DE0FC6-09C6-4C24-B2BC-C6038FC10F50}.Release_Soulbrain|Any CPU.ActiveCfg = Release|Any CPU
		{E0DE0FC6-09C6-4C24-B2BC-C6038FC10F50}.Release_Soulbrain|Any CPU.Build.0 = Release|Any CPU
		{E0DE0FC6-09C6-4C24-B2BC-C6038FC10F50}.Release_UNE_MCS|Any CPU.ActiveCfg = Release|Any CPU
		{E0DE0FC6-09C6-4C24-B2BC-C6038FC10F50}.Release_UNE_MCS|Any CPU.Build.0 = Release|Any CPU
		{E0DE0FC6-09C6-4C24-B2BC-C6038FC10F50}.Release_UnEInternal|Any CPU.ActiveCfg = Release|Any CPU
		{E0DE0FC6-09C6-4C24-B2BC-C6038FC10F50}.Release_UnEInternal|Any CPU.Build.0 = Release|Any CPU
		{E0DE0FC6-09C6-4C24-B2BC-C6038FC10F50}.Release_Wonikqnc|Any CPU.ActiveCfg = Release|Any CPU
		{E0DE0FC6-09C6-4C24-B2BC-C6038FC10F50}.Release_Wonikqnc|Any CPU.Build.0 = Release|Any CPU
		{E0DE0FC6-09C6-4C24-B2BC-C6038FC10F50}.Release|Any CPU.ActiveCfg = Release|Any CPU
		{E0DE0FC6-09C6-4C24-B2BC-C6038FC10F50}.Release|Any CPU.Build.0 = Release|Any CPU
	EndGlobalSection
	GlobalSection(SolutionProperties) = preSolution
		HideSolutionNode = FALSE
	EndGlobalSection
	GlobalSection(NestedProjects) = preSolution
		{BA211D8F-0BD4-4A47-AA1B-4867696F8139} = {F992775F-E59F-49E5-AA7F-A693F25C8DAA}
		{EBB85139-29C6-43B3-86E4-DB769905BDB0} = {02D3B6EF-91DD-4665-92D8-B613842268DD}
		{71585CA9-2C7B-49F5-88BD-819FF07E044F} = {02D3B6EF-91DD-4665-92D8-B613842268DD}
		{77439AED-2E9F-4676-8ECC-385AAE06B33E} = {02D3B6EF-91DD-4665-92D8-B613842268DD}
		{F8D63C02-03B9-417D-AFAE-CF8DF4BFEFEC} = {02D3B6EF-91DD-4665-92D8-B613842268DD}
		{D2CEA4D0-9736-457F-8A9D-5D397C52FEF8} = {02D3B6EF-91DD-4665-92D8-B613842268DD}
		{35E4DF0D-B4C5-40D5-8003-71072CF438E1} = {02D3B6EF-91DD-4665-92D8-B613842268DD}
		{18798533-0171-449D-B8AB-215937477904} = {02D3B6EF-91DD-4665-92D8-B613842268DD}
		{DEDC5F4F-4B10-48E5-967C-741016FF8FF4} = {02D3B6EF-91DD-4665-92D8-B613842268DD}
		{D26305CE-6C0C-45D8-83E9-C9519D4D258A} = {35A843C8-3144-4469-B8E2-7D8A862A56FB}
		{1595641A-3076-4CE6-A9E8-7410810AAECE} = {35A843C8-3144-4469-B8E2-7D8A862A56FB}
		{0F0E8F51-D2C9-4D4C-B18D-94EF0FA7FCDF} = {35A843C8-3144-4469-B8E2-7D8A862A56FB}
		{CE64F12D-C35F-4E88-B8F9-A62275BF4A61} = {35A843C8-3144-4469-B8E2-7D8A862A56FB}
		{05F03BCD-142A-42A7-9594-58C240565707} = {35A843C8-3144-4469-B8E2-7D8A862A56FB}
		{9B5C93C5-09FB-480F-A09A-A2B73AE0E19B} = {35A843C8-3144-4469-B8E2-7D8A862A56FB}
		{A435FF4D-5B37-4A68-90AE-1752D7454304} = {381DED71-0023-4759-82AB-8D5694B04C64}
		{68A96E86-9C8B-4FAC-B8F8-6C75A2FCF86E} = {381DED71-0023-4759-82AB-8D5694B04C64}
		{CF6CC7F5-8B26-4C2F-BF87-BDC67CFC4C80} = {381DED71-0023-4759-82AB-8D5694B04C64}
		{FE25B08C-41D4-4BBE-8821-BCC9BC251DC9} = {381DED71-0023-4759-82AB-8D5694B04C64}
		{AB4B1996-3830-496A-81A4-00E770C942CD} = {381DED71-0023-4759-82AB-8D5694B04C64}
		{8293F841-D039-4DAC-8CB0-0F8540606ABB} = {381DED71-0023-4759-82AB-8D5694B04C64}
		{AE206C7B-5275-4F7F-8608-F1CFC1393785} = {381DED71-0023-4759-82AB-8D5694B04C64}
		{418A4614-F322-43CA-AA6F-B906329FBCE7} = {381DED71-0023-4759-82AB-8D5694B04C64}
		{F56F1117-5AAE-401A-80D5-17836C1D82B7} = {381DED71-0023-4759-82AB-8D5694B04C64}
		{481A27F0-C0E8-4ACF-9517-5855DB000645} = {381DED71-0023-4759-82AB-8D5694B04C64}
		{B1366679-E56E-44FB-9C66-FC0AB938CD45} = {381DED71-0023-4759-82AB-8D5694B04C64}
		{4A1DE05C-2D60-458E-A56E-BA09C555BBA7} = {381DED71-0023-4759-82AB-8D5694B04C64}
		{4CE51F4D-A55E-4078-BB9E-EC58FB896F59} = {35A843C8-3144-4469-B8E2-7D8A862A56FB}
		{D69B8620-07B0-47D2-AD00-0BE31991CA0D} = {381DED71-0023-4759-82AB-8D5694B04C64}
		{64CA7D97-B104-47BF-8C6A-60BE64B32A23} = {381DED71-0023-4759-82AB-8D5694B04C64}
		{88CA8FD5-0B9F-4D43-8873-BBF6EA8FF7B6} = {02D3B6EF-91DD-4665-92D8-B613842268DD}
		{E0DE0FC6-09C6-4C24-B2BC-C6038FC10F50} = {02D3B6EF-91DD-4665-92D8-B613842268DD}
	EndGlobalSection
	GlobalSection(ExtensibilityGlobals) = postSolution
		SolutionGuid = {C466C9B0-367F-4B85-8249-799B775929B6}
	EndGlobalSection
EndGlobal
