
Microsoft Visual Studio Solution File, Format Version 12.00
# Visual Studio Version 16
VisualStudioVersion = 16.0.30907.101
MinimumVisualStudioVersion = 10.0.40219.1
Project("{9A19103F-16F7-4668-BE54-9A1E7A4F7556}") = "Nipa2023", "Nipa2023\Nipa2023.csproj", "{3AF68D46-53BD-45B6-BCC8-304D3692AE03}"
EndProject
Project("{9A19103F-16F7-4668-BE54-9A1E7A4F7556}") = "Nipa.Model", "Nipa.Model\Nipa.Model.csproj", "{4DA96B98-9143-498B-A567-2B1012053A70}"
EndProject
Project("{2150E333-8FDC-42A3-9474-1A3956D46DE8}") = "Common", "Common", "{9F4733E3-DE43-4DE0-81E6-8D63C1C8EC98}"
EndProject
Project("{9A19103F-16F7-4668-BE54-9A1E7A4F7556}") = "dnsDapperDBUtil", "..\..\..\esdk\workspace\dnsDapperDBUtil\dnsDapperDBUtil\dnsDapperDBUtil.csproj", "{9B74D26B-D9AA-44A4-8E63-4E70C40704E0}"
EndProject
Project("{2150E333-8FDC-42A3-9474-1A3956D46DE8}") = "BusinessLogicLayer", "BusinessLogicLayer", "{AE712AEE-2E0D-4CA8-B531-89AE24A4F0A5}"
EndProject
Project("{9A19103F-16F7-4668-BE54-9A1E7A4F7556}") = "Nipa.BLL", "Nipa.BLL\Nipa.BLL.csproj", "{8B77289D-640C-4CA2-8811-95BAD936FB07}"
EndProject
Project("{2150E333-8FDC-42A3-9474-1A3956D46DE8}") = "DataAccessLayer", "DataAccessLayer", "{5121C382-55FC-497B-8A1A-A388CD81C3B3}"
EndProject
Project("{9A19103F-16F7-4668-BE54-9A1E7A4F7556}") = "Nipa.DAL", "Nipa.DAL\Nipa.DAL.csproj", "{0A59F82E-ED28-40E8-9FD6-06D859F1764B}"
EndProject
Project("{2150E333-8FDC-42A3-9474-1A3956D46DE8}") = "External", "External", "{A9C7309C-C6BA-4AC5-8B01-92275D3A6814}"
EndProject
Project("{9A19103F-16F7-4668-BE54-9A1E7A4F7556}") = "dnsDBUtil", "..\..\..\esdk\workspace\DNS_DBUtil\DNS_DBUtil\dnsDBUtil.csproj", "{472FED50-8ADD-4AB2-A3D8-ADBB54769B1C}"
EndProject
Project("{9A19103F-16F7-4668-BE54-9A1E7A4F7556}") = "dnsSMS", "..\DNS\dnsSMS\dnsSMS\dnsSMS.csproj", "{85AEAA24-8C3F-4D20-AD89-E4D6491D954B}"
EndProject
Project("{9092AA53-FB77-4645-B42D-1CCCA6BD08BD}") = "NipaElectron", "NipaElectron\NipaElectron\NipaElectron.njsproj", "{32CB53FB-A0FF-49DD-8331-F6A80B64C068}"
EndProject
Project("{9A19103F-16F7-4668-BE54-9A1E7A4F7556}") = "dnsCommunicateSopServer", "..\DNS\dnsCommunicateSopServer\dnsCommunicateSopServer.csproj", "{D8D11BC4-16C3-4719-BF7A-C0F1D5903C98}"
EndProject
Project("{9A19103F-16F7-4668-BE54-9A1E7A4F7556}") = "dnsData", "..\DNS\dnsData\dnsData.csproj", "{291BCF53-64B3-4C57-8888-D62CEE093BB8}"
EndProject
Project("{9A19103F-16F7-4668-BE54-9A1E7A4F7556}") = "dnsSopID", "..\DNS\dnsSopID\dnsSopID.csproj", "{D8BD1AAF-AC89-4BFB-B43B-BE95E405F0D9}"
EndProject
Project("{9A19103F-16F7-4668-BE54-9A1E7A4F7556}") = "Common.Model", "..\Common\Common.Model\Common.Model.csproj", "{ABE474E9-D964-4D40-BF0D-3960A8653678}"
EndProject
Project("{9A19103F-16F7-4668-BE54-9A1E7A4F7556}") = "Common.IDAL", "..\Common\Common.IDAL\Common.IDAL.csproj", "{268BA9F9-03C1-4524-BF96-A8455B4D6D63}"
EndProject
Project("{9A19103F-16F7-4668-BE54-9A1E7A4F7556}") = "Common.DAL", "..\Common\Common.DAL\Common.DAL.csproj", "{87C5158B-D20F-4F3E-90D7-8A255A032F7B}"
EndProject
Project("{9A19103F-16F7-4668-BE54-9A1E7A4F7556}") = "SOPManager.Model", "..\SOPManager\SOPManager.Model\SOPManager.Model.csproj", "{7A776650-69BE-4202-ADE6-57150776090C}"
EndProject
Project("{9A19103F-16F7-4668-BE54-9A1E7A4F7556}") = "SDMS.Model", "..\SDMS\SDMS.Model\SDMS.Model.csproj", "{D9086926-F13D-4A48-B514-9A5B2E28AE59}"
EndProject
Project("{9A19103F-16F7-4668-BE54-9A1E7A4F7556}") = "SDMS.IDAL", "..\SDMS\SDMS.IDAL\SDMS.IDAL.csproj", "{DAA8FBFE-6DFE-4171-81EC-BFEB4ABB78BA}"
EndProject
Project("{9A19103F-16F7-4668-BE54-9A1E7A4F7556}") = "SOPManager.IDAL", "..\SOPManager\SOPManager.IDAL\SOPManager.IDAL.csproj", "{06FB4CAF-85CE-45FD-A3DC-FCD1BCC28DF1}"
EndProject
Project("{9A19103F-16F7-4668-BE54-9A1E7A4F7556}") = "SOPManager.DAL", "..\SOPManager\SOPManager.DAL\SOPManager.DAL.csproj", "{C63ADD2E-CBDC-40A2-8718-BC475A5B2A37}"
EndProject
Project("{9A19103F-16F7-4668-BE54-9A1E7A4F7556}") = "Common.BLL", "..\Common\Common.BLL\Common.BLL.csproj", "{6C652678-3FBD-40CA-99E8-1B1CBF0E34B0}"
EndProject
Project("{9A19103F-16F7-4668-BE54-9A1E7A4F7556}") = "TeamEditor.Model", "..\TeamEditor\TeamEditor.Model\TeamEditor.Model.csproj", "{4A7B6C16-F829-4AD2-928C-ED77725E4203}"
EndProject
Project("{9A19103F-16F7-4668-BE54-9A1E7A4F7556}") = "TeamEditor.IDAL", "..\TeamEditor\TeamEditor.IDAL\TeamEditor.IDAL.csproj", "{2D3AA97E-6F26-472E-BFE3-7275166797EE}"
EndProject
Project("{9A19103F-16F7-4668-BE54-9A1E7A4F7556}") = "TeamEditor.DAL", "..\TeamEditor\TeamEditor.DAL\TeamEditor.DAL.csproj", "{A8435851-10FF-44E2-BDA0-147D9035229B}"
EndProject
Project("{9A19103F-16F7-4668-BE54-9A1E7A4F7556}") = "SDMS.DAL", "..\SDMS\SDMS.DAL\SDMS.DAL.csproj", "{583BE937-B94C-4CCE-80FD-4E2F8D94081A}"
EndProject
Project("{9A19103F-16F7-4668-BE54-9A1E7A4F7556}") = "SOPManager.BLL", "..\SOPManager\SOPManager.BLL\SOPManager.BLL.csproj", "{94DFF60E-C872-47DB-A76C-031CB3A10331}"
EndProject
Project("{9A19103F-16F7-4668-BE54-9A1E7A4F7556}") = "dnsEmail", "..\DNS\dnsEmail\dnsEmail\dnsEmail.csproj", "{AC411584-FB8C-459C-A3CE-26EC69923E19}"
EndProject
Project("{9A19103F-16F7-4668-BE54-9A1E7A4F7556}") = "SOPSimulator.IDAL", "..\SOPSimulator\SOPSimulator.IDAL\SOPSimulator.IDAL.csproj", "{C2E76406-BF0A-4CC2-8214-BC61A5F3C9AD}"
EndProject
Project("{9A19103F-16F7-4668-BE54-9A1E7A4F7556}") = "SOPSimulator.DAL", "..\SOPSimulator\SOPSimulator.DAL\SOPSimulator.DAL.csproj", "{85FEED0B-5EA2-47CD-A36C-678FAB71E469}"
EndProject
Project("{9A19103F-16F7-4668-BE54-9A1E7A4F7556}") = "SOPSimulator.BLL", "..\SOPSimulator\SOPSimulator.BLL\SOPSimulator.BLL.csproj", "{6F620C22-2CBD-4F99-9F2A-405352909918}"
EndProject
Project("{9A19103F-16F7-4668-BE54-9A1E7A4F7556}") = "TeamEditor.BLL", "..\TeamEditor\TeamEditor.BLL\TeamEditor.BLL.csproj", "{DBB49C5C-6111-4600-8CE7-21DCBC6E541A}"
EndProject
Project("{9A19103F-16F7-4668-BE54-9A1E7A4F7556}") = "dnsBroadcast", "..\DNS\dnsBroadcast\dnsBroadcast\dnsBroadcast.csproj", "{D8635745-B2DF-4EC8-85B5-17E86357F8E1}"
EndProject
Global
	GlobalSection(SolutionConfigurationPlatforms) = preSolution
		Debug|Any CPU = Debug|Any CPU
		Release_Kakao|Any CPU = Release_Kakao|Any CPU
		Release_Kakaowork|Any CPU = Release_Kakaowork|Any CPU
		Release_SKT_MCS|Any CPU = Release_SKT_MCS|Any CPU
		Release_Soulbrain_MCS|Any CPU = Release_Soulbrain_MCS|Any CPU
		Release_Soulbrain|Any CPU = Release_Soulbrain|Any CPU
		Release_UNE_MCS|Any CPU = Release_UNE_MCS|Any CPU
		Release_UnEInternal|Any CPU = Release_UnEInternal|Any CPU
		Release_Wonikqnc|Any CPU = Release_Wonikqnc|Any CPU
		Release|Any CPU = Release|Any CPU
	EndGlobalSection
	GlobalSection(ProjectConfigurationPlatforms) = postSolution
		{3AF68D46-53BD-45B6-BCC8-304D3692AE03}.Debug|Any CPU.ActiveCfg = Debug|Any CPU
		{3AF68D46-53BD-45B6-BCC8-304D3692AE03}.Debug|Any CPU.Build.0 = Debug|Any CPU
		{3AF68D46-53BD-45B6-BCC8-304D3692AE03}.Release_Kakao|Any CPU.ActiveCfg = Release|Any CPU
		{3AF68D46-53BD-45B6-BCC8-304D3692AE03}.Release_Kakao|Any CPU.Build.0 = Release|Any CPU
		{3AF68D46-53BD-45B6-BCC8-304D3692AE03}.Release_Kakaowork|Any CPU.ActiveCfg = Release|Any CPU
		{3AF68D46-53BD-45B6-BCC8-304D3692AE03}.Release_Kakaowork|Any CPU.Build.0 = Release|Any CPU
		{3AF68D46-53BD-45B6-BCC8-304D3692AE03}.Release_SKT_MCS|Any CPU.ActiveCfg = Release|Any CPU
		{3AF68D46-53BD-45B6-BCC8-304D3692AE03}.Release_SKT_MCS|Any CPU.Build.0 = Release|Any CPU
		{3AF68D46-53BD-45B6-BCC8-304D3692AE03}.Release_Soulbrain_MCS|Any CPU.ActiveCfg = Release|Any CPU
		{3AF68D46-53BD-45B6-BCC8-304D3692AE03}.Release_Soulbrain_MCS|Any CPU.Build.0 = Release|Any CPU
		{3AF68D46-53BD-45B6-BCC8-304D3692AE03}.Release_Soulbrain|Any CPU.ActiveCfg = Release|Any CPU
		{3AF68D46-53BD-45B6-BCC8-304D3692AE03}.Release_Soulbrain|Any CPU.Build.0 = Release|Any CPU
		{3AF68D46-53BD-45B6-BCC8-304D3692AE03}.Release_UNE_MCS|Any CPU.ActiveCfg = Release|Any CPU
		{3AF68D46-53BD-45B6-BCC8-304D3692AE03}.Release_UNE_MCS|Any CPU.Build.0 = Release|Any CPU
		{3AF68D46-53BD-45B6-BCC8-304D3692AE03}.Release_UnEInternal|Any CPU.ActiveCfg = Release|Any CPU
		{3AF68D46-53BD-45B6-BCC8-304D3692AE03}.Release_UnEInternal|Any CPU.Build.0 = Release|Any CPU
		{3AF68D46-53BD-45B6-BCC8-304D3692AE03}.Release_Wonikqnc|Any CPU.ActiveCfg = Release|Any CPU
		{3AF68D46-53BD-45B6-BCC8-304D3692AE03}.Release_Wonikqnc|Any CPU.Build.0 = Release|Any CPU
		{3AF68D46-53BD-45B6-BCC8-304D3692AE03}.Release|Any CPU.ActiveCfg = Release|Any CPU
		{3AF68D46-53BD-45B6-BCC8-304D3692AE03}.Release|Any CPU.Build.0 = Release|Any CPU
		{4DA96B98-9143-498B-A567-2B1012053A70}.Debug|Any CPU.ActiveCfg = Debug|Any CPU
		{4DA96B98-9143-498B-A567-2B1012053A70}.Debug|Any CPU.Build.0 = Debug|Any CPU
		{4DA96B98-9143-498B-A567-2B1012053A70}.Release_Kakao|Any CPU.ActiveCfg = Release|Any CPU
		{4DA96B98-9143-498B-A567-2B1012053A70}.Release_Kakao|Any CPU.Build.0 = Release|Any CPU
		{4DA96B98-9143-498B-A567-2B1012053A70}.Release_Kakaowork|Any CPU.ActiveCfg = Release|Any CPU
		{4DA96B98-9143-498B-A567-2B1012053A70}.Release_Kakaowork|Any CPU.Build.0 = Release|Any CPU
		{4DA96B98-9143-498B-A567-2B1012053A70}.Release_SKT_MCS|Any CPU.ActiveCfg = Release|Any CPU
		{4DA96B98-9143-498B-A567-2B1012053A70}.Release_SKT_MCS|Any CPU.Build.0 = Release|Any CPU
		{4DA96B98-9143-498B-A567-2B1012053A70}.Release_Soulbrain_MCS|Any CPU.ActiveCfg = Release|Any CPU
		{4DA96B98-9143-498B-A567-2B1012053A70}.Release_Soulbrain_MCS|Any CPU.Build.0 = Release|Any CPU
		{4DA96B98-9143-498B-A567-2B1012053A70}.Release_Soulbrain|Any CPU.ActiveCfg = Release|Any CPU
		{4DA96B98-9143-498B-A567-2B1012053A70}.Release_Soulbrain|Any CPU.Build.0 = Release|Any CPU
		{4DA96B98-9143-498B-A567-2B1012053A70}.Release_UNE_MCS|Any CPU.ActiveCfg = Release|Any CPU
		{4DA96B98-9143-498B-A567-2B1012053A70}.Release_UNE_MCS|Any CPU.Build.0 = Release|Any CPU
		{4DA96B98-9143-498B-A567-2B1012053A70}.Release_UnEInternal|Any CPU.ActiveCfg = Release|Any CPU
		{4DA96B98-9143-498B-A567-2B1012053A70}.Release_UnEInternal|Any CPU.Build.0 = Release|Any CPU
		{4DA96B98-9143-498B-A567-2B1012053A70}.Release_Wonikqnc|Any CPU.ActiveCfg = Release|Any CPU
		{4DA96B98-9143-498B-A567-2B1012053A70}.Release_Wonikqnc|Any CPU.Build.0 = Release|Any CPU
		{4DA96B98-9143-498B-A567-2B1012053A70}.Release|Any CPU.ActiveCfg = Release|Any CPU
		{4DA96B98-9143-498B-A567-2B1012053A70}.Release|Any CPU.Build.0 = Release|Any CPU
		{9B74D26B-D9AA-44A4-8E63-4E70C40704E0}.Debug|Any CPU.ActiveCfg = Debug|Any CPU
		{9B74D26B-D9AA-44A4-8E63-4E70C40704E0}.Debug|Any CPU.Build.0 = Debug|Any CPU
		{9B74D26B-D9AA-44A4-8E63-4E70C40704E0}.Release_Kakao|Any CPU.ActiveCfg = Release|Any CPU
		{9B74D26B-D9AA-44A4-8E63-4E70C40704E0}.Release_Kakao|Any CPU.Build.0 = Release|Any CPU
		{9B74D26B-D9AA-44A4-8E63-4E70C40704E0}.Release_Kakaowork|Any CPU.ActiveCfg = Release|Any CPU
		{9B74D26B-D9AA-44A4-8E63-4E70C40704E0}.Release_Kakaowork|Any CPU.Build.0 = Release|Any CPU
		{9B74D26B-D9AA-44A4-8E63-4E70C40704E0}.Release_SKT_MCS|Any CPU.ActiveCfg = Release|Any CPU
		{9B74D26B-D9AA-44A4-8E63-4E70C40704E0}.Release_SKT_MCS|Any CPU.Build.0 = Release|Any CPU
		{9B74D26B-D9AA-44A4-8E63-4E70C40704E0}.Release_Soulbrain_MCS|Any CPU.ActiveCfg = Release|Any CPU
		{9B74D26B-D9AA-44A4-8E63-4E70C40704E0}.Release_Soulbrain_MCS|Any CPU.Build.0 = Release|Any CPU
		{9B74D26B-D9AA-44A4-8E63-4E70C40704E0}.Release_Soulbrain|Any CPU.ActiveCfg = Release|Any CPU
		{9B74D26B-D9AA-44A4-8E63-4E70C40704E0}.Release_Soulbrain|Any CPU.Build.0 = Release|Any CPU
		{9B74D26B-D9AA-44A4-8E63-4E70C40704E0}.Release_UNE_MCS|Any CPU.ActiveCfg = Release|Any CPU
		{9B74D26B-D9AA-44A4-8E63-4E70C40704E0}.Release_UNE_MCS|Any CPU.Build.0 = Release|Any CPU
		{9B74D26B-D9AA-44A4-8E63-4E70C40704E0}.Release_UnEInternal|Any CPU.ActiveCfg = Release|Any CPU
		{9B74D26B-D9AA-44A4-8E63-4E70C40704E0}.Release_UnEInternal|Any CPU.Build.0 = Release|Any CPU
		{9B74D26B-D9AA-44A4-8E63-4E70C40704E0}.Release_Wonikqnc|Any CPU.ActiveCfg = Release|Any CPU
		{9B74D26B-D9AA-44A4-8E63-4E70C40704E0}.Release_Wonikqnc|Any CPU.Build.0 = Release|Any CPU
		{9B74D26B-D9AA-44A4-8E63-4E70C40704E0}.Release|Any CPU.ActiveCfg = Release|Any CPU
		{9B74D26B-D9AA-44A4-8E63-4E70C40704E0}.Release|Any CPU.Build.0 = Release|Any CPU
		{8B77289D-640C-4CA2-8811-95BAD936FB07}.Debug|Any CPU.ActiveCfg = Debug|Any CPU
		{8B77289D-640C-4CA2-8811-95BAD936FB07}.Debug|Any CPU.Build.0 = Debug|Any CPU
		{8B77289D-640C-4CA2-8811-95BAD936FB07}.Release_Kakao|Any CPU.ActiveCfg = Release|Any CPU
		{8B77289D-640C-4CA2-8811-95BAD936FB07}.Release_Kakao|Any CPU.Build.0 = Release|Any CPU
		{8B77289D-640C-4CA2-8811-95BAD936FB07}.Release_Kakaowork|Any CPU.ActiveCfg = Release|Any CPU
		{8B77289D-640C-4CA2-8811-95BAD936FB07}.Release_Kakaowork|Any CPU.Build.0 = Release|Any CPU
		{8B77289D-640C-4CA2-8811-95BAD936FB07}.Release_SKT_MCS|Any CPU.ActiveCfg = Release|Any CPU
		{8B77289D-640C-4CA2-8811-95BAD936FB07}.Release_SKT_MCS|Any CPU.Build.0 = Release|Any CPU
		{8B77289D-640C-4CA2-8811-95BAD936FB07}.Release_Soulbrain_MCS|Any CPU.ActiveCfg = Release|Any CPU
		{8B77289D-640C-4CA2-8811-95BAD936FB07}.Release_Soulbrain_MCS|Any CPU.Build.0 = Release|Any CPU
		{8B77289D-640C-4CA2-8811-95BAD936FB07}.Release_Soulbrain|Any CPU.ActiveCfg = Release|Any CPU
		{8B77289D-640C-4CA2-8811-95BAD936FB07}.Release_Soulbrain|Any CPU.Build.0 = Release|Any CPU
		{8B77289D-640C-4CA2-8811-95BAD936FB07}.Release_UNE_MCS|Any CPU.ActiveCfg = Release|Any CPU
		{8B77289D-640C-4CA2-8811-95BAD936FB07}.Release_UNE_MCS|Any CPU.Build.0 = Release|Any CPU
		{8B77289D-640C-4CA2-8811-95BAD936FB07}.Release_UnEInternal|Any CPU.ActiveCfg = Release|Any CPU
		{8B77289D-640C-4CA2-8811-95BAD936FB07}.Release_UnEInternal|Any CPU.Build.0 = Release|Any CPU
		{8B77289D-640C-4CA2-8811-95BAD936FB07}.Release_Wonikqnc|Any CPU.ActiveCfg = Release|Any CPU
		{8B77289D-640C-4CA2-8811-95BAD936FB07}.Release_Wonikqnc|Any CPU.Build.0 = Release|Any CPU
		{8B77289D-640C-4CA2-8811-95BAD936FB07}.Release|Any CPU.ActiveCfg = Release|Any CPU
		{8B77289D-640C-4CA2-8811-95BAD936FB07}.Release|Any CPU.Build.0 = Release|Any CPU
		{0A59F82E-ED28-40E8-9FD6-06D859F1764B}.Debug|Any CPU.ActiveCfg = Debug|Any CPU
		{0A59F82E-ED28-40E8-9FD6-06D859F1764B}.Debug|Any CPU.Build.0 = Debug|Any CPU
		{0A59F82E-ED28-40E8-9FD6-06D859F1764B}.Release_Kakao|Any CPU.ActiveCfg = Release|Any CPU
		{0A59F82E-ED28-40E8-9FD6-06D859F1764B}.Release_Kakao|Any CPU.Build.0 = Release|Any CPU
		{0A59F82E-ED28-40E8-9FD6-06D859F1764B}.Release_Kakaowork|Any CPU.ActiveCfg = Release|Any CPU
		{0A59F82E-ED28-40E8-9FD6-06D859F1764B}.Release_Kakaowork|Any CPU.Build.0 = Release|Any CPU
		{0A59F82E-ED28-40E8-9FD6-06D859F1764B}.Release_SKT_MCS|Any CPU.ActiveCfg = Release|Any CPU
		{0A59F82E-ED28-40E8-9FD6-06D859F1764B}.Release_SKT_MCS|Any CPU.Build.0 = Release|Any CPU
		{0A59F82E-ED28-40E8-9FD6-06D859F1764B}.Release_Soulbrain_MCS|Any CPU.ActiveCfg = Release|Any CPU
		{0A59F82E-ED28-40E8-9FD6-06D859F1764B}.Release_Soulbrain_MCS|Any CPU.Build.0 = Release|Any CPU
		{0A59F82E-ED28-40E8-9FD6-06D859F1764B}.Release_Soulbrain|Any CPU.ActiveCfg = Release|Any CPU
		{0A59F82E-ED28-40E8-9FD6-06D859F1764B}.Release_Soulbrain|Any CPU.Build.0 = Release|Any CPU
		{0A59F82E-ED28-40E8-9FD6-06D859F1764B}.Release_UNE_MCS|Any CPU.ActiveCfg = Release|Any CPU
		{0A59F82E-ED28-40E8-9FD6-06D859F1764B}.Release_UNE_MCS|Any CPU.Build.0 = Release|Any CPU
		{0A59F82E-ED28-40E8-9FD6-06D859F1764B}.Release_UnEInternal|Any CPU.ActiveCfg = Release|Any CPU
		{0A59F82E-ED28-40E8-9FD6-06D859F1764B}.Release_UnEInternal|Any CPU.Build.0 = Release|Any CPU
		{0A59F82E-ED28-40E8-9FD6-06D859F1764B}.Release_Wonikqnc|Any CPU.ActiveCfg = Release|Any CPU
		{0A59F82E-ED28-40E8-9FD6-06D859F1764B}.Release_Wonikqnc|Any CPU.Build.0 = Release|Any CPU
		{0A59F82E-ED28-40E8-9FD6-06D859F1764B}.Release|Any CPU.ActiveCfg = Release|Any CPU
		{0A59F82E-ED28-40E8-9FD6-06D859F1764B}.Release|Any CPU.Build.0 = Release|Any CPU
		{472FED50-8ADD-4AB2-A3D8-ADBB54769B1C}.Debug|Any CPU.ActiveCfg = Debug|Any CPU
		{472FED50-8ADD-4AB2-A3D8-ADBB54769B1C}.Debug|Any CPU.Build.0 = Debug|Any CPU
		{472FED50-8ADD-4AB2-A3D8-ADBB54769B1C}.Release_Kakao|Any CPU.ActiveCfg = Release_Kakaowork|Any CPU
		{472FED50-8ADD-4AB2-A3D8-ADBB54769B1C}.Release_Kakao|Any CPU.Build.0 = Release_Kakaowork|Any CPU
		{472FED50-8ADD-4AB2-A3D8-ADBB54769B1C}.Release_Kakaowork|Any CPU.ActiveCfg = Release_Kakaowork|Any CPU
		{472FED50-8ADD-4AB2-A3D8-ADBB54769B1C}.Release_Kakaowork|Any CPU.Build.0 = Release_Kakaowork|Any CPU
		{472FED50-8ADD-4AB2-A3D8-ADBB54769B1C}.Release_SKT_MCS|Any CPU.ActiveCfg = Release_Kakaowork|Any CPU
		{472FED50-8ADD-4AB2-A3D8-ADBB54769B1C}.Release_SKT_MCS|Any CPU.Build.0 = Release_Kakaowork|Any CPU
		{472FED50-8ADD-4AB2-A3D8-ADBB54769B1C}.Release_Soulbrain_MCS|Any CPU.ActiveCfg = Release_Kakaowork|Any CPU
		{472FED50-8ADD-4AB2-A3D8-ADBB54769B1C}.Release_Soulbrain_MCS|Any CPU.Build.0 = Release_Kakaowork|Any CPU
		{472FED50-8ADD-4AB2-A3D8-ADBB54769B1C}.Release_Soulbrain|Any CPU.ActiveCfg = Release_Kakaowork|Any CPU
		{472FED50-8ADD-4AB2-A3D8-ADBB54769B1C}.Release_Soulbrain|Any CPU.Build.0 = Release_Kakaowork|Any CPU
		{472FED50-8ADD-4AB2-A3D8-ADBB54769B1C}.Release_UNE_MCS|Any CPU.ActiveCfg = Release_Kakaowork|Any CPU
		{472FED50-8ADD-4AB2-A3D8-ADBB54769B1C}.Release_UNE_MCS|Any CPU.Build.0 = Release_Kakaowork|Any CPU
		{472FED50-8ADD-4AB2-A3D8-ADBB54769B1C}.Release_UnEInternal|Any CPU.ActiveCfg = Release_Kakaowork|Any CPU
		{472FED50-8ADD-4AB2-A3D8-ADBB54769B1C}.Release_UnEInternal|Any CPU.Build.0 = Release_Kakaowork|Any CPU
		{472FED50-8ADD-4AB2-A3D8-ADBB54769B1C}.Release_Wonikqnc|Any CPU.ActiveCfg = Release_Kakaowork|Any CPU
		{472FED50-8ADD-4AB2-A3D8-ADBB54769B1C}.Release_Wonikqnc|Any CPU.Build.0 = Release_Kakaowork|Any CPU
		{472FED50-8ADD-4AB2-A3D8-ADBB54769B1C}.Release|Any CPU.ActiveCfg = Release|Any CPU
		{472FED50-8ADD-4AB2-A3D8-ADBB54769B1C}.Release|Any CPU.Build.0 = Release|Any CPU
		{85AEAA24-8C3F-4D20-AD89-E4D6491D954B}.Debug|Any CPU.ActiveCfg = Debug|Any CPU
		{85AEAA24-8C3F-4D20-AD89-E4D6491D954B}.Debug|Any CPU.Build.0 = Debug|Any CPU
		{85AEAA24-8C3F-4D20-AD89-E4D6491D954B}.Release_Kakao|Any CPU.ActiveCfg = Release_Kakao|Any CPU
		{85AEAA24-8C3F-4D20-AD89-E4D6491D954B}.Release_Kakao|Any CPU.Build.0 = Release_Kakao|Any CPU
		{85AEAA24-8C3F-4D20-AD89-E4D6491D954B}.Release_Kakaowork|Any CPU.ActiveCfg = Release_Kakaowork|Any CPU
		{85AEAA24-8C3F-4D20-AD89-E4D6491D954B}.Release_Kakaowork|Any CPU.Build.0 = Release_Kakaowork|Any CPU
		{85AEAA24-8C3F-4D20-AD89-E4D6491D954B}.Release_SKT_MCS|Any CPU.ActiveCfg = Release_SKT_MCS|Any CPU
		{85AEAA24-8C3F-4D20-AD89-E4D6491D954B}.Release_SKT_MCS|Any CPU.Build.0 = Release_SKT_MCS|Any CPU
		{85AEAA24-8C3F-4D20-AD89-E4D6491D954B}.Release_Soulbrain_MCS|Any CPU.ActiveCfg = Release_Soulbrain_MCS|Any CPU
		{85AEAA24-8C3F-4D20-AD89-E4D6491D954B}.Release_Soulbrain_MCS|Any CPU.Build.0 = Release_Soulbrain_MCS|Any CPU
		{85AEAA24-8C3F-4D20-AD89-E4D6491D954B}.Release_Soulbrain|Any CPU.ActiveCfg = Release_Soulbrain_MCS|Any CPU
		{85AEAA24-8C3F-4D20-AD89-E4D6491D954B}.Release_Soulbrain|Any CPU.Build.0 = Release_Soulbrain_MCS|Any CPU
		{85AEAA24-8C3F-4D20-AD89-E4D6491D954B}.Release_UNE_MCS|Any CPU.ActiveCfg = Release_UNE_MCS|Any CPU
		{85AEAA24-8C3F-4D20-AD89-E4D6491D954B}.Release_UNE_MCS|Any CPU.Build.0 = Release_UNE_MCS|Any CPU
		{85AEAA24-8C3F-4D20-AD89-E4D6491D954B}.Release_UnEInternal|Any CPU.ActiveCfg = Release_UNE_MCS|Any CPU
		{85AEAA24-8C3F-4D20-AD89-E4D6491D954B}.Release_UnEInternal|Any CPU.Build.0 = Release_UNE_MCS|Any CPU
		{85AEAA24-8C3F-4D20-AD89-E4D6491D954B}.Release_Wonikqnc|Any CPU.ActiveCfg = Release_UNE_MCS|Any CPU
		{85AEAA24-8C3F-4D20-AD89-E4D6491D954B}.Release_Wonikqnc|Any CPU.Build.0 = Release_UNE_MCS|Any CPU
		{85AEAA24-8C3F-4D20-AD89-E4D6491D954B}.Release|Any CPU.ActiveCfg = Release|Any CPU
		{85AEAA24-8C3F-4D20-AD89-E4D6491D954B}.Release|Any CPU.Build.0 = Release|Any CPU
		{32CB53FB-A0FF-49DD-8331-F6A80B64C068}.Debug|Any CPU.ActiveCfg = Debug|Any CPU
		{32CB53FB-A0FF-49DD-8331-F6A80B64C068}.Debug|Any CPU.Build.0 = Debug|Any CPU
		{32CB53FB-A0FF-49DD-8331-F6A80B64C068}.Release_Kakao|Any CPU.ActiveCfg = Release|Any CPU
		{32CB53FB-A0FF-49DD-8331-F6A80B64C068}.Release_Kakao|Any CPU.Build.0 = Release|Any CPU
		{32CB53FB-A0FF-49DD-8331-F6A80B64C068}.Release_Kakaowork|Any CPU.ActiveCfg = Release|Any CPU
		{32CB53FB-A0FF-49DD-8331-F6A80B64C068}.Release_Kakaowork|Any CPU.Build.0 = Release|Any CPU
		{32CB53FB-A0FF-49DD-8331-F6A80B64C068}.Release_SKT_MCS|Any CPU.ActiveCfg = Release|Any CPU
		{32CB53FB-A0FF-49DD-8331-F6A80B64C068}.Release_SKT_MCS|Any CPU.Build.0 = Release|Any CPU
		{32CB53FB-A0FF-49DD-8331-F6A80B64C068}.Release_Soulbrain_MCS|Any CPU.ActiveCfg = Release|Any CPU
		{32CB53FB-A0FF-49DD-8331-F6A80B64C068}.Release_Soulbrain_MCS|Any CPU.Build.0 = Release|Any CPU
		{32CB53FB-A0FF-49DD-8331-F6A80B64C068}.Release_Soulbrain|Any CPU.ActiveCfg = Release|Any CPU
		{32CB53FB-A0FF-49DD-8331-F6A80B64C068}.Release_Soulbrain|Any CPU.Build.0 = Release|Any CPU
		{32CB53FB-A0FF-49DD-8331-F6A80B64C068}.Release_UNE_MCS|Any CPU.ActiveCfg = Release|Any CPU
		{32CB53FB-A0FF-49DD-8331-F6A80B64C068}.Release_UNE_MCS|Any CPU.Build.0 = Release|Any CPU
		{32CB53FB-A0FF-49DD-8331-F6A80B64C068}.Release_UnEInternal|Any CPU.ActiveCfg = Release|Any CPU
		{32CB53FB-A0FF-49DD-8331-F6A80B64C068}.Release_UnEInternal|Any CPU.Build.0 = Release|Any CPU
		{32CB53FB-A0FF-49DD-8331-F6A80B64C068}.Release_Wonikqnc|Any CPU.ActiveCfg = Release|Any CPU
		{32CB53FB-A0FF-49DD-8331-F6A80B64C068}.Release_Wonikqnc|Any CPU.Build.0 = Release|Any CPU
		{32CB53FB-A0FF-49DD-8331-F6A80B64C068}.Release|Any CPU.ActiveCfg = Release|Any CPU
		{32CB53FB-A0FF-49DD-8331-F6A80B64C068}.Release|Any CPU.Build.0 = Release|Any CPU
		{D8D11BC4-16C3-4719-BF7A-C0F1D5903C98}.Debug|Any CPU.ActiveCfg = Debug|Any CPU
		{D8D11BC4-16C3-4719-BF7A-C0F1D5903C98}.Debug|Any CPU.Build.0 = Debug|Any CPU
		{D8D11BC4-16C3-4719-BF7A-C0F1D5903C98}.Release_Kakao|Any CPU.ActiveCfg = Release_Kakaowork|Any CPU
		{D8D11BC4-16C3-4719-BF7A-C0F1D5903C98}.Release_Kakao|Any CPU.Build.0 = Release_Kakaowork|Any CPU
		{D8D11BC4-16C3-4719-BF7A-C0F1D5903C98}.Release_Kakaowork|Any CPU.ActiveCfg = Release_Kakaowork|Any CPU
		{D8D11BC4-16C3-4719-BF7A-C0F1D5903C98}.Release_Kakaowork|Any CPU.Build.0 = Release_Kakaowork|Any CPU
		{D8D11BC4-16C3-4719-BF7A-C0F1D5903C98}.Release_SKT_MCS|Any CPU.ActiveCfg = Release_Kakaowork|Any CPU
		{D8D11BC4-16C3-4719-BF7A-C0F1D5903C98}.Release_SKT_MCS|Any CPU.Build.0 = Release_Kakaowork|Any CPU
		{D8D11BC4-16C3-4719-BF7A-C0F1D5903C98}.Release_Soulbrain_MCS|Any CPU.ActiveCfg = Release_Kakaowork|Any CPU
		{D8D11BC4-16C3-4719-BF7A-C0F1D5903C98}.Release_Soulbrain_MCS|Any CPU.Build.0 = Release_Kakaowork|Any CPU
		{D8D11BC4-16C3-4719-BF7A-C0F1D5903C98}.Release_Soulbrain|Any CPU.ActiveCfg = Release_Kakaowork|Any CPU
		{D8D11BC4-16C3-4719-BF7A-C0F1D5903C98}.Release_Soulbrain|Any CPU.Build.0 = Release_Kakaowork|Any CPU
		{D8D11BC4-16C3-4719-BF7A-C0F1D5903C98}.Release_UNE_MCS|Any CPU.ActiveCfg = Release_Kakaowork|Any CPU
		{D8D11BC4-16C3-4719-BF7A-C0F1D5903C98}.Release_UNE_MCS|Any CPU.Build.0 = Release_Kakaowork|Any CPU
		{D8D11BC4-16C3-4719-BF7A-C0F1D5903C98}.Release_UnEInternal|Any CPU.ActiveCfg = Release_Kakaowork|Any CPU
		{D8D11BC4-16C3-4719-BF7A-C0F1D5903C98}.Release_UnEInternal|Any CPU.Build.0 = Release_Kakaowork|Any CPU
		{D8D11BC4-16C3-4719-BF7A-C0F1D5903C98}.Release_Wonikqnc|Any CPU.ActiveCfg = Release_Kakaowork|Any CPU
		{D8D11BC4-16C3-4719-BF7A-C0F1D5903C98}.Release_Wonikqnc|Any CPU.Build.0 = Release_Kakaowork|Any CPU
		{D8D11BC4-16C3-4719-BF7A-C0F1D5903C98}.Release|Any CPU.ActiveCfg = Release|Any CPU
		{D8D11BC4-16C3-4719-BF7A-C0F1D5903C98}.Release|Any CPU.Build.0 = Release|Any CPU
		{291BCF53-64B3-4C57-8888-D62CEE093BB8}.Debug|Any CPU.ActiveCfg = Debug|Any CPU
		{291BCF53-64B3-4C57-8888-D62CEE093BB8}.Debug|Any CPU.Build.0 = Debug|Any CPU
		{291BCF53-64B3-4C57-8888-D62CEE093BB8}.Release_Kakao|Any CPU.ActiveCfg = Release_Kakaowork|Any CPU
		{291BCF53-64B3-4C57-8888-D62CEE093BB8}.Release_Kakao|Any CPU.Build.0 = Release_Kakaowork|Any CPU
		{291BCF53-64B3-4C57-8888-D62CEE093BB8}.Release_Kakaowork|Any CPU.ActiveCfg = Release_Kakaowork|Any CPU
		{291BCF53-64B3-4C57-8888-D62CEE093BB8}.Release_Kakaowork|Any CPU.Build.0 = Release_Kakaowork|Any CPU
		{291BCF53-64B3-4C57-8888-D62CEE093BB8}.Release_SKT_MCS|Any CPU.ActiveCfg = Release_Kakaowork|Any CPU
		{291BCF53-64B3-4C57-8888-D62CEE093BB8}.Release_SKT_MCS|Any CPU.Build.0 = Release_Kakaowork|Any CPU
		{291BCF53-64B3-4C57-8888-D62CEE093BB8}.Release_Soulbrain_MCS|Any CPU.ActiveCfg = Release_Kakaowork|Any CPU
		{291BCF53-64B3-4C57-8888-D62CEE093BB8}.Release_Soulbrain_MCS|Any CPU.Build.0 = Release_Kakaowork|Any CPU
		{291BCF53-64B3-4C57-8888-D62CEE093BB8}.Release_Soulbrain|Any CPU.ActiveCfg = Release_Kakaowork|Any CPU
		{291BCF53-64B3-4C57-8888-D62CEE093BB8}.Release_Soulbrain|Any CPU.Build.0 = Release_Kakaowork|Any CPU
		{291BCF53-64B3-4C57-8888-D62CEE093BB8}.Release_UNE_MCS|Any CPU.ActiveCfg = Release_Kakaowork|Any CPU
		{291BCF53-64B3-4C57-8888-D62CEE093BB8}.Release_UNE_MCS|Any CPU.Build.0 = Release_Kakaowork|Any CPU
		{291BCF53-64B3-4C57-8888-D62CEE093BB8}.Release_UnEInternal|Any CPU.ActiveCfg = Release_Kakaowork|Any CPU
		{291BCF53-64B3-4C57-8888-D62CEE093BB8}.Release_UnEInternal|Any CPU.Build.0 = Release_Kakaowork|Any CPU
		{291BCF53-64B3-4C57-8888-D62CEE093BB8}.Release_Wonikqnc|Any CPU.ActiveCfg = Release_Kakaowork|Any CPU
		{291BCF53-64B3-4C57-8888-D62CEE093BB8}.Release_Wonikqnc|Any CPU.Build.0 = Release_Kakaowork|Any CPU
		{291BCF53-64B3-4C57-8888-D62CEE093BB8}.Release|Any CPU.ActiveCfg = Release|Any CPU
		{291BCF53-64B3-4C57-8888-D62CEE093BB8}.Release|Any CPU.Build.0 = Release|Any CPU
		{D8BD1AAF-AC89-4BFB-B43B-BE95E405F0D9}.Debug|Any CPU.ActiveCfg = Debug|Any CPU
		{D8BD1AAF-AC89-4BFB-B43B-BE95E405F0D9}.Debug|Any CPU.Build.0 = Debug|Any CPU
		{D8BD1AAF-AC89-4BFB-B43B-BE95E405F0D9}.Release_Kakao|Any CPU.ActiveCfg = Release_Kakaowork|Any CPU
		{D8BD1AAF-AC89-4BFB-B43B-BE95E405F0D9}.Release_Kakao|Any CPU.Build.0 = Release_Kakaowork|Any CPU
		{D8BD1AAF-AC89-4BFB-B43B-BE95E405F0D9}.Release_Kakaowork|Any CPU.ActiveCfg = Release_Kakaowork|Any CPU
		{D8BD1AAF-AC89-4BFB-B43B-BE95E405F0D9}.Release_Kakaowork|Any CPU.Build.0 = Release_Kakaowork|Any CPU
		{D8BD1AAF-AC89-4BFB-B43B-BE95E405F0D9}.Release_SKT_MCS|Any CPU.ActiveCfg = Release_Kakaowork|Any CPU
		{D8BD1AAF-AC89-4BFB-B43B-BE95E405F0D9}.Release_SKT_MCS|Any CPU.Build.0 = Release_Kakaowork|Any CPU
		{D8BD1AAF-AC89-4BFB-B43B-BE95E405F0D9}.Release_Soulbrain_MCS|Any CPU.ActiveCfg = Release_Kakaowork|Any CPU
		{D8BD1AAF-AC89-4BFB-B43B-BE95E405F0D9}.Release_Soulbrain_MCS|Any CPU.Build.0 = Release_Kakaowork|Any CPU
		{D8BD1AAF-AC89-4BFB-B43B-BE95E405F0D9}.Release_Soulbrain|Any CPU.ActiveCfg = Release_Kakaowork|Any CPU
		{D8BD1AAF-AC89-4BFB-B43B-BE95E405F0D9}.Release_Soulbrain|Any CPU.Build.0 = Release_Kakaowork|Any CPU
		{D8BD1AAF-AC89-4BFB-B43B-BE95E405F0D9}.Release_UNE_MCS|Any CPU.ActiveCfg = Release_Kakaowork|Any CPU
		{D8BD1AAF-AC89-4BFB-B43B-BE95E405F0D9}.Release_UNE_MCS|Any CPU.Build.0 = Release_Kakaowork|Any CPU
		{D8BD1AAF-AC89-4BFB-B43B-BE95E405F0D9}.Release_UnEInternal|Any CPU.ActiveCfg = Release_Kakaowork|Any CPU
		{D8BD1AAF-AC89-4BFB-B43B-BE95E405F0D9}.Release_UnEInternal|Any CPU.Build.0 = Release_Kakaowork|Any CPU
		{D8BD1AAF-AC89-4BFB-B43B-BE95E405F0D9}.Release_Wonikqnc|Any CPU.ActiveCfg = Release_Kakaowork|Any CPU
		{D8BD1AAF-AC89-4BFB-B43B-BE95E405F0D9}.Release_Wonikqnc|Any CPU.Build.0 = Release_Kakaowork|Any CPU
		{D8BD1AAF-AC89-4BFB-B43B-BE95E405F0D9}.Release|Any CPU.ActiveCfg = Release|Any CPU
		{D8BD1AAF-AC89-4BFB-B43B-BE95E405F0D9}.Release|Any CPU.Build.0 = Release|Any CPU
		{ABE474E9-D964-4D40-BF0D-3960A8653678}.Debug|Any CPU.ActiveCfg = Debug|Any CPU
		{ABE474E9-D964-4D40-BF0D-3960A8653678}.Debug|Any CPU.Build.0 = Debug|Any CPU
		{ABE474E9-D964-4D40-BF0D-3960A8653678}.Release_Kakao|Any CPU.ActiveCfg = Release_Kakaowork|Any CPU
		{ABE474E9-D964-4D40-BF0D-3960A8653678}.Release_Kakao|Any CPU.Build.0 = Release_Kakaowork|Any CPU
		{ABE474E9-D964-4D40-BF0D-3960A8653678}.Release_Kakaowork|Any CPU.ActiveCfg = Release_Kakaowork|Any CPU
		{ABE474E9-D964-4D40-BF0D-3960A8653678}.Release_Kakaowork|Any CPU.Build.0 = Release_Kakaowork|Any CPU
		{ABE474E9-D964-4D40-BF0D-3960A8653678}.Release_SKT_MCS|Any CPU.ActiveCfg = Release_Kakaowork|Any CPU
		{ABE474E9-D964-4D40-BF0D-3960A8653678}.Release_SKT_MCS|Any CPU.Build.0 = Release_Kakaowork|Any CPU
		{ABE474E9-D964-4D40-BF0D-3960A8653678}.Release_Soulbrain_MCS|Any CPU.ActiveCfg = Release_Kakaowork|Any CPU
		{ABE474E9-D964-4D40-BF0D-3960A8653678}.Release_Soulbrain_MCS|Any CPU.Build.0 = Release_Kakaowork|Any CPU
		{ABE474E9-D964-4D40-BF0D-3960A8653678}.Release_Soulbrain|Any CPU.ActiveCfg = Release_Kakaowork|Any CPU
		{ABE474E9-D964-4D40-BF0D-3960A8653678}.Release_Soulbrain|Any CPU.Build.0 = Release_Kakaowork|Any CPU
		{ABE474E9-D964-4D40-BF0D-3960A8653678}.Release_UNE_MCS|Any CPU.ActiveCfg = Release_Kakaowork|Any CPU
		{ABE474E9-D964-4D40-BF0D-3960A8653678}.Release_UNE_MCS|Any CPU.Build.0 = Release_Kakaowork|Any CPU
		{ABE474E9-D964-4D40-BF0D-3960A8653678}.Release_UnEInternal|Any CPU.ActiveCfg = Release_Kakaowork|Any CPU
		{ABE474E9-D964-4D40-BF0D-3960A8653678}.Release_UnEInternal|Any CPU.Build.0 = Release_Kakaowork|Any CPU
		{ABE474E9-D964-4D40-BF0D-3960A8653678}.Release_Wonikqnc|Any CPU.ActiveCfg = Release_Kakaowork|Any CPU
		{ABE474E9-D964-4D40-BF0D-3960A8653678}.Release_Wonikqnc|Any CPU.Build.0 = Release_Kakaowork|Any CPU
		{ABE474E9-D964-4D40-BF0D-3960A8653678}.Release|Any CPU.ActiveCfg = Release|Any CPU
		{ABE474E9-D964-4D40-BF0D-3960A8653678}.Release|Any CPU.Build.0 = Release|Any CPU
		{268BA9F9-03C1-4524-BF96-A8455B4D6D63}.Debug|Any CPU.ActiveCfg = Debug|Any CPU
		{268BA9F9-03C1-4524-BF96-A8455B4D6D63}.Debug|Any CPU.Build.0 = Debug|Any CPU
		{268BA9F9-03C1-4524-BF96-A8455B4D6D63}.Release_Kakao|Any CPU.ActiveCfg = Release_Kakaowork|Any CPU
		{268BA9F9-03C1-4524-BF96-A8455B4D6D63}.Release_Kakao|Any CPU.Build.0 = Release_Kakaowork|Any CPU
		{268BA9F9-03C1-4524-BF96-A8455B4D6D63}.Release_Kakaowork|Any CPU.ActiveCfg = Release_Kakaowork|Any CPU
		{268BA9F9-03C1-4524-BF96-A8455B4D6D63}.Release_Kakaowork|Any CPU.Build.0 = Release_Kakaowork|Any CPU
		{268BA9F9-03C1-4524-BF96-A8455B4D6D63}.Release_SKT_MCS|Any CPU.ActiveCfg = Release_Kakaowork|Any CPU
		{268BA9F9-03C1-4524-BF96-A8455B4D6D63}.Release_SKT_MCS|Any CPU.Build.0 = Release_Kakaowork|Any CPU
		{268BA9F9-03C1-4524-BF96-A8455B4D6D63}.Release_Soulbrain_MCS|Any CPU.ActiveCfg = Release_Kakaowork|Any CPU
		{268BA9F9-03C1-4524-BF96-A8455B4D6D63}.Release_Soulbrain_MCS|Any CPU.Build.0 = Release_Kakaowork|Any CPU
		{268BA9F9-03C1-4524-BF96-A8455B4D6D63}.Release_Soulbrain|Any CPU.ActiveCfg = Release_Kakaowork|Any CPU
		{268BA9F9-03C1-4524-BF96-A8455B4D6D63}.Release_Soulbrain|Any CPU.Build.0 = Release_Kakaowork|Any CPU
		{268BA9F9-03C1-4524-BF96-A8455B4D6D63}.Release_UNE_MCS|Any CPU.ActiveCfg = Release_Kakaowork|Any CPU
		{268BA9F9-03C1-4524-BF96-A8455B4D6D63}.Release_UNE_MCS|Any CPU.Build.0 = Release_Kakaowork|Any CPU
		{268BA9F9-03C1-4524-BF96-A8455B4D6D63}.Release_UnEInternal|Any CPU.ActiveCfg = Release_Kakaowork|Any CPU
		{268BA9F9-03C1-4524-BF96-A8455B4D6D63}.Release_UnEInternal|Any CPU.Build.0 = Release_Kakaowork|Any CPU
		{268BA9F9-03C1-4524-BF96-A8455B4D6D63}.Release_Wonikqnc|Any CPU.ActiveCfg = Release_Kakaowork|Any CPU
		{268BA9F9-03C1-4524-BF96-A8455B4D6D63}.Release_Wonikqnc|Any CPU.Build.0 = Release_Kakaowork|Any CPU
		{268BA9F9-03C1-4524-BF96-A8455B4D6D63}.Release|Any CPU.ActiveCfg = Release|Any CPU
		{268BA9F9-03C1-4524-BF96-A8455B4D6D63}.Release|Any CPU.Build.0 = Release|Any CPU
		{87C5158B-D20F-4F3E-90D7-8A255A032F7B}.Debug|Any CPU.ActiveCfg = Debug|Any CPU
		{87C5158B-D20F-4F3E-90D7-8A255A032F7B}.Debug|Any CPU.Build.0 = Debug|Any CPU
		{87C5158B-D20F-4F3E-90D7-8A255A032F7B}.Release_Kakao|Any CPU.ActiveCfg = Release_Kakaowork|Any CPU
		{87C5158B-D20F-4F3E-90D7-8A255A032F7B}.Release_Kakao|Any CPU.Build.0 = Release_Kakaowork|Any CPU
		{87C5158B-D20F-4F3E-90D7-8A255A032F7B}.Release_Kakaowork|Any CPU.ActiveCfg = Release_Kakaowork|Any CPU
		{87C5158B-D20F-4F3E-90D7-8A255A032F7B}.Release_Kakaowork|Any CPU.Build.0 = Release_Kakaowork|Any CPU
		{87C5158B-D20F-4F3E-90D7-8A255A032F7B}.Release_SKT_MCS|Any CPU.ActiveCfg = Release_Kakaowork|Any CPU
		{87C5158B-D20F-4F3E-90D7-8A255A032F7B}.Release_SKT_MCS|Any CPU.Build.0 = Release_Kakaowork|Any CPU
		{87C5158B-D20F-4F3E-90D7-8A255A032F7B}.Release_Soulbrain_MCS|Any CPU.ActiveCfg = Release_Kakaowork|Any CPU
		{87C5158B-D20F-4F3E-90D7-8A255A032F7B}.Release_Soulbrain_MCS|Any CPU.Build.0 = Release_Kakaowork|Any CPU
		{87C5158B-D20F-4F3E-90D7-8A255A032F7B}.Release_Soulbrain|Any CPU.ActiveCfg = Release_Kakaowork|Any CPU
		{87C5158B-D20F-4F3E-90D7-8A255A032F7B}.Release_Soulbrain|Any CPU.Build.0 = Release_Kakaowork|Any CPU
		{87C5158B-D20F-4F3E-90D7-8A255A032F7B}.Release_UNE_MCS|Any CPU.ActiveCfg = Release_Kakaowork|Any CPU
		{87C5158B-D20F-4F3E-90D7-8A255A032F7B}.Release_UNE_MCS|Any CPU.Build.0 = Release_Kakaowork|Any CPU
		{87C5158B-D20F-4F3E-90D7-8A255A032F7B}.Release_UnEInternal|Any CPU.ActiveCfg = Release_Kakaowork|Any CPU
		{87C5158B-D20F-4F3E-90D7-8A255A032F7B}.Release_UnEInternal|Any CPU.Build.0 = Release_Kakaowork|Any CPU
		{87C5158B-D20F-4F3E-90D7-8A255A032F7B}.Release_Wonikqnc|Any CPU.ActiveCfg = Release_Kakaowork|Any CPU
		{87C5158B-D20F-4F3E-90D7-8A255A032F7B}.Release_Wonikqnc|Any CPU.Build.0 = Release_Kakaowork|Any CPU
		{87C5158B-D20F-4F3E-90D7-8A255A032F7B}.Release|Any CPU.ActiveCfg = Release|Any CPU
		{87C5158B-D20F-4F3E-90D7-8A255A032F7B}.Release|Any CPU.Build.0 = Release|Any CPU
		{7A776650-69BE-4202-ADE6-57150776090C}.Debug|Any CPU.ActiveCfg = Debug|Any CPU
		{7A776650-69BE-4202-ADE6-57150776090C}.Debug|Any CPU.Build.0 = Debug|Any CPU
		{7A776650-69BE-4202-ADE6-57150776090C}.Release_Kakao|Any CPU.ActiveCfg = Release_Kakaowork|Any CPU
		{7A776650-69BE-4202-ADE6-57150776090C}.Release_Kakao|Any CPU.Build.0 = Release_Kakaowork|Any CPU
		{7A776650-69BE-4202-ADE6-57150776090C}.Release_Kakaowork|Any CPU.ActiveCfg = Release_Kakaowork|Any CPU
		{7A776650-69BE-4202-ADE6-57150776090C}.Release_Kakaowork|Any CPU.Build.0 = Release_Kakaowork|Any CPU
		{7A776650-69BE-4202-ADE6-57150776090C}.Release_SKT_MCS|Any CPU.ActiveCfg = Release_Kakaowork|Any CPU
		{7A776650-69BE-4202-ADE6-57150776090C}.Release_SKT_MCS|Any CPU.Build.0 = Release_Kakaowork|Any CPU
		{7A776650-69BE-4202-ADE6-57150776090C}.Release_Soulbrain_MCS|Any CPU.ActiveCfg = Release_Kakaowork|Any CPU
		{7A776650-69BE-4202-ADE6-57150776090C}.Release_Soulbrain_MCS|Any CPU.Build.0 = Release_Kakaowork|Any CPU
		{7A776650-69BE-4202-ADE6-57150776090C}.Release_Soulbrain|Any CPU.ActiveCfg = Release_Kakaowork|Any CPU
		{7A776650-69BE-4202-ADE6-57150776090C}.Release_Soulbrain|Any CPU.Build.0 = Release_Kakaowork|Any CPU
		{7A776650-69BE-4202-ADE6-57150776090C}.Release_UNE_MCS|Any CPU.ActiveCfg = Release_Kakaowork|Any CPU
		{7A776650-69BE-4202-ADE6-57150776090C}.Release_UNE_MCS|Any CPU.Build.0 = Release_Kakaowork|Any CPU
		{7A776650-69BE-4202-ADE6-57150776090C}.Release_UnEInternal|Any CPU.ActiveCfg = Release_Kakaowork|Any CPU
		{7A776650-69BE-4202-ADE6-57150776090C}.Release_UnEInternal|Any CPU.Build.0 = Release_Kakaowork|Any CPU
		{7A776650-69BE-4202-ADE6-57150776090C}.Release_Wonikqnc|Any CPU.ActiveCfg = Release_Kakaowork|Any CPU
		{7A776650-69BE-4202-ADE6-57150776090C}.Release_Wonikqnc|Any CPU.Build.0 = Release_Kakaowork|Any CPU
		{7A776650-69BE-4202-ADE6-57150776090C}.Release|Any CPU.ActiveCfg = Release|Any CPU
		{7A776650-69BE-4202-ADE6-57150776090C}.Release|Any CPU.Build.0 = Release|Any CPU
		{D9086926-F13D-4A48-B514-9A5B2E28AE59}.Debug|Any CPU.ActiveCfg = Debug|Any CPU
		{D9086926-F13D-4A48-B514-9A5B2E28AE59}.Debug|Any CPU.Build.0 = Debug|Any CPU
		{D9086926-F13D-4A48-B514-9A5B2E28AE59}.Release_Kakao|Any CPU.ActiveCfg = Release_Kakaowork|Any CPU
		{D9086926-F13D-4A48-B514-9A5B2E28AE59}.Release_Kakao|Any CPU.Build.0 = Release_Kakaowork|Any CPU
		{D9086926-F13D-4A48-B514-9A5B2E28AE59}.Release_Kakaowork|Any CPU.ActiveCfg = Release_Kakaowork|Any CPU
		{D9086926-F13D-4A48-B514-9A5B2E28AE59}.Release_Kakaowork|Any CPU.Build.0 = Release_Kakaowork|Any CPU
		{D9086926-F13D-4A48-B514-9A5B2E28AE59}.Release_SKT_MCS|Any CPU.ActiveCfg = Release_Kakaowork|Any CPU
		{D9086926-F13D-4A48-B514-9A5B2E28AE59}.Release_SKT_MCS|Any CPU.Build.0 = Release_Kakaowork|Any CPU
		{D9086926-F13D-4A48-B514-9A5B2E28AE59}.Release_Soulbrain_MCS|Any CPU.ActiveCfg = Release_Kakaowork|Any CPU
		{D9086926-F13D-4A48-B514-9A5B2E28AE59}.Release_Soulbrain_MCS|Any CPU.Build.0 = Release_Kakaowork|Any CPU
		{D9086926-F13D-4A48-B514-9A5B2E28AE59}.Release_Soulbrain|Any CPU.ActiveCfg = Release_Kakaowork|Any CPU
		{D9086926-F13D-4A48-B514-9A5B2E28AE59}.Release_Soulbrain|Any CPU.Build.0 = Release_Kakaowork|Any CPU
		{D9086926-F13D-4A48-B514-9A5B2E28AE59}.Release_UNE_MCS|Any CPU.ActiveCfg = Release_Kakaowork|Any CPU
		{D9086926-F13D-4A48-B514-9A5B2E28AE59}.Release_UNE_MCS|Any CPU.Build.0 = Release_Kakaowork|Any CPU
		{D9086926-F13D-4A48-B514-9A5B2E28AE59}.Release_UnEInternal|Any CPU.ActiveCfg = Release_Kakaowork|Any CPU
		{D9086926-F13D-4A48-B514-9A5B2E28AE59}.Release_UnEInternal|Any CPU.Build.0 = Release_Kakaowork|Any CPU
		{D9086926-F13D-4A48-B514-9A5B2E28AE59}.Release_Wonikqnc|Any CPU.ActiveCfg = Release_Kakaowork|Any CPU
		{D9086926-F13D-4A48-B514-9A5B2E28AE59}.Release_Wonikqnc|Any CPU.Build.0 = Release_Kakaowork|Any CPU
		{D9086926-F13D-4A48-B514-9A5B2E28AE59}.Release|Any CPU.ActiveCfg = Release|Any CPU
		{D9086926-F13D-4A48-B514-9A5B2E28AE59}.Release|Any CPU.Build.0 = Release|Any CPU
		{DAA8FBFE-6DFE-4171-81EC-BFEB4ABB78BA}.Debug|Any CPU.ActiveCfg = Debug|Any CPU
		{DAA8FBFE-6DFE-4171-81EC-BFEB4ABB78BA}.Debug|Any CPU.Build.0 = Debug|Any CPU
		{DAA8FBFE-6DFE-4171-81EC-BFEB4ABB78BA}.Release_Kakao|Any CPU.ActiveCfg = Release_Kakaowork|Any CPU
		{DAA8FBFE-6DFE-4171-81EC-BFEB4ABB78BA}.Release_Kakao|Any CPU.Build.0 = Release_Kakaowork|Any CPU
		{DAA8FBFE-6DFE-4171-81EC-BFEB4ABB78BA}.Release_Kakaowork|Any CPU.ActiveCfg = Release_Kakaowork|Any CPU
		{DAA8FBFE-6DFE-4171-81EC-BFEB4ABB78BA}.Release_Kakaowork|Any CPU.Build.0 = Release_Kakaowork|Any CPU
		{DAA8FBFE-6DFE-4171-81EC-BFEB4ABB78BA}.Release_SKT_MCS|Any CPU.ActiveCfg = Release_Kakaowork|Any CPU
		{DAA8FBFE-6DFE-4171-81EC-BFEB4ABB78BA}.Release_SKT_MCS|Any CPU.Build.0 = Release_Kakaowork|Any CPU
		{DAA8FBFE-6DFE-4171-81EC-BFEB4ABB78BA}.Release_Soulbrain_MCS|Any CPU.ActiveCfg = Release_Kakaowork|Any CPU
		{DAA8FBFE-6DFE-4171-81EC-BFEB4ABB78BA}.Release_Soulbrain_MCS|Any CPU.Build.0 = Release_Kakaowork|Any CPU
		{DAA8FBFE-6DFE-4171-81EC-BFEB4ABB78BA}.Release_Soulbrain|Any CPU.ActiveCfg = Release_Kakaowork|Any CPU
		{DAA8FBFE-6DFE-4171-81EC-BFEB4ABB78BA}.Release_Soulbrain|Any CPU.Build.0 = Release_Kakaowork|Any CPU
		{DAA8FBFE-6DFE-4171-81EC-BFEB4ABB78BA}.Release_UNE_MCS|Any CPU.ActiveCfg = Release_Kakaowork|Any CPU
		{DAA8FBFE-6DFE-4171-81EC-BFEB4ABB78BA}.Release_UNE_MCS|Any CPU.Build.0 = Release_Kakaowork|Any CPU
		{DAA8FBFE-6DFE-4171-81EC-BFEB4ABB78BA}.Release_UnEInternal|Any CPU.ActiveCfg = Release_Kakaowork|Any CPU
		{DAA8FBFE-6DFE-4171-81EC-BFEB4ABB78BA}.Release_UnEInternal|Any CPU.Build.0 = Release_Kakaowork|Any CPU
		{DAA8FBFE-6DFE-4171-81EC-BFEB4ABB78BA}.Release_Wonikqnc|Any CPU.ActiveCfg = Release_Kakaowork|Any CPU
		{DAA8FBFE-6DFE-4171-81EC-BFEB4ABB78BA}.Release_Wonikqnc|Any CPU.Build.0 = Release_Kakaowork|Any CPU
		{DAA8FBFE-6DFE-4171-81EC-BFEB4ABB78BA}.Release|Any CPU.ActiveCfg = Release|Any CPU
		{DAA8FBFE-6DFE-4171-81EC-BFEB4ABB78BA}.Release|Any CPU.Build.0 = Release|Any CPU
		{06FB4CAF-85CE-45FD-A3DC-FCD1BCC28DF1}.Debug|Any CPU.ActiveCfg = Debug|Any CPU
		{06FB4CAF-85CE-45FD-A3DC-FCD1BCC28DF1}.Debug|Any CPU.Build.0 = Debug|Any CPU
		{06FB4CAF-85CE-45FD-A3DC-FCD1BCC28DF1}.Release_Kakao|Any CPU.ActiveCfg = Release_Kakaowork|Any CPU
		{06FB4CAF-85CE-45FD-A3DC-FCD1BCC28DF1}.Release_Kakao|Any CPU.Build.0 = Release_Kakaowork|Any CPU
		{06FB4CAF-85CE-45FD-A3DC-FCD1BCC28DF1}.Release_Kakaowork|Any CPU.ActiveCfg = Release_Kakaowork|Any CPU
		{06FB4CAF-85CE-45FD-A3DC-FCD1BCC28DF1}.Release_Kakaowork|Any CPU.Build.0 = Release_Kakaowork|Any CPU
		{06FB4CAF-85CE-45FD-A3DC-FCD1BCC28DF1}.Release_SKT_MCS|Any CPU.ActiveCfg = Release_Kakaowork|Any CPU
		{06FB4CAF-85CE-45FD-A3DC-FCD1BCC28DF1}.Release_SKT_MCS|Any CPU.Build.0 = Release_Kakaowork|Any CPU
		{06FB4CAF-85CE-45FD-A3DC-FCD1BCC28DF1}.Release_Soulbrain_MCS|Any CPU.ActiveCfg = Release_Kakaowork|Any CPU
		{06FB4CAF-85CE-45FD-A3DC-FCD1BCC28DF1}.Release_Soulbrain_MCS|Any CPU.Build.0 = Release_Kakaowork|Any CPU
		{06FB4CAF-85CE-45FD-A3DC-FCD1BCC28DF1}.Release_Soulbrain|Any CPU.ActiveCfg = Release_Kakaowork|Any CPU
		{06FB4CAF-85CE-45FD-A3DC-FCD1BCC28DF1}.Release_Soulbrain|Any CPU.Build.0 = Release_Kakaowork|Any CPU
		{06FB4CAF-85CE-45FD-A3DC-FCD1BCC28DF1}.Release_UNE_MCS|Any CPU.ActiveCfg = Release_Kakaowork|Any CPU
		{06FB4CAF-85CE-45FD-A3DC-FCD1BCC28DF1}.Release_UNE_MCS|Any CPU.Build.0 = Release_Kakaowork|Any CPU
		{06FB4CAF-85CE-45FD-A3DC-FCD1BCC28DF1}.Release_UnEInternal|Any CPU.ActiveCfg = Release_Kakaowork|Any CPU
		{06FB4CAF-85CE-45FD-A3DC-FCD1BCC28DF1}.Release_UnEInternal|Any CPU.Build.0 = Release_Kakaowork|Any CPU
		{06FB4CAF-85CE-45FD-A3DC-FCD1BCC28DF1}.Release_Wonikqnc|Any CPU.ActiveCfg = Release_Kakaowork|Any CPU
		{06FB4CAF-85CE-45FD-A3DC-FCD1BCC28DF1}.Release_Wonikqnc|Any CPU.Build.0 = Release_Kakaowork|Any CPU
		{06FB4CAF-85CE-45FD-A3DC-FCD1BCC28DF1}.Release|Any CPU.ActiveCfg = Release|Any CPU
		{06FB4CAF-85CE-45FD-A3DC-FCD1BCC28DF1}.Release|Any CPU.Build.0 = Release|Any CPU
		{C63ADD2E-CBDC-40A2-8718-BC475A5B2A37}.Debug|Any CPU.ActiveCfg = Debug|Any CPU
		{C63ADD2E-CBDC-40A2-8718-BC475A5B2A37}.Debug|Any CPU.Build.0 = Debug|Any CPU
		{C63ADD2E-CBDC-40A2-8718-BC475A5B2A37}.Release_Kakao|Any CPU.ActiveCfg = Release_Kakaowork|Any CPU
		{C63ADD2E-CBDC-40A2-8718-BC475A5B2A37}.Release_Kakao|Any CPU.Build.0 = Release_Kakaowork|Any CPU
		{C63ADD2E-CBDC-40A2-8718-BC475A5B2A37}.Release_Kakaowork|Any CPU.ActiveCfg = Release_Kakaowork|Any CPU
		{C63ADD2E-CBDC-40A2-8718-BC475A5B2A37}.Release_Kakaowork|Any CPU.Build.0 = Release_Kakaowork|Any CPU
		{C63ADD2E-CBDC-40A2-8718-BC475A5B2A37}.Release_SKT_MCS|Any CPU.ActiveCfg = Release_Kakaowork|Any CPU
		{C63ADD2E-CBDC-40A2-8718-BC475A5B2A37}.Release_SKT_MCS|Any CPU.Build.0 = Release_Kakaowork|Any CPU
		{C63ADD2E-CBDC-40A2-8718-BC475A5B2A37}.Release_Soulbrain_MCS|Any CPU.ActiveCfg = Release_Kakaowork|Any CPU
		{C63ADD2E-CBDC-40A2-8718-BC475A5B2A37}.Release_Soulbrain_MCS|Any CPU.Build.0 = Release_Kakaowork|Any CPU
		{C63ADD2E-CBDC-40A2-8718-BC475A5B2A37}.Release_Soulbrain|Any CPU.ActiveCfg = Release_Kakaowork|Any CPU
		{C63ADD2E-CBDC-40A2-8718-BC475A5B2A37}.Release_Soulbrain|Any CPU.Build.0 = Release_Kakaowork|Any CPU
		{C63ADD2E-CBDC-40A2-8718-BC475A5B2A37}.Release_UNE_MCS|Any CPU.ActiveCfg = Release_Kakaowork|Any CPU
		{C63ADD2E-CBDC-40A2-8718-BC475A5B2A37}.Release_UNE_MCS|Any CPU.Build.0 = Release_Kakaowork|Any CPU
		{C63ADD2E-CBDC-40A2-8718-BC475A5B2A37}.Release_UnEInternal|Any CPU.ActiveCfg = Release_Kakaowork|Any CPU
		{C63ADD2E-CBDC-40A2-8718-BC475A5B2A37}.Release_UnEInternal|Any CPU.Build.0 = Release_Kakaowork|Any CPU
		{C63ADD2E-CBDC-40A2-8718-BC475A5B2A37}.Release_Wonikqnc|Any CPU.ActiveCfg = Release_Kakaowork|Any CPU
		{C63ADD2E-CBDC-40A2-8718-BC475A5B2A37}.Release_Wonikqnc|Any CPU.Build.0 = Release_Kakaowork|Any CPU
		{C63ADD2E-CBDC-40A2-8718-BC475A5B2A37}.Release|Any CPU.ActiveCfg = Release|Any CPU
		{C63ADD2E-CBDC-40A2-8718-BC475A5B2A37}.Release|Any CPU.Build.0 = Release|Any CPU
		{6C652678-3FBD-40CA-99E8-1B1CBF0E34B0}.Debug|Any CPU.ActiveCfg = Debug|Any CPU
		{6C652678-3FBD-40CA-99E8-1B1CBF0E34B0}.Debug|Any CPU.Build.0 = Debug|Any CPU
		{6C652678-3FBD-40CA-99E8-1B1CBF0E34B0}.Release_Kakao|Any CPU.ActiveCfg = Release|Any CPU
		{6C652678-3FBD-40CA-99E8-1B1CBF0E34B0}.Release_Kakao|Any CPU.Build.0 = Release|Any CPU
		{6C652678-3FBD-40CA-99E8-1B1CBF0E34B0}.Release_Kakaowork|Any CPU.ActiveCfg = Release|Any CPU
		{6C652678-3FBD-40CA-99E8-1B1CBF0E34B0}.Release_Kakaowork|Any CPU.Build.0 = Release|Any CPU
		{6C652678-3FBD-40CA-99E8-1B1CBF0E34B0}.Release_SKT_MCS|Any CPU.ActiveCfg = Release|Any CPU
		{6C652678-3FBD-40CA-99E8-1B1CBF0E34B0}.Release_SKT_MCS|Any CPU.Build.0 = Release|Any CPU
		{6C652678-3FBD-40CA-99E8-1B1CBF0E34B0}.Release_Soulbrain_MCS|Any CPU.ActiveCfg = Release|Any CPU
		{6C652678-3FBD-40CA-99E8-1B1CBF0E34B0}.Release_Soulbrain_MCS|Any CPU.Build.0 = Release|Any CPU
		{6C652678-3FBD-40CA-99E8-1B1CBF0E34B0}.Release_Soulbrain|Any CPU.ActiveCfg = Release|Any CPU
		{6C652678-3FBD-40CA-99E8-1B1CBF0E34B0}.Release_Soulbrain|Any CPU.Build.0 = Release|Any CPU
		{6C652678-3FBD-40CA-99E8-1B1CBF0E34B0}.Release_UNE_MCS|Any CPU.ActiveCfg = Release|Any CPU
		{6C652678-3FBD-40CA-99E8-1B1CBF0E34B0}.Release_UNE_MCS|Any CPU.Build.0 = Release|Any CPU
		{6C652678-3FBD-40CA-99E8-1B1CBF0E34B0}.Release_UnEInternal|Any CPU.ActiveCfg = Release|Any CPU
		{6C652678-3FBD-40CA-99E8-1B1CBF0E34B0}.Release_UnEInternal|Any CPU.Build.0 = Release|Any CPU
		{6C652678-3FBD-40CA-99E8-1B1CBF0E34B0}.Release_Wonikqnc|Any CPU.ActiveCfg = Release|Any CPU
		{6C652678-3FBD-40CA-99E8-1B1CBF0E34B0}.Release_Wonikqnc|Any CPU.Build.0 = Release|Any CPU
		{6C652678-3FBD-40CA-99E8-1B1CBF0E34B0}.Release|Any CPU.ActiveCfg = Release|Any CPU
		{6C652678-3FBD-40CA-99E8-1B1CBF0E34B0}.Release|Any CPU.Build.0 = Release|Any CPU
		{4A7B6C16-F829-4AD2-928C-ED77725E4203}.Debug|Any CPU.ActiveCfg = Debug|Any CPU
		{4A7B6C16-F829-4AD2-928C-ED77725E4203}.Debug|Any CPU.Build.0 = Debug|Any CPU
		{4A7B6C16-F829-4AD2-928C-ED77725E4203}.Release_Kakao|Any CPU.ActiveCfg = Release_Kakaowork|Any CPU
		{4A7B6C16-F829-4AD2-928C-ED77725E4203}.Release_Kakao|Any CPU.Build.0 = Release_Kakaowork|Any CPU
		{4A7B6C16-F829-4AD2-928C-ED77725E4203}.Release_Kakaowork|Any CPU.ActiveCfg = Release_Kakaowork|Any CPU
		{4A7B6C16-F829-4AD2-928C-ED77725E4203}.Release_Kakaowork|Any CPU.Build.0 = Release_Kakaowork|Any CPU
		{4A7B6C16-F829-4AD2-928C-ED77725E4203}.Release_SKT_MCS|Any CPU.ActiveCfg = Release_Kakaowork|Any CPU
		{4A7B6C16-F829-4AD2-928C-ED77725E4203}.Release_SKT_MCS|Any CPU.Build.0 = Release_Kakaowork|Any CPU
		{4A7B6C16-F829-4AD2-928C-ED77725E4203}.Release_Soulbrain_MCS|Any CPU.ActiveCfg = Release_Kakaowork|Any CPU
		{4A7B6C16-F829-4AD2-928C-ED77725E4203}.Release_Soulbrain_MCS|Any CPU.Build.0 = Release_Kakaowork|Any CPU
		{4A7B6C16-F829-4AD2-928C-ED77725E4203}.Release_Soulbrain|Any CPU.ActiveCfg = Release_Kakaowork|Any CPU
		{4A7B6C16-F829-4AD2-928C-ED77725E4203}.Release_Soulbrain|Any CPU.Build.0 = Release_Kakaowork|Any CPU
		{4A7B6C16-F829-4AD2-928C-ED77725E4203}.Release_UNE_MCS|Any CPU.ActiveCfg = Release_Kakaowork|Any CPU
		{4A7B6C16-F829-4AD2-928C-ED77725E4203}.Release_UNE_MCS|Any CPU.Build.0 = Release_Kakaowork|Any CPU
		{4A7B6C16-F829-4AD2-928C-ED77725E4203}.Release_UnEInternal|Any CPU.ActiveCfg = Release_Kakaowork|Any CPU
		{4A7B6C16-F829-4AD2-928C-ED77725E4203}.Release_UnEInternal|Any CPU.Build.0 = Release_Kakaowork|Any CPU
		{4A7B6C16-F829-4AD2-928C-ED77725E4203}.Release_Wonikqnc|Any CPU.ActiveCfg = Release_Kakaowork|Any CPU
		{4A7B6C16-F829-4AD2-928C-ED77725E4203}.Release_Wonikqnc|Any CPU.Build.0 = Release_Kakaowork|Any CPU
		{4A7B6C16-F829-4AD2-928C-ED77725E4203}.Release|Any CPU.ActiveCfg = Release|Any CPU
		{4A7B6C16-F829-4AD2-928C-ED77725E4203}.Release|Any CPU.Build.0 = Release|Any CPU
		{2D3AA97E-6F26-472E-BFE3-7275166797EE}.Debug|Any CPU.ActiveCfg = Debug|Any CPU
		{2D3AA97E-6F26-472E-BFE3-7275166797EE}.Debug|Any CPU.Build.0 = Debug|Any CPU
		{2D3AA97E-6F26-472E-BFE3-7275166797EE}.Release_Kakao|Any CPU.ActiveCfg = Release_Kakaowork|Any CPU
		{2D3AA97E-6F26-472E-BFE3-7275166797EE}.Release_Kakao|Any CPU.Build.0 = Release_Kakaowork|Any CPU
		{2D3AA97E-6F26-472E-BFE3-7275166797EE}.Release_Kakaowork|Any CPU.ActiveCfg = Release_Kakaowork|Any CPU
		{2D3AA97E-6F26-472E-BFE3-7275166797EE}.Release_Kakaowork|Any CPU.Build.0 = Release_Kakaowork|Any CPU
		{2D3AA97E-6F26-472E-BFE3-7275166797EE}.Release_SKT_MCS|Any CPU.ActiveCfg = Release_Kakaowork|Any CPU
		{2D3AA97E-6F26-472E-BFE3-7275166797EE}.Release_SKT_MCS|Any CPU.Build.0 = Release_Kakaowork|Any CPU
		{2D3AA97E-6F26-472E-BFE3-7275166797EE}.Release_Soulbrain_MCS|Any CPU.ActiveCfg = Release_Kakaowork|Any CPU
		{2D3AA97E-6F26-472E-BFE3-7275166797EE}.Release_Soulbrain_MCS|Any CPU.Build.0 = Release_Kakaowork|Any CPU
		{2D3AA97E-6F26-472E-BFE3-7275166797EE}.Release_Soulbrain|Any CPU.ActiveCfg = Release_Kakaowork|Any CPU
		{2D3AA97E-6F26-472E-BFE3-7275166797EE}.Release_Soulbrain|Any CPU.Build.0 = Release_Kakaowork|Any CPU
		{2D3AA97E-6F26-472E-BFE3-7275166797EE}.Release_UNE_MCS|Any CPU.ActiveCfg = Release_Kakaowork|Any CPU
		{2D3AA97E-6F26-472E-BFE3-7275166797EE}.Release_UNE_MCS|Any CPU.Build.0 = Release_Kakaowork|Any CPU
		{2D3AA97E-6F26-472E-BFE3-7275166797EE}.Release_UnEInternal|Any CPU.ActiveCfg = Release_Kakaowork|Any CPU
		{2D3AA97E-6F26-472E-BFE3-7275166797EE}.Release_UnEInternal|Any CPU.Build.0 = Release_Kakaowork|Any CPU
		{2D3AA97E-6F26-472E-BFE3-7275166797EE}.Release_Wonikqnc|Any CPU.ActiveCfg = Release_Kakaowork|Any CPU
		{2D3AA97E-6F26-472E-BFE3-7275166797EE}.Release_Wonikqnc|Any CPU.Build.0 = Release_Kakaowork|Any CPU
		{2D3AA97E-6F26-472E-BFE3-7275166797EE}.Release|Any CPU.ActiveCfg = Release|Any CPU
		{2D3AA97E-6F26-472E-BFE3-7275166797EE}.Release|Any CPU.Build.0 = Release|Any CPU
		{A8435851-10FF-44E2-BDA0-147D9035229B}.Debug|Any CPU.ActiveCfg = Debug|Any CPU
		{A8435851-10FF-44E2-BDA0-147D9035229B}.Debug|Any CPU.Build.0 = Debug|Any CPU
		{A8435851-10FF-44E2-BDA0-147D9035229B}.Release_Kakao|Any CPU.ActiveCfg = Release_Kakaowork|Any CPU
		{A8435851-10FF-44E2-BDA0-147D9035229B}.Release_Kakao|Any CPU.Build.0 = Release_Kakaowork|Any CPU
		{A8435851-10FF-44E2-BDA0-147D9035229B}.Release_Kakaowork|Any CPU.ActiveCfg = Release_Kakaowork|Any CPU
		{A8435851-10FF-44E2-BDA0-147D9035229B}.Release_Kakaowork|Any CPU.Build.0 = Release_Kakaowork|Any CPU
		{A8435851-10FF-44E2-BDA0-147D9035229B}.Release_SKT_MCS|Any CPU.ActiveCfg = Release_Kakaowork|Any CPU
		{A8435851-10FF-44E2-BDA0-147D9035229B}.Release_SKT_MCS|Any CPU.Build.0 = Release_Kakaowork|Any CPU
		{A8435851-10FF-44E2-BDA0-147D9035229B}.Release_Soulbrain_MCS|Any CPU.ActiveCfg = Release_Kakaowork|Any CPU
		{A8435851-10FF-44E2-BDA0-147D9035229B}.Release_Soulbrain_MCS|Any CPU.Build.0 = Release_Kakaowork|Any CPU
		{A8435851-10FF-44E2-BDA0-147D9035229B}.Release_Soulbrain|Any CPU.ActiveCfg = Release_Kakaowork|Any CPU
		{A8435851-10FF-44E2-BDA0-147D9035229B}.Release_Soulbrain|Any CPU.Build.0 = Release_Kakaowork|Any CPU
		{A8435851-10FF-44E2-BDA0-147D9035229B}.Release_UNE_MCS|Any CPU.ActiveCfg = Release_Kakaowork|Any CPU
		{A8435851-10FF-44E2-BDA0-147D9035229B}.Release_UNE_MCS|Any CPU.Build.0 = Release_Kakaowork|Any CPU
		{A8435851-10FF-44E2-BDA0-147D9035229B}.Release_UnEInternal|Any CPU.ActiveCfg = Release_Kakaowork|Any CPU
		{A8435851-10FF-44E2-BDA0-147D9035229B}.Release_UnEInternal|Any CPU.Build.0 = Release_Kakaowork|Any CPU
		{A8435851-10FF-44E2-BDA0-147D9035229B}.Release_Wonikqnc|Any CPU.ActiveCfg = Release_Kakaowork|Any CPU
		{A8435851-10FF-44E2-BDA0-147D9035229B}.Release_Wonikqnc|Any CPU.Build.0 = Release_Kakaowork|Any CPU
		{A8435851-10FF-44E2-BDA0-147D9035229B}.Release|Any CPU.ActiveCfg = Release|Any CPU
		{A8435851-10FF-44E2-BDA0-147D9035229B}.Release|Any CPU.Build.0 = Release|Any CPU
		{583BE937-B94C-4CCE-80FD-4E2F8D94081A}.Debug|Any CPU.ActiveCfg = Debug|Any CPU
		{583BE937-B94C-4CCE-80FD-4E2F8D94081A}.Debug|Any CPU.Build.0 = Debug|Any CPU
		{583BE937-B94C-4CCE-80FD-4E2F8D94081A}.Release_Kakao|Any CPU.ActiveCfg = Release_Kakaowork|Any CPU
		{583BE937-B94C-4CCE-80FD-4E2F8D94081A}.Release_Kakao|Any CPU.Build.0 = Release_Kakaowork|Any CPU
		{583BE937-B94C-4CCE-80FD-4E2F8D94081A}.Release_Kakaowork|Any CPU.ActiveCfg = Release_Kakaowork|Any CPU
		{583BE937-B94C-4CCE-80FD-4E2F8D94081A}.Release_Kakaowork|Any CPU.Build.0 = Release_Kakaowork|Any CPU
		{583BE937-B94C-4CCE-80FD-4E2F8D94081A}.Release_SKT_MCS|Any CPU.ActiveCfg = Release_Kakaowork|Any CPU
		{583BE937-B94C-4CCE-80FD-4E2F8D94081A}.Release_SKT_MCS|Any CPU.Build.0 = Release_Kakaowork|Any CPU
		{583BE937-B94C-4CCE-80FD-4E2F8D94081A}.Release_Soulbrain_MCS|Any CPU.ActiveCfg = Release_Kakaowork|Any CPU
		{583BE937-B94C-4CCE-80FD-4E2F8D94081A}.Release_Soulbrain_MCS|Any CPU.Build.0 = Release_Kakaowork|Any CPU
		{583BE937-B94C-4CCE-80FD-4E2F8D94081A}.Release_Soulbrain|Any CPU.ActiveCfg = Release_Kakaowork|Any CPU
		{583BE937-B94C-4CCE-80FD-4E2F8D94081A}.Release_Soulbrain|Any CPU.Build.0 = Release_Kakaowork|Any CPU
		{583BE937-B94C-4CCE-80FD-4E2F8D94081A}.Release_UNE_MCS|Any CPU.ActiveCfg = Release_Kakaowork|Any CPU
		{583BE937-B94C-4CCE-80FD-4E2F8D94081A}.Release_UNE_MCS|Any CPU.Build.0 = Release_Kakaowork|Any CPU
		{583BE937-B94C-4CCE-80FD-4E2F8D94081A}.Release_UnEInternal|Any CPU.ActiveCfg = Release_Kakaowork|Any CPU
		{583BE937-B94C-4CCE-80FD-4E2F8D94081A}.Release_UnEInternal|Any CPU.Build.0 = Release_Kakaowork|Any CPU
		{583BE937-B94C-4CCE-80FD-4E2F8D94081A}.Release_Wonikqnc|Any CPU.ActiveCfg = Release_Kakaowork|Any CPU
		{583BE937-B94C-4CCE-80FD-4E2F8D94081A}.Release_Wonikqnc|Any CPU.Build.0 = Release_Kakaowork|Any CPU
		{583BE937-B94C-4CCE-80FD-4E2F8D94081A}.Release|Any CPU.ActiveCfg = Release|Any CPU
		{583BE937-B94C-4CCE-80FD-4E2F8D94081A}.Release|Any CPU.Build.0 = Release|Any CPU
		{94DFF60E-C872-47DB-A76C-031CB3A10331}.Debug|Any CPU.ActiveCfg = Debug|Any CPU
		{94DFF60E-C872-47DB-A76C-031CB3A10331}.Debug|Any CPU.Build.0 = Debug|Any CPU
		{94DFF60E-C872-47DB-A76C-031CB3A10331}.Release_Kakao|Any CPU.ActiveCfg = Release|Any CPU
		{94DFF60E-C872-47DB-A76C-031CB3A10331}.Release_Kakao|Any CPU.Build.0 = Release|Any CPU
		{94DFF60E-C872-47DB-A76C-031CB3A10331}.Release_Kakaowork|Any CPU.ActiveCfg = Release|Any CPU
		{94DFF60E-C872-47DB-A76C-031CB3A10331}.Release_Kakaowork|Any CPU.Build.0 = Release|Any CPU
		{94DFF60E-C872-47DB-A76C-031CB3A10331}.Release_SKT_MCS|Any CPU.ActiveCfg = Release|Any CPU
		{94DFF60E-C872-47DB-A76C-031CB3A10331}.Release_SKT_MCS|Any CPU.Build.0 = Release|Any CPU
		{94DFF60E-C872-47DB-A76C-031CB3A10331}.Release_Soulbrain_MCS|Any CPU.ActiveCfg = Release|Any CPU
		{94DFF60E-C872-47DB-A76C-031CB3A10331}.Release_Soulbrain_MCS|Any CPU.Build.0 = Release|Any CPU
		{94DFF60E-C872-47DB-A76C-031CB3A10331}.Release_Soulbrain|Any CPU.ActiveCfg = Release|Any CPU
		{94DFF60E-C872-47DB-A76C-031CB3A10331}.Release_Soulbrain|Any CPU.Build.0 = Release|Any CPU
		{94DFF60E-C872-47DB-A76C-031CB3A10331}.Release_UNE_MCS|Any CPU.ActiveCfg = Release|Any CPU
		{94DFF60E-C872-47DB-A76C-031CB3A10331}.Release_UNE_MCS|Any CPU.Build.0 = Release|Any CPU
		{94DFF60E-C872-47DB-A76C-031CB3A10331}.Release_UnEInternal|Any CPU.ActiveCfg = Release|Any CPU
		{94DFF60E-C872-47DB-A76C-031CB3A10331}.Release_UnEInternal|Any CPU.Build.0 = Release|Any CPU
		{94DFF60E-C872-47DB-A76C-031CB3A10331}.Release_Wonikqnc|Any CPU.ActiveCfg = Release|Any CPU
		{94DFF60E-C872-47DB-A76C-031CB3A10331}.Release_Wonikqnc|Any CPU.Build.0 = Release|Any CPU
		{94DFF60E-C872-47DB-A76C-031CB3A10331}.Release|Any CPU.ActiveCfg = Release|Any CPU
		{94DFF60E-C872-47DB-A76C-031CB3A10331}.Release|Any CPU.Build.0 = Release|Any CPU
		{AC411584-FB8C-459C-A3CE-26EC69923E19}.Debug|Any CPU.ActiveCfg = Debug|Any CPU
		{AC411584-FB8C-459C-A3CE-26EC69923E19}.Debug|Any CPU.Build.0 = Debug|Any CPU
		{AC411584-FB8C-459C-A3CE-26EC69923E19}.Release_Kakao|Any CPU.ActiveCfg = Release_Kakaowork|Any CPU
		{AC411584-FB8C-459C-A3CE-26EC69923E19}.Release_Kakao|Any CPU.Build.0 = Release_Kakaowork|Any CPU
		{AC411584-FB8C-459C-A3CE-26EC69923E19}.Release_Kakaowork|Any CPU.ActiveCfg = Release_Kakaowork|Any CPU
		{AC411584-FB8C-459C-A3CE-26EC69923E19}.Release_Kakaowork|Any CPU.Build.0 = Release_Kakaowork|Any CPU
		{AC411584-FB8C-459C-A3CE-26EC69923E19}.Release_SKT_MCS|Any CPU.ActiveCfg = Release_Soulbrain|Any CPU
		{AC411584-FB8C-459C-A3CE-26EC69923E19}.Release_SKT_MCS|Any CPU.Build.0 = Release_Soulbrain|Any CPU
		{AC411584-FB8C-459C-A3CE-26EC69923E19}.Release_Soulbrain_MCS|Any CPU.ActiveCfg = Release_Soulbrain|Any CPU
		{AC411584-FB8C-459C-A3CE-26EC69923E19}.Release_Soulbrain_MCS|Any CPU.Build.0 = Release_Soulbrain|Any CPU
		{AC411584-FB8C-459C-A3CE-26EC69923E19}.Release_Soulbrain|Any CPU.ActiveCfg = Release_Soulbrain|Any CPU
		{AC411584-FB8C-459C-A3CE-26EC69923E19}.Release_Soulbrain|Any CPU.Build.0 = Release_Soulbrain|Any CPU
		{AC411584-FB8C-459C-A3CE-26EC69923E19}.Release_UNE_MCS|Any CPU.ActiveCfg = Release_UnEInternal|Any CPU
		{AC411584-FB8C-459C-A3CE-26EC69923E19}.Release_UNE_MCS|Any CPU.Build.0 = Release_UnEInternal|Any CPU
		{AC411584-FB8C-459C-A3CE-26EC69923E19}.Release_UnEInternal|Any CPU.ActiveCfg = Release_UnEInternal|Any CPU
		{AC411584-FB8C-459C-A3CE-26EC69923E19}.Release_UnEInternal|Any CPU.Build.0 = Release_UnEInternal|Any CPU
		{AC411584-FB8C-459C-A3CE-26EC69923E19}.Release_Wonikqnc|Any CPU.ActiveCfg = Release_Wonikqnc|Any CPU
		{AC411584-FB8C-459C-A3CE-26EC69923E19}.Release_Wonikqnc|Any CPU.Build.0 = Release_Wonikqnc|Any CPU
		{AC411584-FB8C-459C-A3CE-26EC69923E19}.Release|Any CPU.ActiveCfg = Release|Any CPU
		{AC411584-FB8C-459C-A3CE-26EC69923E19}.Release|Any CPU.Build.0 = Release|Any CPU
		{C2E76406-BF0A-4CC2-8214-BC61A5F3C9AD}.Debug|Any CPU.ActiveCfg = Debug|Any CPU
		{C2E76406-BF0A-4CC2-8214-BC61A5F3C9AD}.Debug|Any CPU.Build.0 = Debug|Any CPU
		{C2E76406-BF0A-4CC2-8214-BC61A5F3C9AD}.Release_Kakao|Any CPU.ActiveCfg = Release_Kakaowork|Any CPU
		{C2E76406-BF0A-4CC2-8214-BC61A5F3C9AD}.Release_Kakao|Any CPU.Build.0 = Release_Kakaowork|Any CPU
		{C2E76406-BF0A-4CC2-8214-BC61A5F3C9AD}.Release_Kakaowork|Any CPU.ActiveCfg = Release_Kakaowork|Any CPU
		{C2E76406-BF0A-4CC2-8214-BC61A5F3C9AD}.Release_Kakaowork|Any CPU.Build.0 = Release_Kakaowork|Any CPU
		{C2E76406-BF0A-4CC2-8214-BC61A5F3C9AD}.Release_SKT_MCS|Any CPU.ActiveCfg = Release_Kakaowork|Any CPU
		{C2E76406-BF0A-4CC2-8214-BC61A5F3C9AD}.Release_SKT_MCS|Any CPU.Build.0 = Release_Kakaowork|Any CPU
		{C2E76406-BF0A-4CC2-8214-BC61A5F3C9AD}.Release_Soulbrain_MCS|Any CPU.ActiveCfg = Release_Kakaowork|Any CPU
		{C2E76406-BF0A-4CC2-8214-BC61A5F3C9AD}.Release_Soulbrain_MCS|Any CPU.Build.0 = Release_Kakaowork|Any CPU
		{C2E76406-BF0A-4CC2-8214-BC61A5F3C9AD}.Release_Soulbrain|Any CPU.ActiveCfg = Release_Kakaowork|Any CPU
		{C2E76406-BF0A-4CC2-8214-BC61A5F3C9AD}.Release_Soulbrain|Any CPU.Build.0 = Release_Kakaowork|Any CPU
		{C2E76406-BF0A-4CC2-8214-BC61A5F3C9AD}.Release_UNE_MCS|Any CPU.ActiveCfg = Release_Kakaowork|Any CPU
		{C2E76406-BF0A-4CC2-8214-BC61A5F3C9AD}.Release_UNE_MCS|Any CPU.Build.0 = Release_Kakaowork|Any CPU
		{C2E76406-BF0A-4CC2-8214-BC61A5F3C9AD}.Release_UnEInternal|Any CPU.ActiveCfg = Release_Kakaowork|Any CPU
		{C2E76406-BF0A-4CC2-8214-BC61A5F3C9AD}.Release_UnEInternal|Any CPU.Build.0 = Release_Kakaowork|Any CPU
		{C2E76406-BF0A-4CC2-8214-BC61A5F3C9AD}.Release_Wonikqnc|Any CPU.ActiveCfg = Release_Kakaowork|Any CPU
		{C2E76406-BF0A-4CC2-8214-BC61A5F3C9AD}.Release_Wonikqnc|Any CPU.Build.0 = Release_Kakaowork|Any CPU
		{C2E76406-BF0A-4CC2-8214-BC61A5F3C9AD}.Release|Any CPU.ActiveCfg = Release|Any CPU
		{C2E76406-BF0A-4CC2-8214-BC61A5F3C9AD}.Release|Any CPU.Build.0 = Release|Any CPU
		{85FEED0B-5EA2-47CD-A36C-678FAB71E469}.Debug|Any CPU.ActiveCfg = Debug|Any CPU
		{85FEED0B-5EA2-47CD-A36C-678FAB71E469}.Debug|Any CPU.Build.0 = Debug|Any CPU
		{85FEED0B-5EA2-47CD-A36C-678FAB71E469}.Release_Kakao|Any CPU.ActiveCfg = Release_Kakaowork|Any CPU
		{85FEED0B-5EA2-47CD-A36C-678FAB71E469}.Release_Kakao|Any CPU.Build.0 = Release_Kakaowork|Any CPU
		{85FEED0B-5EA2-47CD-A36C-678FAB71E469}.Release_Kakaowork|Any CPU.ActiveCfg = Release_Kakaowork|Any CPU
		{85FEED0B-5EA2-47CD-A36C-678FAB71E469}.Release_Kakaowork|Any CPU.Build.0 = Release_Kakaowork|Any CPU
		{85FEED0B-5EA2-47CD-A36C-678FAB71E469}.Release_SKT_MCS|Any CPU.ActiveCfg = Release_Kakaowork|Any CPU
		{85FEED0B-5EA2-47CD-A36C-678FAB71E469}.Release_SKT_MCS|Any CPU.Build.0 = Release_Kakaowork|Any CPU
		{85FEED0B-5EA2-47CD-A36C-678FAB71E469}.Release_Soulbrain_MCS|Any CPU.ActiveCfg = Release_Kakaowork|Any CPU
		{85FEED0B-5EA2-47CD-A36C-678FAB71E469}.Release_Soulbrain_MCS|Any CPU.Build.0 = Release_Kakaowork|Any CPU
		{85FEED0B-5EA2-47CD-A36C-678FAB71E469}.Release_Soulbrain|Any CPU.ActiveCfg = Release_Kakaowork|Any CPU
		{85FEED0B-5EA2-47CD-A36C-678FAB71E469}.Release_Soulbrain|Any CPU.Build.0 = Release_Kakaowork|Any CPU
		{85FEED0B-5EA2-47CD-A36C-678FAB71E469}.Release_UNE_MCS|Any CPU.ActiveCfg = Release_Kakaowork|Any CPU
		{85FEED0B-5EA2-47CD-A36C-678FAB71E469}.Release_UNE_MCS|Any CPU.Build.0 = Release_Kakaowork|Any CPU
		{85FEED0B-5EA2-47CD-A36C-678FAB71E469}.Release_UnEInternal|Any CPU.ActiveCfg = Release_Kakaowork|Any CPU
		{85FEED0B-5EA2-47CD-A36C-678FAB71E469}.Release_UnEInternal|Any CPU.Build.0 = Release_Kakaowork|Any CPU
		{85FEED0B-5EA2-47CD-A36C-678FAB71E469}.Release_Wonikqnc|Any CPU.ActiveCfg = Release_Kakaowork|Any CPU
		{85FEED0B-5EA2-47CD-A36C-678FAB71E469}.Release_Wonikqnc|Any CPU.Build.0 = Release_Kakaowork|Any CPU
		{85FEED0B-5EA2-47CD-A36C-678FAB71E469}.Release|Any CPU.ActiveCfg = Release|Any CPU
		{85FEED0B-5EA2-47CD-A36C-678FAB71E469}.Release|Any CPU.Build.0 = Release|Any CPU
		{6F620C22-2CBD-4F99-9F2A-405352909918}.Debug|Any CPU.ActiveCfg = Debug|Any CPU
		{6F620C22-2CBD-4F99-9F2A-405352909918}.Debug|Any CPU.Build.0 = Debug|Any CPU
		{6F620C22-2CBD-4F99-9F2A-405352909918}.Release_Kakao|Any CPU.ActiveCfg = Release_Kakaowork|Any CPU
		{6F620C22-2CBD-4F99-9F2A-405352909918}.Release_Kakao|Any CPU.Build.0 = Release_Kakaowork|Any CPU
		{6F620C22-2CBD-4F99-9F2A-405352909918}.Release_Kakaowork|Any CPU.ActiveCfg = Release_Kakaowork|Any CPU
		{6F620C22-2CBD-4F99-9F2A-405352909918}.Release_Kakaowork|Any CPU.Build.0 = Release_Kakaowork|Any CPU
		{6F620C22-2CBD-4F99-9F2A-405352909918}.Release_SKT_MCS|Any CPU.ActiveCfg = Release_Kakaowork|Any CPU
		{6F620C22-2CBD-4F99-9F2A-405352909918}.Release_SKT_MCS|Any CPU.Build.0 = Release_Kakaowork|Any CPU
		{6F620C22-2CBD-4F99-9F2A-405352909918}.Release_Soulbrain_MCS|Any CPU.ActiveCfg = Release_Kakaowork|Any CPU
		{6F620C22-2CBD-4F99-9F2A-405352909918}.Release_Soulbrain_MCS|Any CPU.Build.0 = Release_Kakaowork|Any CPU
		{6F620C22-2CBD-4F99-9F2A-405352909918}.Release_Soulbrain|Any CPU.ActiveCfg = Release_Kakaowork|Any CPU
		{6F620C22-2CBD-4F99-9F2A-405352909918}.Release_Soulbrain|Any CPU.Build.0 = Release_Kakaowork|Any CPU
		{6F620C22-2CBD-4F99-9F2A-405352909918}.Release_UNE_MCS|Any CPU.ActiveCfg = Release_Kakaowork|Any CPU
		{6F620C22-2CBD-4F99-9F2A-405352909918}.Release_UNE_MCS|Any CPU.Build.0 = Release_Kakaowork|Any CPU
		{6F620C22-2CBD-4F99-9F2A-405352909918}.Release_UnEInternal|Any CPU.ActiveCfg = Release_Kakaowork|Any CPU
		{6F620C22-2CBD-4F99-9F2A-405352909918}.Release_UnEInternal|Any CPU.Build.0 = Release_Kakaowork|Any CPU
		{6F620C22-2CBD-4F99-9F2A-405352909918}.Release_Wonikqnc|Any CPU.ActiveCfg = Release_Kakaowork|Any CPU
		{6F620C22-2CBD-4F99-9F2A-405352909918}.Release_Wonikqnc|Any CPU.Build.0 = Release_Kakaowork|Any CPU
		{6F620C22-2CBD-4F99-9F2A-405352909918}.Release|Any CPU.ActiveCfg = Release|Any CPU
		{6F620C22-2CBD-4F99-9F2A-405352909918}.Release|Any CPU.Build.0 = Release|Any CPU
		{DBB49C5C-6111-4600-8CE7-21DCBC6E541A}.Debug|Any CPU.ActiveCfg = Debug|Any CPU
		{DBB49C5C-6111-4600-8CE7-21DCBC6E541A}.Debug|Any CPU.Build.0 = Debug|Any CPU
		{DBB49C5C-6111-4600-8CE7-21DCBC6E541A}.Release_Kakao|Any CPU.ActiveCfg = Release_Kakaowork|Any CPU
		{DBB49C5C-6111-4600-8CE7-21DCBC6E541A}.Release_Kakao|Any CPU.Build.0 = Release_Kakaowork|Any CPU
		{DBB49C5C-6111-4600-8CE7-21DCBC6E541A}.Release_Kakaowork|Any CPU.ActiveCfg = Release_Kakaowork|Any CPU
		{DBB49C5C-6111-4600-8CE7-21DCBC6E541A}.Release_Kakaowork|Any CPU.Build.0 = Release_Kakaowork|Any CPU
		{DBB49C5C-6111-4600-8CE7-21DCBC6E541A}.Release_SKT_MCS|Any CPU.ActiveCfg = Release_Kakaowork|Any CPU
		{DBB49C5C-6111-4600-8CE7-21DCBC6E541A}.Release_SKT_MCS|Any CPU.Build.0 = Release_Kakaowork|Any CPU
		{DBB49C5C-6111-4600-8CE7-21DCBC6E541A}.Release_Soulbrain_MCS|Any CPU.ActiveCfg = Release_Kakaowork|Any CPU
		{DBB49C5C-6111-4600-8CE7-21DCBC6E541A}.Release_Soulbrain_MCS|Any CPU.Build.0 = Release_Kakaowork|Any CPU
		{DBB49C5C-6111-4600-8CE7-21DCBC6E541A}.Release_Soulbrain|Any CPU.ActiveCfg = Release_Kakaowork|Any CPU
		{DBB49C5C-6111-4600-8CE7-21DCBC6E541A}.Release_Soulbrain|Any CPU.Build.0 = Release_Kakaowork|Any CPU
		{DBB49C5C-6111-4600-8CE7-21DCBC6E541A}.Release_UNE_MCS|Any CPU.ActiveCfg = Release_Kakaowork|Any CPU
		{DBB49C5C-6111-4600-8CE7-21DCBC6E541A}.Release_UNE_MCS|Any CPU.Build.0 = Release_Kakaowork|Any CPU
		{DBB49C5C-6111-4600-8CE7-21DCBC6E541A}.Release_UnEInternal|Any CPU.ActiveCfg = Release_Kakaowork|Any CPU
		{DBB49C5C-6111-4600-8CE7-21DCBC6E541A}.Release_UnEInternal|Any CPU.Build.0 = Release_Kakaowork|Any CPU
		{DBB49C5C-6111-4600-8CE7-21DCBC6E541A}.Release_Wonikqnc|Any CPU.ActiveCfg = Release_Kakaowork|Any CPU
		{DBB49C5C-6111-4600-8CE7-21DCBC6E541A}.Release_Wonikqnc|Any CPU.Build.0 = Release_Kakaowork|Any CPU
		{DBB49C5C-6111-4600-8CE7-21DCBC6E541A}.Release|Any CPU.ActiveCfg = Release|Any CPU
		{DBB49C5C-6111-4600-8CE7-21DCBC6E541A}.Release|Any CPU.Build.0 = Release|Any CPU
		{D8635745-B2DF-4EC8-85B5-17E86357F8E1}.Debug|Any CPU.ActiveCfg = Debug|Any CPU
		{D8635745-B2DF-4EC8-85B5-17E86357F8E1}.Debug|Any CPU.Build.0 = Debug|Any CPU
		{D8635745-B2DF-4EC8-85B5-17E86357F8E1}.Release_Kakao|Any CPU.ActiveCfg = Release|Any CPU
		{D8635745-B2DF-4EC8-85B5-17E86357F8E1}.Release_Kakao|Any CPU.Build.0 = Release|Any CPU
		{D8635745-B2DF-4EC8-85B5-17E86357F8E1}.Release_Kakaowork|Any CPU.ActiveCfg = Release|Any CPU
		{D8635745-B2DF-4EC8-85B5-17E86357F8E1}.Release_Kakaowork|Any CPU.Build.0 = Release|Any CPU
		{D8635745-B2DF-4EC8-85B5-17E86357F8E1}.Release_SKT_MCS|Any CPU.ActiveCfg = Release|Any CPU
		{D8635745-B2DF-4EC8-85B5-17E86357F8E1}.Release_SKT_MCS|Any CPU.Build.0 = Release|Any CPU
		{D8635745-B2DF-4EC8-85B5-17E86357F8E1}.Release_Soulbrain_MCS|Any CPU.ActiveCfg = Release|Any CPU
		{D8635745-B2DF-4EC8-85B5-17E86357F8E1}.Release_Soulbrain_MCS|Any CPU.Build.0 = Release|Any CPU
		{D8635745-B2DF-4EC8-85B5-17E86357F8E1}.Release_Soulbrain|Any CPU.ActiveCfg = Release|Any CPU
		{D8635745-B2DF-4EC8-85B5-17E86357F8E1}.Release_Soulbrain|Any CPU.Build.0 = Release|Any CPU
		{D8635745-B2DF-4EC8-85B5-17E86357F8E1}.Release_UNE_MCS|Any CPU.ActiveCfg = Release|Any CPU
		{D8635745-B2DF-4EC8-85B5-17E86357F8E1}.Release_UNE_MCS|Any CPU.Build.0 = Release|Any CPU
		{D8635745-B2DF-4EC8-85B5-17E86357F8E1}.Release_UnEInternal|Any CPU.ActiveCfg = Release|Any CPU
		{D8635745-B2DF-4EC8-85B5-17E86357F8E1}.Release_UnEInternal|Any CPU.Build.0 = Release|Any CPU
		{D8635745-B2DF-4EC8-85B5-17E86357F8E1}.Release_Wonikqnc|Any CPU.ActiveCfg = Release|Any CPU
		{D8635745-B2DF-4EC8-85B5-17E86357F8E1}.Release_Wonikqnc|Any CPU.Build.0 = Release|Any CPU
		{D8635745-B2DF-4EC8-85B5-17E86357F8E1}.Release|Any CPU.ActiveCfg = Release|Any CPU
		{D8635745-B2DF-4EC8-85B5-17E86357F8E1}.Release|Any CPU.Build.0 = Release|Any CPU
	EndGlobalSection
	GlobalSection(SolutionProperties) = preSolution
		HideSolutionNode = FALSE
	EndGlobalSection
	GlobalSection(NestedProjects) = preSolution
		{4DA96B98-9143-498B-A567-2B1012053A70} = {9F4733E3-DE43-4DE0-81E6-8D63C1C8EC98}
		{9B74D26B-D9AA-44A4-8E63-4E70C40704E0} = {A9C7309C-C6BA-4AC5-8B01-92275D3A6814}
		{8B77289D-640C-4CA2-8811-95BAD936FB07} = {AE712AEE-2E0D-4CA8-B531-89AE24A4F0A5}
		{0A59F82E-ED28-40E8-9FD6-06D859F1764B} = {5121C382-55FC-497B-8A1A-A388CD81C3B3}
		{472FED50-8ADD-4AB2-A3D8-ADBB54769B1C} = {A9C7309C-C6BA-4AC5-8B01-92275D3A6814}
		{85AEAA24-8C3F-4D20-AD89-E4D6491D954B} = {A9C7309C-C6BA-4AC5-8B01-92275D3A6814}
		{D8D11BC4-16C3-4719-BF7A-C0F1D5903C98} = {A9C7309C-C6BA-4AC5-8B01-92275D3A6814}
		{291BCF53-64B3-4C57-8888-D62CEE093BB8} = {A9C7309C-C6BA-4AC5-8B01-92275D3A6814}
		{D8BD1AAF-AC89-4BFB-B43B-BE95E405F0D9} = {A9C7309C-C6BA-4AC5-8B01-92275D3A6814}
		{ABE474E9-D964-4D40-BF0D-3960A8653678} = {9F4733E3-DE43-4DE0-81E6-8D63C1C8EC98}
		{268BA9F9-03C1-4524-BF96-A8455B4D6D63} = {5121C382-55FC-497B-8A1A-A388CD81C3B3}
		{87C5158B-D20F-4F3E-90D7-8A255A032F7B} = {5121C382-55FC-497B-8A1A-A388CD81C3B3}
		{7A776650-69BE-4202-ADE6-57150776090C} = {9F4733E3-DE43-4DE0-81E6-8D63C1C8EC98}
		{D9086926-F13D-4A48-B514-9A5B2E28AE59} = {9F4733E3-DE43-4DE0-81E6-8D63C1C8EC98}
		{DAA8FBFE-6DFE-4171-81EC-BFEB4ABB78BA} = {5121C382-55FC-497B-8A1A-A388CD81C3B3}
		{06FB4CAF-85CE-45FD-A3DC-FCD1BCC28DF1} = {5121C382-55FC-497B-8A1A-A388CD81C3B3}
		{C63ADD2E-CBDC-40A2-8718-BC475A5B2A37} = {5121C382-55FC-497B-8A1A-A388CD81C3B3}
		{6C652678-3FBD-40CA-99E8-1B1CBF0E34B0} = {AE712AEE-2E0D-4CA8-B531-89AE24A4F0A5}
		{4A7B6C16-F829-4AD2-928C-ED77725E4203} = {9F4733E3-DE43-4DE0-81E6-8D63C1C8EC98}
		{2D3AA97E-6F26-472E-BFE3-7275166797EE} = {5121C382-55FC-497B-8A1A-A388CD81C3B3}
		{A8435851-10FF-44E2-BDA0-147D9035229B} = {5121C382-55FC-497B-8A1A-A388CD81C3B3}
		{583BE937-B94C-4CCE-80FD-4E2F8D94081A} = {5121C382-55FC-497B-8A1A-A388CD81C3B3}
		{94DFF60E-C872-47DB-A76C-031CB3A10331} = {AE712AEE-2E0D-4CA8-B531-89AE24A4F0A5}
		{AC411584-FB8C-459C-A3CE-26EC69923E19} = {A9C7309C-C6BA-4AC5-8B01-92275D3A6814}
		{C2E76406-BF0A-4CC2-8214-BC61A5F3C9AD} = {5121C382-55FC-497B-8A1A-A388CD81C3B3}
		{85FEED0B-5EA2-47CD-A36C-678FAB71E469} = {5121C382-55FC-497B-8A1A-A388CD81C3B3}
		{6F620C22-2CBD-4F99-9F2A-405352909918} = {AE712AEE-2E0D-4CA8-B531-89AE24A4F0A5}
		{DBB49C5C-6111-4600-8CE7-21DCBC6E541A} = {AE712AEE-2E0D-4CA8-B531-89AE24A4F0A5}
		{D8635745-B2DF-4EC8-85B5-17E86357F8E1} = {A9C7309C-C6BA-4AC5-8B01-92275D3A6814}
	EndGlobalSection
	GlobalSection(ExtensibilityGlobals) = postSolution
		SolutionGuid = {1F6AFBB7-3961-4E37-B870-2006AF76E2A4}
	EndGlobalSection
EndGlobal
