
Microsoft Visual Studio Solution File, Format Version 12.00
# Visual Studio Version 16
VisualStudioVersion = 16.0.30907.101
MinimumVisualStudioVersion = 10.0.40219.1
Project("{9A19103F-16F7-4668-BE54-9A1E7A4F7556}") = "ElevatorReader", "ElevatorReader\ElevatorReader.csproj", "{06DF7492-988B-424F-B207-943C0D4D4494}"
EndProject
Project("{9A19103F-16F7-4668-BE54-9A1E7A4F7556}") = "dnsTcpLib2", "..\..\..\..\esdk\workspace\dnsTcpLib2\dnsTcpLib2\dnsTcpLib2.csproj", "{1D2C0B2C-4539-4955-82F9-CC658556C140}"
EndProject
Project("{9A19103F-16F7-4668-BE54-9A1E7A4F7556}") = "dnsDapperDBUtil", "..\..\..\..\esdk\workspace\dnsDapperDBUtil\dnsDapperDBUtil\dnsDapperDBUtil.csproj", "{CEF88957-EB63-484A-905D-38E504E1A257}"
EndProject
Global
	GlobalSection(SolutionConfigurationPlatforms) = preSolution
		Debug|Any CPU = Debug|Any CPU
		Release|Any CPU = Release|Any CPU
	EndGlobalSection
	GlobalSection(ProjectConfigurationPlatforms) = postSolution
		{06DF7492-988B-424F-B207-943C0D4D4494}.Debug|Any CPU.ActiveCfg = Debug|Any CPU
		{06DF7492-988B-424F-B207-943C0D4D4494}.Debug|Any CPU.Build.0 = Debug|Any CPU
		{06DF7492-988B-424F-B207-943C0D4D4494}.Release|Any CPU.ActiveCfg = Release|Any CPU
		{06DF7492-988B-424F-B207-943C0D4D4494}.Release|Any CPU.Build.0 = Release|Any CPU
		{1D2C0B2C-4539-4955-82F9-CC658556C140}.Debug|Any CPU.ActiveCfg = Debug|Any CPU
		{1D2C0B2C-4539-4955-82F9-CC658556C140}.Debug|Any CPU.Build.0 = Debug|Any CPU
		{1D2C0B2C-4539-4955-82F9-CC658556C140}.Release|Any CPU.ActiveCfg = Release|Any CPU
		{1D2C0B2C-4539-4955-82F9-CC658556C140}.Release|Any CPU.Build.0 = Release|Any CPU
		{CEF88957-EB63-484A-905D-38E504E1A257}.Debug|Any CPU.ActiveCfg = Debug|Any CPU
		{CEF88957-EB63-484A-905D-38E504E1A257}.Debug|Any CPU.Build.0 = Debug|Any CPU
		{CEF88957-EB63-484A-905D-38E504E1A257}.Release|Any CPU.ActiveCfg = Release|Any CPU
		{CEF88957-EB63-484A-905D-38E504E1A257}.Release|Any CPU.Build.0 = Release|Any CPU
	EndGlobalSection
	GlobalSection(SolutionProperties) = preSolution
		HideSolutionNode = FALSE
	EndGlobalSection
	GlobalSection(ExtensibilityGlobals) = postSolution
		SolutionGuid = {51629B32-B8BF-4D37-B8C3-A986DE09EF23}
	EndGlobalSection
EndGlobal
