
Microsoft Visual Studio Solution File, Format Version 12.00
# Visual Studio Version 16
VisualStudioVersion = 16.0.30907.101
MinimumVisualStudioVersion = 10.0.40219.1
Project("{FAE04EC0-301F-11D3-BF4B-00C04F79EFBC}") = "BroadcastSample", "BroadcastSample\BroadcastSample.csproj", "{FC4C0FCC-8EB1-472B-B9DB-3C1F89F78B98}"
EndProject
Project("{9A19103F-16F7-4668-BE54-9A1E7A4F7556}") = "dnsBroadcast", "..\..\src\SOP7\DNS\dnsBroadcast\dnsBroadcast\dnsBroadcast.csproj", "{549A1EB8-8ECB-4C49-B475-73DEB912F35F}"
EndProject
Global
	GlobalSection(SolutionConfigurationPlatforms) = preSolution
		Debug|Any CPU = Debug|Any CPU
		Release|Any CPU = Release|Any CPU
	EndGlobalSection
	GlobalSection(ProjectConfigurationPlatforms) = postSolution
		{FC4C0FCC-8EB1-472B-B9DB-3C1F89F78B98}.Debug|Any CPU.ActiveCfg = Debug|Any CPU
		{FC4C0FCC-8EB1-472B-B9DB-3C1F89F78B98}.Debug|Any CPU.Build.0 = Debug|Any CPU
		{FC4C0FCC-8EB1-472B-B9DB-3C1F89F78B98}.Release|Any CPU.ActiveCfg = Release|Any CPU
		{FC4C0FCC-8EB1-472B-B9DB-3C1F89F78B98}.Release|Any CPU.Build.0 = Release|Any CPU
		{549A1EB8-8ECB-4C49-B475-73DEB912F35F}.Debug|Any CPU.ActiveCfg = Debug|Any CPU
		{549A1EB8-8ECB-4C49-B475-73DEB912F35F}.Debug|Any CPU.Build.0 = Debug|Any CPU
		{549A1EB8-8ECB-4C49-B475-73DEB912F35F}.Release|Any CPU.ActiveCfg = Release|Any CPU
		{549A1EB8-8ECB-4C49-B475-73DEB912F35F}.Release|Any CPU.Build.0 = Release|Any CPU
	EndGlobalSection
	GlobalSection(SolutionProperties) = preSolution
		HideSolutionNode = FALSE
	EndGlobalSection
	GlobalSection(ExtensibilityGlobals) = postSolution
		SolutionGuid = {4D72C663-C5B8-4B0F-9BCD-E09544299539}
	EndGlobalSection
EndGlobal
