
Microsoft Visual Studio Solution File, Format Version 12.00
# Visual Studio Version 16
VisualStudioVersion = 16.0.30907.101
MinimumVisualStudioVersion = 10.0.40219.1
Project("{9A19103F-16F7-4668-BE54-9A1E7A4F7556}") = "DbReader", "DbReader\DbReader.csproj", "{B4EABB05-0348-414C-AE7E-DBDCA777872E}"
EndProject
Project("{9A19103F-16F7-4668-BE54-9A1E7A4F7556}") = "dnsDapperDBUtil", "..\..\esdk\workspace\dnsDapperDBUtil\dnsDapperDBUtil\dnsDapperDBUtil.csproj", "{394CBB28-098E-4743-957C-4681B9371C99}"
EndProject
Global
	GlobalSection(SolutionConfigurationPlatforms) = preSolution
		Debug|Any CPU = Debug|Any CPU
		Release|Any CPU = Release|Any CPU
	EndGlobalSection
	GlobalSection(ProjectConfigurationPlatforms) = postSolution
		{B4EABB05-0348-414C-AE7E-DBDCA777872E}.Debug|Any CPU.ActiveCfg = Debug|Any CPU
		{B4EABB05-0348-414C-AE7E-DBDCA777872E}.Debug|Any CPU.Build.0 = Debug|Any CPU
		{B4EABB05-0348-414C-AE7E-DBDCA777872E}.Release|Any CPU.ActiveCfg = Release|Any CPU
		{B4EABB05-0348-414C-AE7E-DBDCA777872E}.Release|Any CPU.Build.0 = Release|Any CPU
		{394CBB28-098E-4743-957C-4681B9371C99}.Debug|Any CPU.ActiveCfg = Debug|Any CPU
		{394CBB28-098E-4743-957C-4681B9371C99}.Debug|Any CPU.Build.0 = Debug|Any CPU
		{394CBB28-098E-4743-957C-4681B9371C99}.Release|Any CPU.ActiveCfg = Release|Any CPU
		{394CBB28-098E-4743-957C-4681B9371C99}.Release|Any CPU.Build.0 = Release|Any CPU
	EndGlobalSection
	GlobalSection(SolutionProperties) = preSolution
		HideSolutionNode = FALSE
	EndGlobalSection
	GlobalSection(ExtensibilityGlobals) = postSolution
		SolutionGuid = {2BFCE78D-374B-4647-ACC1-208C7027199A}
	EndGlobalSection
EndGlobal
