
Microsoft Visual Studio Solution File, Format Version 12.00
# Visual Studio Version 16
VisualStudioVersion = 16.0.36227.6
MinimumVisualStudioVersion = 10.0.40219.1
Project("{9A19103F-16F7-4668-BE54-9A1E7A4F7556}") = "UneToBAMServer", "UneToBAMServer\UneToBAMServer.csproj", "{0A45C8B5-A3C8-4FD6-9F0C-456829EA3BE2}"
EndProject
Project("{2150E333-8FDC-42A3-9474-1A3956D46DE8}") = "DNS", "DNS", "{72439263-950F-4878-80BC-21DCE1047724}"
EndProject
Project("{9A19103F-16F7-4668-BE54-9A1E7A4F7556}") = "dnsDapperDBUtil", "..\..\..\..\esdk\workspace\dnsDapperDBUtil\dnsDapperDBUtil\dnsDapperDBUtil.csproj", "{53BA4AD8-18AB-477F-B31E-3E0F967CB64D}"
EndProject
Project("{FAE04EC0-301F-11D3-BF4B-00C04F79EFBC}") = "UneToBAMService", "UneToBAMService\UneToBAMService.csproj", "{3AF01CE9-82CB-4981-B165-6137D2EFE034}"
EndProject
Global
	GlobalSection(SolutionConfigurationPlatforms) = preSolution
		Debug|Any CPU = Debug|Any CPU
		Release|Any CPU = Release|Any CPU
	EndGlobalSection
	GlobalSection(ProjectConfigurationPlatforms) = postSolution
		{0A45C8B5-A3C8-4FD6-9F0C-456829EA3BE2}.Debug|Any CPU.ActiveCfg = Debug|Any CPU
		{0A45C8B5-A3C8-4FD6-9F0C-456829EA3BE2}.Debug|Any CPU.Build.0 = Debug|Any CPU
		{0A45C8B5-A3C8-4FD6-9F0C-456829EA3BE2}.Release|Any CPU.ActiveCfg = Release|Any CPU
		{0A45C8B5-A3C8-4FD6-9F0C-456829EA3BE2}.Release|Any CPU.Build.0 = Release|Any CPU
		{53BA4AD8-18AB-477F-B31E-3E0F967CB64D}.Debug|Any CPU.ActiveCfg = Debug|Any CPU
		{53BA4AD8-18AB-477F-B31E-3E0F967CB64D}.Debug|Any CPU.Build.0 = Debug|Any CPU
		{53BA4AD8-18AB-477F-B31E-3E0F967CB64D}.Release|Any CPU.ActiveCfg = Release|Any CPU
		{53BA4AD8-18AB-477F-B31E-3E0F967CB64D}.Release|Any CPU.Build.0 = Release|Any CPU
		{3AF01CE9-82CB-4981-B165-6137D2EFE034}.Debug|Any CPU.ActiveCfg = Debug|Any CPU
		{3AF01CE9-82CB-4981-B165-6137D2EFE034}.Debug|Any CPU.Build.0 = Debug|Any CPU
		{3AF01CE9-82CB-4981-B165-6137D2EFE034}.Release|Any CPU.ActiveCfg = Release|Any CPU
		{3AF01CE9-82CB-4981-B165-6137D2EFE034}.Release|Any CPU.Build.0 = Release|Any CPU
	EndGlobalSection
	GlobalSection(SolutionProperties) = preSolution
		HideSolutionNode = FALSE
	EndGlobalSection
	GlobalSection(NestedProjects) = preSolution
		{53BA4AD8-18AB-477F-B31E-3E0F967CB64D} = {72439263-950F-4878-80BC-21DCE1047724}
	EndGlobalSection
	GlobalSection(ExtensibilityGlobals) = postSolution
		SolutionGuid = {57AFA0E9-A426-4DB6-B252-5093DA4427F7}
	EndGlobalSection
EndGlobal
